{
  "version": 4,
  "terraform_version": "0.14.8",
  "serial": 13957,
  "lineage": "a10c6155-6095-f035-28f1-c51aac726633",
  "outputs": {},
  "resources": [
    {
      "mode": "data",
      "type": "openstack_networking_network_v2",
      "name": "external_network",
      "provider": "provider[\"registry.terraform.io/terraform-provider-openstack/openstack\"]",
      "instances": [
        {
          "schema_version": 0,
          "attributes": {
            "admin_state_up": "true",
            "all_tags": [],
            "availability_zone_hints": [],
            "description": "",
            "dns_domain": "",
            "external": true,
            "id": "b1d68e5d-1be9-4d04-a5fa-b5c63a1f84a3",
            "matching_subnet_cidr": null,
            "mtu": 8950,
            "name": "external-floating-ips",
            "network_id": null,
            "region": "us-east-1",
            "shared": "false",
            "status": null,
            "tags": null,
            "tenant_id": "5a0c9aef4b974f8c926979554803c21f",
            "transparent_vlan": false
          },
          "sensitive_attributes": []
        }
      ]
    },
    {
      "mode": "data",
      "type": "template_file",
      "name": "cloud-config-master",
      "provider": "provider[\"registry.terraform.io/hashicorp/template\"]",
      "instances": [
        {
          "schema_version": 0,
          "attributes": {
            "filename": null,
            "id": "60bbfbc84500bbaf7eaaaf86448ce5459603172328347fd53f0e430a60161d92",
            "rendered": "#cloud-config\ngroups:\n  - docker\n\nusers:\n- default\n- name: hpe\n  lock_passwd: true\n  shell: /bin/bash\n  ssh-authorized-keys:\n    - ssh-rsa AAAAB3NzaC1yc2EAAAADAQABAAABgQCwOD6+RexTXQjetByKEmiasu7BdN2VdZWgWiTsendQpHrkqVJnx2P9HpPrCW4fxx5pNdHsi1Cl1cbRhY1nDkdcO6SbQeVTpKabosiZjt1n89vAGXT7tkdG/HLAAfwexIM46ljjfNpKEDZy/Lcwr93DdNFVa5EoiAA728nND8zrpyMEwTPJOZ368jAoCvcsucWkc2cp+cUntovKIn+1RIAN19xQDN6PXV25MDq/bl0rwYd7h9YdzMu3b8oY/s6iAbpgQHjRnl7BB6qPe18Y2GRclj7EqOUS/nD5dgxa4XH1m1Na+P+OBGVu5DYzB0irOflAh0btZMhvjxqPgap0ZKBbk2r9VOzxFSTMVplhIqFdQKAU8xYaW5CY05DpywnXFMHdP/eFC7o9JHe2pjIsdYKlbKIp90FyDPR8alxQbsKeXzvnJSI+6HeexTVuZz+rrCrgsYxLAFagkCIRMyFS7b7fYWMEaYEItaC+fXNLsfVcb9MdKKZ9o38HGnE3b7Onl88= jaideepjoshi@Jaideeps-MBP-2.attlocal.net\n\n  groups: [docker]\n  sudo: [\"ALL=(ALL) NOPASSWD:ALL\"]\n\n\npackages:\n  - apt-transport-https\n  - ca-certificates\n  - curl\n  - gnupg-agent\n  - software-properties-common\n\nruncmd:\n  - curl -fsSL https://download.docker.com/linux/ubuntu/gpg | apt-key add -\n  - add-apt-repository \"deb [arch=amd64] https://download.docker.com/linux/ubuntu $(lsb_release -cs) stable\"\n  - apt-get update -y\n  - apt-get install -y docker-ce docker-ce-cli containerd.io\n  - systemctl enable docker --now\n\n\nfinal_message: \"The system is finally up, after $UPTIME seconds\"",
            "template": "#cloud-config\ngroups:\n  - docker\n\nusers:\n- default\n- name: hpe\n  lock_passwd: true\n  shell: /bin/bash\n  ssh-authorized-keys:\n    - ${ssh_public_key}\n  groups: [docker]\n  sudo: [\"ALL=(ALL) NOPASSWD:ALL\"]\n\n\npackages:\n  - apt-transport-https\n  - ca-certificates\n  - curl\n  - gnupg-agent\n  - software-properties-common\n\nruncmd:\n  - curl -fsSL https://download.docker.com/linux/ubuntu/gpg | apt-key add -\n  - add-apt-repository \"deb [arch=amd64] https://download.docker.com/linux/ubuntu $(lsb_release -cs) stable\"\n  - apt-get update -y\n  - apt-get install -y docker-ce docker-ce-cli containerd.io\n  - systemctl enable docker --now\n\n\nfinal_message: \"The system is finally up, after $UPTIME seconds\"",
            "vars": {
              "ssh_public_key": "ssh-rsa AAAAB3NzaC1yc2EAAAADAQABAAABgQCwOD6+RexTXQjetByKEmiasu7BdN2VdZWgWiTsendQpHrkqVJnx2P9HpPrCW4fxx5pNdHsi1Cl1cbRhY1nDkdcO6SbQeVTpKabosiZjt1n89vAGXT7tkdG/HLAAfwexIM46ljjfNpKEDZy/Lcwr93DdNFVa5EoiAA728nND8zrpyMEwTPJOZ368jAoCvcsucWkc2cp+cUntovKIn+1RIAN19xQDN6PXV25MDq/bl0rwYd7h9YdzMu3b8oY/s6iAbpgQHjRnl7BB6qPe18Y2GRclj7EqOUS/nD5dgxa4XH1m1Na+P+OBGVu5DYzB0irOflAh0btZMhvjxqPgap0ZKBbk2r9VOzxFSTMVplhIqFdQKAU8xYaW5CY05DpywnXFMHdP/eFC7o9JHe2pjIsdYKlbKIp90FyDPR8alxQbsKeXzvnJSI+6HeexTVuZz+rrCrgsYxLAFagkCIRMyFS7b7fYWMEaYEItaC+fXNLsfVcb9MdKKZ9o38HGnE3b7Onl88= jaideepjoshi@Jaideeps-MBP-2.attlocal.net\n"
            }
          },
          "sensitive_attributes": []
        }
      ]
    },
    {
      "mode": "data",
      "type": "template_file",
      "name": "cloud-config-server",
      "provider": "provider[\"registry.terraform.io/hashicorp/template\"]",
      "instances": [
        {
          "schema_version": 0,
          "attributes": {
            "filename": null,
            "id": "c285edaeaeef8db5754060711463c5629a33364f9a6ec9c2f835f079824bc238",
            "rendered": "#cloud-config\ngroups:\n  - docker\n\nusers:\n- default\n- name: hpe\n  lock_passwd: true\n  shell: /bin/bash\n  ssh-authorized-keys:\n    - ssh-rsa AAAAB3NzaC1yc2EAAAADAQABAAABgQCwOD6+RexTXQjetByKEmiasu7BdN2VdZWgWiTsendQpHrkqVJnx2P9HpPrCW4fxx5pNdHsi1Cl1cbRhY1nDkdcO6SbQeVTpKabosiZjt1n89vAGXT7tkdG/HLAAfwexIM46ljjfNpKEDZy/Lcwr93DdNFVa5EoiAA728nND8zrpyMEwTPJOZ368jAoCvcsucWkc2cp+cUntovKIn+1RIAN19xQDN6PXV25MDq/bl0rwYd7h9YdzMu3b8oY/s6iAbpgQHjRnl7BB6qPe18Y2GRclj7EqOUS/nD5dgxa4XH1m1Na+P+OBGVu5DYzB0irOflAh0btZMhvjxqPgap0ZKBbk2r9VOzxFSTMVplhIqFdQKAU8xYaW5CY05DpywnXFMHdP/eFC7o9JHe2pjIsdYKlbKIp90FyDPR8alxQbsKeXzvnJSI+6HeexTVuZz+rrCrgsYxLAFagkCIRMyFS7b7fYWMEaYEItaC+fXNLsfVcb9MdKKZ9o38HGnE3b7Onl88= jaideepjoshi@Jaideeps-MBP-2.attlocal.net\n\n  groups: [docker]\n  sudo: [\"ALL=(ALL) NOPASSWD:ALL\"]\n\n\npackages:\n  - apt-transport-https\n  - ca-certificates\n  - curl\n  - gnupg-agent\n  - software-properties-common\n\nwrite_files:\n- content: |-\n    [Unit]\n    Description=Ezmeral as a service\n    Requires=docker.service\n    After=docker.service\n\n    [Service]\n    Restart=on-failure\n    RestartSec=10\n    ExecStart=/usr/bin/docker run \n    ExecStop=-/usr/bin/docker stop -t 2 %p\n\n    [Install]\n    WantedBy=multi-user.target\n  owner: root:root\n  path: /etc/systemd/system/ezmeral.service\n  permissions: '0644'\n\n\nruncmd:\n  - curl -fsSL https://download.docker.com/linux/ubuntu/gpg | apt-key add -\n  - add-apt-repository \"deb [arch=amd64] https://download.docker.com/linux/ubuntu $(lsb_release -cs) stable\"\n  - apt-get update -y\n  - apt-get install -y docker-ce docker-ce-cli containerd.io\n  - systemctl daemon-reload\n  - systemctl enable docker --now\n  - systemctl enable ezmeral --now\n  - mkdir /jaideep\n  - sudo yum -y -q install nfs-utils\n  - sudo mkdir /nfsroot\n\nfinal_message: \"The system is finally up, after $UPTIME seconds\"\n",
            "template": "#cloud-config\ngroups:\n  - docker\n\nusers:\n- default\n- name: hpe\n  lock_passwd: true\n  shell: /bin/bash\n  ssh-authorized-keys:\n    - ${ssh_public_key}\n  groups: [docker]\n  sudo: [\"ALL=(ALL) NOPASSWD:ALL\"]\n\n\npackages:\n  - apt-transport-https\n  - ca-certificates\n  - curl\n  - gnupg-agent\n  - software-properties-common\n\nwrite_files:\n- content: |-\n    [Unit]\n    Description=Ezmeral as a service\n    Requires=docker.service\n    After=docker.service\n\n    [Service]\n    Restart=on-failure\n    RestartSec=10\n    ExecStart=/usr/bin/docker run \n    ExecStop=-/usr/bin/docker stop -t 2 %p\n\n    [Install]\n    WantedBy=multi-user.target\n  owner: root:root\n  path: /etc/systemd/system/ezmeral.service\n  permissions: '0644'\n\n\nruncmd:\n  - curl -fsSL https://download.docker.com/linux/ubuntu/gpg | apt-key add -\n  - add-apt-repository \"deb [arch=amd64] https://download.docker.com/linux/ubuntu $(lsb_release -cs) stable\"\n  - apt-get update -y\n  - apt-get install -y docker-ce docker-ce-cli containerd.io\n  - systemctl daemon-reload\n  - systemctl enable docker --now\n  - systemctl enable ezmeral --now\n  - mkdir /jaideep\n  - sudo yum -y -q install nfs-utils\n  - sudo mkdir /nfsroot\n\nfinal_message: \"The system is finally up, after $UPTIME seconds\"\n",
            "vars": {
              "ssh_public_key": "ssh-rsa AAAAB3NzaC1yc2EAAAADAQABAAABgQCwOD6+RexTXQjetByKEmiasu7BdN2VdZWgWiTsendQpHrkqVJnx2P9HpPrCW4fxx5pNdHsi1Cl1cbRhY1nDkdcO6SbQeVTpKabosiZjt1n89vAGXT7tkdG/HLAAfwexIM46ljjfNpKEDZy/Lcwr93DdNFVa5EoiAA728nND8zrpyMEwTPJOZ368jAoCvcsucWkc2cp+cUntovKIn+1RIAN19xQDN6PXV25MDq/bl0rwYd7h9YdzMu3b8oY/s6iAbpgQHjRnl7BB6qPe18Y2GRclj7EqOUS/nD5dgxa4XH1m1Na+P+OBGVu5DYzB0irOflAh0btZMhvjxqPgap0ZKBbk2r9VOzxFSTMVplhIqFdQKAU8xYaW5CY05DpywnXFMHdP/eFC7o9JHe2pjIsdYKlbKIp90FyDPR8alxQbsKeXzvnJSI+6HeexTVuZz+rrCrgsYxLAFagkCIRMyFS7b7fYWMEaYEItaC+fXNLsfVcb9MdKKZ9o38HGnE3b7Onl88= jaideepjoshi@Jaideeps-MBP-2.attlocal.net\n"
            }
          },
          "sensitive_attributes": []
        }
      ]
    },
    {
      "mode": "data",
      "type": "template_file",
      "name": "cloud-config-worker",
      "provider": "provider[\"registry.terraform.io/hashicorp/template\"]",
      "instances": [
        {
          "schema_version": 0,
          "attributes": {
            "filename": null,
            "id": "60bbfbc84500bbaf7eaaaf86448ce5459603172328347fd53f0e430a60161d92",
            "rendered": "#cloud-config\ngroups:\n  - docker\n\nusers:\n- default\n- name: hpe\n  lock_passwd: true\n  shell: /bin/bash\n  ssh-authorized-keys:\n    - ssh-rsa AAAAB3NzaC1yc2EAAAADAQABAAABgQCwOD6+RexTXQjetByKEmiasu7BdN2VdZWgWiTsendQpHrkqVJnx2P9HpPrCW4fxx5pNdHsi1Cl1cbRhY1nDkdcO6SbQeVTpKabosiZjt1n89vAGXT7tkdG/HLAAfwexIM46ljjfNpKEDZy/Lcwr93DdNFVa5EoiAA728nND8zrpyMEwTPJOZ368jAoCvcsucWkc2cp+cUntovKIn+1RIAN19xQDN6PXV25MDq/bl0rwYd7h9YdzMu3b8oY/s6iAbpgQHjRnl7BB6qPe18Y2GRclj7EqOUS/nD5dgxa4XH1m1Na+P+OBGVu5DYzB0irOflAh0btZMhvjxqPgap0ZKBbk2r9VOzxFSTMVplhIqFdQKAU8xYaW5CY05DpywnXFMHdP/eFC7o9JHe2pjIsdYKlbKIp90FyDPR8alxQbsKeXzvnJSI+6HeexTVuZz+rrCrgsYxLAFagkCIRMyFS7b7fYWMEaYEItaC+fXNLsfVcb9MdKKZ9o38HGnE3b7Onl88= jaideepjoshi@Jaideeps-MBP-2.attlocal.net\n\n  groups: [docker]\n  sudo: [\"ALL=(ALL) NOPASSWD:ALL\"]\n\n\npackages:\n  - apt-transport-https\n  - ca-certificates\n  - curl\n  - gnupg-agent\n  - software-properties-common\n\nruncmd:\n  - curl -fsSL https://download.docker.com/linux/ubuntu/gpg | apt-key add -\n  - add-apt-repository \"deb [arch=amd64] https://download.docker.com/linux/ubuntu $(lsb_release -cs) stable\"\n  - apt-get update -y\n  - apt-get install -y docker-ce docker-ce-cli containerd.io\n  - systemctl enable docker --now\n\n\nfinal_message: \"The system is finally up, after $UPTIME seconds\"",
            "template": "#cloud-config\ngroups:\n  - docker\n\nusers:\n- default\n- name: hpe\n  lock_passwd: true\n  shell: /bin/bash\n  ssh-authorized-keys:\n    - ${ssh_public_key}\n  groups: [docker]\n  sudo: [\"ALL=(ALL) NOPASSWD:ALL\"]\n\n\npackages:\n  - apt-transport-https\n  - ca-certificates\n  - curl\n  - gnupg-agent\n  - software-properties-common\n\nruncmd:\n  - curl -fsSL https://download.docker.com/linux/ubuntu/gpg | apt-key add -\n  - add-apt-repository \"deb [arch=amd64] https://download.docker.com/linux/ubuntu $(lsb_release -cs) stable\"\n  - apt-get update -y\n  - apt-get install -y docker-ce docker-ce-cli containerd.io\n  - systemctl enable docker --now\n\n\nfinal_message: \"The system is finally up, after $UPTIME seconds\"",
            "vars": {
              "ssh_public_key": "ssh-rsa AAAAB3NzaC1yc2EAAAADAQABAAABgQCwOD6+RexTXQjetByKEmiasu7BdN2VdZWgWiTsendQpHrkqVJnx2P9HpPrCW4fxx5pNdHsi1Cl1cbRhY1nDkdcO6SbQeVTpKabosiZjt1n89vAGXT7tkdG/HLAAfwexIM46ljjfNpKEDZy/Lcwr93DdNFVa5EoiAA728nND8zrpyMEwTPJOZ368jAoCvcsucWkc2cp+cUntovKIn+1RIAN19xQDN6PXV25MDq/bl0rwYd7h9YdzMu3b8oY/s6iAbpgQHjRnl7BB6qPe18Y2GRclj7EqOUS/nD5dgxa4XH1m1Na+P+OBGVu5DYzB0irOflAh0btZMhvjxqPgap0ZKBbk2r9VOzxFSTMVplhIqFdQKAU8xYaW5CY05DpywnXFMHdP/eFC7o9JHe2pjIsdYKlbKIp90FyDPR8alxQbsKeXzvnJSI+6HeexTVuZz+rrCrgsYxLAFagkCIRMyFS7b7fYWMEaYEItaC+fXNLsfVcb9MdKKZ9o38HGnE3b7Onl88= jaideepjoshi@Jaideeps-MBP-2.attlocal.net\n"
            }
          },
          "sensitive_attributes": []
        }
      ]
    },
    {
      "mode": "managed",
      "type": "null_resource",
      "name": "provision_vpnserver",
      "provider": "provider[\"registry.terraform.io/hashicorp/null\"]",
      "instances": [
        {
          "schema_version": 0,
          "attributes": {
            "id": "5004087083180822390",
            "triggers": null
          },
          "sensitive_attributes": [],
          "private": "bnVsbA==",
          "dependencies": [
            "openstack_blockstorage_volume_v3.demo-vpnserver-sda",
            "openstack_compute_floatingip_associate_v2.demo-vpn_ip-attach",
            "openstack_compute_instance_v2.demo-vpn",
            "openstack_compute_keypair_v2.demo-keypair",
            "openstack_networking_floatingip_v2.demo-vpn-ip",
            "openstack_networking_network_v2.demo-network",
            "openstack_networking_secgroup_v2.demo-secgroup"
          ]
        }
      ]
    },
    {
      "mode": "managed",
      "type": "openstack_blockstorage_volume_v3",
      "name": "demo-adserver-sda",
      "provider": "provider[\"registry.terraform.io/terraform-provider-openstack/openstack\"]",
      "instances": [
        {
          "schema_version": 0,
          "attributes": {
            "attachment": [],
            "availability_zone": "nova",
            "consistency_group_id": null,
            "description": "",
            "enable_online_resize": null,
            "id": "78503cc2-7602-4646-a468-787140016c58",
            "image_id": "6b2024f7-29d8-446b-bdad-ca78ca8573a5",
            "metadata": {
              "User": "jaideep.joshi"
            },
            "multiattach": null,
            "name": "jai-ecp-demo-adserver-sda",
            "region": "us-east-1",
            "scheduler_hints": [],
            "size": 51,
            "snapshot_id": "",
            "source_replica": null,
            "source_vol_id": "",
            "timeouts": null,
            "volume_type": "__DEFAULT__"
          },
          "sensitive_attributes": [],
          "private": "eyJlMmJmYjczMC1lY2FhLTExZTYtOGY4OC0zNDM2M2JjN2M0YzAiOnsiY3JlYXRlIjo2MDAwMDAwMDAwMDAsImRlbGV0ZSI6NjAwMDAwMDAwMDAwfX0="
        }
      ]
    },
    {
      "mode": "managed",
      "type": "openstack_blockstorage_volume_v3",
      "name": "demo-controller-sda",
      "provider": "provider[\"registry.terraform.io/terraform-provider-openstack/openstack\"]",
      "instances": [
        {
          "schema_version": 0,
          "attributes": {
            "attachment": [],
            "availability_zone": "nova",
            "consistency_group_id": null,
            "description": "",
            "enable_online_resize": null,
            "id": "880177ff-5201-4089-af0c-07c6b2c06b8c",
            "image_id": "6b2024f7-29d8-446b-bdad-ca78ca8573a5",
            "metadata": {
              "User": "jaideep.joshi"
            },
            "multiattach": null,
            "name": "jai-ecp-demo-controller-sda",
            "region": "us-east-1",
            "scheduler_hints": [],
            "size": 301,
            "snapshot_id": "",
            "source_replica": null,
            "source_vol_id": "",
            "timeouts": null,
            "volume_type": "__DEFAULT__"
          },
          "sensitive_attributes": [],
          "private": "eyJlMmJmYjczMC1lY2FhLTExZTYtOGY4OC0zNDM2M2JjN2M0YzAiOnsiY3JlYXRlIjo2MDAwMDAwMDAwMDAsImRlbGV0ZSI6NjAwMDAwMDAwMDAwfX0="
        }
      ]
    },
    {
      "mode": "managed",
      "type": "openstack_blockstorage_volume_v3",
      "name": "demo-controller-sdb",
      "provider": "provider[\"registry.terraform.io/terraform-provider-openstack/openstack\"]",
      "instances": [
        {
          "schema_version": 0,
          "attributes": {
            "attachment": [],
            "availability_zone": "nova",
            "consistency_group_id": null,
            "description": "",
            "enable_online_resize": null,
            "id": "7e326034-409f-4949-b1d7-f6987c8dd91b",
            "image_id": null,
            "metadata": {
              "User": "jaideep.joshi"
            },
            "multiattach": null,
            "name": "jai-ecp-demo-controller-sdb",
            "region": "us-east-1",
            "scheduler_hints": [],
            "size": 501,
            "snapshot_id": "",
            "source_replica": null,
            "source_vol_id": "",
            "timeouts": null,
            "volume_type": "__DEFAULT__"
          },
          "sensitive_attributes": [],
          "private": "eyJlMmJmYjczMC1lY2FhLTExZTYtOGY4OC0zNDM2M2JjN2M0YzAiOnsiY3JlYXRlIjo2MDAwMDAwMDAwMDAsImRlbGV0ZSI6NjAwMDAwMDAwMDAwfX0="
        }
      ]
    },
    {
      "mode": "managed",
      "type": "openstack_blockstorage_volume_v3",
      "name": "demo-controller-sdc",
      "provider": "provider[\"registry.terraform.io/terraform-provider-openstack/openstack\"]",
      "instances": [
        {
          "schema_version": 0,
          "attributes": {
            "attachment": [],
            "availability_zone": "nova",
            "consistency_group_id": null,
            "description": "",
            "enable_online_resize": null,
            "id": "bb3df0cb-766a-449e-83ad-4712fff5b696",
            "image_id": null,
            "metadata": {
              "User": "jaideep.joshi"
            },
            "multiattach": null,
            "name": "jai-ecp-demo-controller-sdc",
            "region": "us-east-1",
            "scheduler_hints": [],
            "size": 501,
            "snapshot_id": "",
            "source_replica": null,
            "source_vol_id": "",
            "timeouts": null,
            "volume_type": "__DEFAULT__"
          },
          "sensitive_attributes": [],
          "private": "eyJlMmJmYjczMC1lY2FhLTExZTYtOGY4OC0zNDM2M2JjN2M0YzAiOnsiY3JlYXRlIjo2MDAwMDAwMDAwMDAsImRlbGV0ZSI6NjAwMDAwMDAwMDAwfX0="
        }
      ]
    },
    {
      "mode": "managed",
      "type": "openstack_blockstorage_volume_v3",
      "name": "demo-gateway-sda",
      "provider": "provider[\"registry.terraform.io/terraform-provider-openstack/openstack\"]",
      "instances": [
        {
          "schema_version": 0,
          "attributes": {
            "attachment": [],
            "availability_zone": "nova",
            "consistency_group_id": null,
            "description": "",
            "enable_online_resize": null,
            "id": "5240ea3a-5da4-44ad-b08c-6c91536f2f63",
            "image_id": "6b2024f7-29d8-446b-bdad-ca78ca8573a5",
            "metadata": {
              "User": "jaideep.joshi"
            },
            "multiattach": null,
            "name": "jai-ecp-demo-gateway-sda",
            "region": "us-east-1",
            "scheduler_hints": [],
            "size": 501,
            "snapshot_id": "",
            "source_replica": null,
            "source_vol_id": "",
            "timeouts": null,
            "volume_type": "__DEFAULT__"
          },
          "sensitive_attributes": [],
          "private": "eyJlMmJmYjczMC1lY2FhLTExZTYtOGY4OC0zNDM2M2JjN2M0YzAiOnsiY3JlYXRlIjo2MDAwMDAwMDAwMDAsImRlbGV0ZSI6NjAwMDAwMDAwMDAwfX0="
        }
      ]
    },
    {
      "mode": "managed",
      "type": "openstack_blockstorage_volume_v3",
      "name": "demo-k8sdfmlopsmaster-sda",
      "provider": "provider[\"registry.terraform.io/terraform-provider-openstack/openstack\"]",
      "instances": [
        {
          "index_key": 0,
          "schema_version": 0,
          "attributes": {
            "attachment": [],
            "availability_zone": "nova",
            "consistency_group_id": null,
            "description": "",
            "enable_online_resize": null,
            "id": "8b8043e9-8912-4031-8d56-556fbf454738",
            "image_id": "6b2024f7-29d8-446b-bdad-ca78ca8573a5",
            "metadata": {
              "User": "jaideep.joshi"
            },
            "multiattach": null,
            "name": "jai-ecp-demo-k8sdfmlopsmaster-1-sda",
            "region": "us-east-1",
            "scheduler_hints": [],
            "size": 51,
            "snapshot_id": "",
            "source_replica": null,
            "source_vol_id": "",
            "timeouts": null,
            "volume_type": "__DEFAULT__"
          },
          "sensitive_attributes": [],
          "private": "eyJlMmJmYjczMC1lY2FhLTExZTYtOGY4OC0zNDM2M2JjN2M0YzAiOnsiY3JlYXRlIjo2MDAwMDAwMDAwMDAsImRlbGV0ZSI6NjAwMDAwMDAwMDAwfX0="
        },
        {
          "index_key": 1,
          "schema_version": 0,
          "attributes": {
            "attachment": [],
            "availability_zone": "nova",
            "consistency_group_id": null,
            "description": "",
            "enable_online_resize": null,
            "id": "eed265e4-65be-49a3-8911-9d121a59b24b",
            "image_id": "6b2024f7-29d8-446b-bdad-ca78ca8573a5",
            "metadata": {
              "User": "jaideep.joshi"
            },
            "multiattach": null,
            "name": "jai-ecp-demo-k8sdfmlopsmaster-2-sda",
            "region": "us-east-1",
            "scheduler_hints": [],
            "size": 51,
            "snapshot_id": "",
            "source_replica": null,
            "source_vol_id": "",
            "timeouts": null,
            "volume_type": "__DEFAULT__"
          },
          "sensitive_attributes": [],
          "private": "eyJlMmJmYjczMC1lY2FhLTExZTYtOGY4OC0zNDM2M2JjN2M0YzAiOnsiY3JlYXRlIjo2MDAwMDAwMDAwMDAsImRlbGV0ZSI6NjAwMDAwMDAwMDAwfX0="
        },
        {
          "index_key": 2,
          "schema_version": 0,
          "attributes": {
            "attachment": [],
            "availability_zone": "nova",
            "consistency_group_id": null,
            "description": "",
            "enable_online_resize": null,
            "id": "c22aea02-8827-4a48-baa9-9c22d9f84d3a",
            "image_id": "6b2024f7-29d8-446b-bdad-ca78ca8573a5",
            "metadata": {
              "User": "jaideep.joshi"
            },
            "multiattach": null,
            "name": "jai-ecp-demo-k8sdfmlopsmaster-3-sda",
            "region": "us-east-1",
            "scheduler_hints": [],
            "size": 51,
            "snapshot_id": "",
            "source_replica": null,
            "source_vol_id": "",
            "timeouts": null,
            "volume_type": "__DEFAULT__"
          },
          "sensitive_attributes": [],
          "private": "eyJlMmJmYjczMC1lY2FhLTExZTYtOGY4OC0zNDM2M2JjN2M0YzAiOnsiY3JlYXRlIjo2MDAwMDAwMDAwMDAsImRlbGV0ZSI6NjAwMDAwMDAwMDAwfX0="
        }
      ]
    },
    {
      "mode": "managed",
      "type": "openstack_blockstorage_volume_v3",
      "name": "demo-k8sdfmlopsmaster-sdb",
      "provider": "provider[\"registry.terraform.io/terraform-provider-openstack/openstack\"]",
      "instances": [
        {
          "index_key": 0,
          "schema_version": 0,
          "attributes": {
            "attachment": [],
            "availability_zone": "nova",
            "consistency_group_id": null,
            "description": "",
            "enable_online_resize": null,
            "id": "167efcad-3b1f-4131-8218-bcb7957635b5",
            "image_id": null,
            "metadata": {
              "User": "jaideep.joshi"
            },
            "multiattach": null,
            "name": "jai-ecp-demo-k8sdfmlopsmaster-1-sdb",
            "region": "us-east-1",
            "scheduler_hints": [],
            "size": 51,
            "snapshot_id": "",
            "source_replica": null,
            "source_vol_id": "",
            "timeouts": null,
            "volume_type": "__DEFAULT__"
          },
          "sensitive_attributes": [],
          "private": "eyJlMmJmYjczMC1lY2FhLTExZTYtOGY4OC0zNDM2M2JjN2M0YzAiOnsiY3JlYXRlIjo2MDAwMDAwMDAwMDAsImRlbGV0ZSI6NjAwMDAwMDAwMDAwfX0="
        },
        {
          "index_key": 1,
          "schema_version": 0,
          "attributes": {
            "attachment": [],
            "availability_zone": "nova",
            "consistency_group_id": null,
            "description": "",
            "enable_online_resize": null,
            "id": "46326099-7bdd-4bc3-b6f9-b741e7348e75",
            "image_id": null,
            "metadata": {
              "User": "jaideep.joshi"
            },
            "multiattach": null,
            "name": "jai-ecp-demo-k8sdfmlopsmaster-2-sdb",
            "region": "us-east-1",
            "scheduler_hints": [],
            "size": 51,
            "snapshot_id": "",
            "source_replica": null,
            "source_vol_id": "",
            "timeouts": null,
            "volume_type": "__DEFAULT__"
          },
          "sensitive_attributes": [],
          "private": "eyJlMmJmYjczMC1lY2FhLTExZTYtOGY4OC0zNDM2M2JjN2M0YzAiOnsiY3JlYXRlIjo2MDAwMDAwMDAwMDAsImRlbGV0ZSI6NjAwMDAwMDAwMDAwfX0="
        },
        {
          "index_key": 2,
          "schema_version": 0,
          "attributes": {
            "attachment": [],
            "availability_zone": "nova",
            "consistency_group_id": null,
            "description": "",
            "enable_online_resize": null,
            "id": "ed3bf2ef-6a74-4528-aad5-2517d6e923b0",
            "image_id": null,
            "metadata": {
              "User": "jaideep.joshi"
            },
            "multiattach": null,
            "name": "jai-ecp-demo-k8sdfmlopsmaster-3-sdb",
            "region": "us-east-1",
            "scheduler_hints": [],
            "size": 51,
            "snapshot_id": "",
            "source_replica": null,
            "source_vol_id": "",
            "timeouts": null,
            "volume_type": "__DEFAULT__"
          },
          "sensitive_attributes": [],
          "private": "eyJlMmJmYjczMC1lY2FhLTExZTYtOGY4OC0zNDM2M2JjN2M0YzAiOnsiY3JlYXRlIjo2MDAwMDAwMDAwMDAsImRlbGV0ZSI6NjAwMDAwMDAwMDAwfX0="
        }
      ]
    },
    {
      "mode": "managed",
      "type": "openstack_blockstorage_volume_v3",
      "name": "demo-k8sdfmlopsmaster-sdc",
      "provider": "provider[\"registry.terraform.io/terraform-provider-openstack/openstack\"]",
      "instances": [
        {
          "index_key": 0,
          "schema_version": 0,
          "attributes": {
            "attachment": [],
            "availability_zone": "nova",
            "consistency_group_id": null,
            "description": "",
            "enable_online_resize": null,
            "id": "11f398e1-bb35-4abb-96c1-28adf60e9126",
            "image_id": null,
            "metadata": {
              "User": "jaideep.joshi"
            },
            "multiattach": null,
            "name": "jai-ecp-demo-k8sdfmlopsmaster-1-sdc",
            "region": "us-east-1",
            "scheduler_hints": [],
            "size": 51,
            "snapshot_id": "",
            "source_replica": null,
            "source_vol_id": "",
            "timeouts": null,
            "volume_type": "__DEFAULT__"
          },
          "sensitive_attributes": [],
          "private": "eyJlMmJmYjczMC1lY2FhLTExZTYtOGY4OC0zNDM2M2JjN2M0YzAiOnsiY3JlYXRlIjo2MDAwMDAwMDAwMDAsImRlbGV0ZSI6NjAwMDAwMDAwMDAwfX0="
        },
        {
          "index_key": 1,
          "schema_version": 0,
          "attributes": {
            "attachment": [],
            "availability_zone": "nova",
            "consistency_group_id": null,
            "description": "",
            "enable_online_resize": null,
            "id": "5b3b7c74-7f40-4a15-a1dc-58d4d5087a9e",
            "image_id": null,
            "metadata": {
              "User": "jaideep.joshi"
            },
            "multiattach": null,
            "name": "jai-ecp-demo-k8sdfmlopsmaster-2-sdc",
            "region": "us-east-1",
            "scheduler_hints": [],
            "size": 51,
            "snapshot_id": "",
            "source_replica": null,
            "source_vol_id": "",
            "timeouts": null,
            "volume_type": "__DEFAULT__"
          },
          "sensitive_attributes": [],
          "private": "eyJlMmJmYjczMC1lY2FhLTExZTYtOGY4OC0zNDM2M2JjN2M0YzAiOnsiY3JlYXRlIjo2MDAwMDAwMDAwMDAsImRlbGV0ZSI6NjAwMDAwMDAwMDAwfX0="
        },
        {
          "index_key": 2,
          "schema_version": 0,
          "attributes": {
            "attachment": [],
            "availability_zone": "nova",
            "consistency_group_id": null,
            "description": "",
            "enable_online_resize": null,
            "id": "57185e6c-6053-4945-8079-178910b2c2e2",
            "image_id": null,
            "metadata": {
              "User": "jaideep.joshi"
            },
            "multiattach": null,
            "name": "jai-ecp-demo-k8sdfmlopsmaster-3-sdc",
            "region": "us-east-1",
            "scheduler_hints": [],
            "size": 51,
            "snapshot_id": "",
            "source_replica": null,
            "source_vol_id": "",
            "timeouts": null,
            "volume_type": "__DEFAULT__"
          },
          "sensitive_attributes": [],
          "private": "eyJlMmJmYjczMC1lY2FhLTExZTYtOGY4OC0zNDM2M2JjN2M0YzAiOnsiY3JlYXRlIjo2MDAwMDAwMDAwMDAsImRlbGV0ZSI6NjAwMDAwMDAwMDAwfX0="
        }
      ]
    },
    {
      "mode": "managed",
      "type": "openstack_blockstorage_volume_v3",
      "name": "demo-k8sdfworker-sda",
      "provider": "provider[\"registry.terraform.io/terraform-provider-openstack/openstack\"]",
      "instances": [
        {
          "index_key": 0,
          "schema_version": 0,
          "attributes": {
            "attachment": [],
            "availability_zone": "nova",
            "consistency_group_id": null,
            "description": "",
            "enable_online_resize": null,
            "id": "d36bad64-a075-4158-81b2-e41c7276f02e",
            "image_id": "6b2024f7-29d8-446b-bdad-ca78ca8573a5",
            "metadata": {
              "User": "jaideep.joshi"
            },
            "multiattach": null,
            "name": "jai-ecp-demo-k8sdfworker-1-sda",
            "region": "us-east-1",
            "scheduler_hints": [],
            "size": 51,
            "snapshot_id": "",
            "source_replica": null,
            "source_vol_id": "",
            "timeouts": null,
            "volume_type": "__DEFAULT__"
          },
          "sensitive_attributes": [],
          "private": "eyJlMmJmYjczMC1lY2FhLTExZTYtOGY4OC0zNDM2M2JjN2M0YzAiOnsiY3JlYXRlIjo2MDAwMDAwMDAwMDAsImRlbGV0ZSI6NjAwMDAwMDAwMDAwfX0="
        },
        {
          "index_key": 1,
          "schema_version": 0,
          "attributes": {
            "attachment": [],
            "availability_zone": "nova",
            "consistency_group_id": null,
            "description": "",
            "enable_online_resize": null,
            "id": "6bf99799-2624-4d61-861a-7a4733001fd8",
            "image_id": "6b2024f7-29d8-446b-bdad-ca78ca8573a5",
            "metadata": {
              "User": "jaideep.joshi"
            },
            "multiattach": null,
            "name": "jai-ecp-demo-k8sdfworker-2-sda",
            "region": "us-east-1",
            "scheduler_hints": [],
            "size": 51,
            "snapshot_id": "",
            "source_replica": null,
            "source_vol_id": "",
            "timeouts": null,
            "volume_type": "__DEFAULT__"
          },
          "sensitive_attributes": [],
          "private": "eyJlMmJmYjczMC1lY2FhLTExZTYtOGY4OC0zNDM2M2JjN2M0YzAiOnsiY3JlYXRlIjo2MDAwMDAwMDAwMDAsImRlbGV0ZSI6NjAwMDAwMDAwMDAwfX0="
        },
        {
          "index_key": 2,
          "schema_version": 0,
          "attributes": {
            "attachment": [],
            "availability_zone": "nova",
            "consistency_group_id": null,
            "description": "",
            "enable_online_resize": null,
            "id": "5e7973e1-e318-4c00-adb5-710e2972f671",
            "image_id": "6b2024f7-29d8-446b-bdad-ca78ca8573a5",
            "metadata": {
              "User": "jaideep.joshi"
            },
            "multiattach": null,
            "name": "jai-ecp-demo-k8sdfworker-3-sda",
            "region": "us-east-1",
            "scheduler_hints": [],
            "size": 51,
            "snapshot_id": "",
            "source_replica": null,
            "source_vol_id": "",
            "timeouts": null,
            "volume_type": "__DEFAULT__"
          },
          "sensitive_attributes": [],
          "private": "eyJlMmJmYjczMC1lY2FhLTExZTYtOGY4OC0zNDM2M2JjN2M0YzAiOnsiY3JlYXRlIjo2MDAwMDAwMDAwMDAsImRlbGV0ZSI6NjAwMDAwMDAwMDAwfX0="
        },
        {
          "index_key": 3,
          "schema_version": 0,
          "attributes": {
            "attachment": [],
            "availability_zone": "nova",
            "consistency_group_id": null,
            "description": "",
            "enable_online_resize": null,
            "id": "3a0e7a8b-7afa-4566-a545-cc6c6c23dd94",
            "image_id": "6b2024f7-29d8-446b-bdad-ca78ca8573a5",
            "metadata": {
              "User": "jaideep.joshi"
            },
            "multiattach": null,
            "name": "jai-ecp-demo-k8sdfworker-4-sda",
            "region": "us-east-1",
            "scheduler_hints": [],
            "size": 51,
            "snapshot_id": "",
            "source_replica": null,
            "source_vol_id": "",
            "timeouts": null,
            "volume_type": "__DEFAULT__"
          },
          "sensitive_attributes": [],
          "private": "eyJlMmJmYjczMC1lY2FhLTExZTYtOGY4OC0zNDM2M2JjN2M0YzAiOnsiY3JlYXRlIjo2MDAwMDAwMDAwMDAsImRlbGV0ZSI6NjAwMDAwMDAwMDAwfX0="
        },
        {
          "index_key": 4,
          "schema_version": 0,
          "attributes": {
            "attachment": [],
            "availability_zone": "nova",
            "consistency_group_id": null,
            "description": "",
            "enable_online_resize": null,
            "id": "2e0609ca-546e-43ba-b584-51ddf85162c8",
            "image_id": "6b2024f7-29d8-446b-bdad-ca78ca8573a5",
            "metadata": {
              "User": "jaideep.joshi"
            },
            "multiattach": null,
            "name": "jai-ecp-demo-k8sdfworker-5-sda",
            "region": "us-east-1",
            "scheduler_hints": [],
            "size": 51,
            "snapshot_id": "",
            "source_replica": null,
            "source_vol_id": "",
            "timeouts": null,
            "volume_type": "__DEFAULT__"
          },
          "sensitive_attributes": [],
          "private": "eyJlMmJmYjczMC1lY2FhLTExZTYtOGY4OC0zNDM2M2JjN2M0YzAiOnsiY3JlYXRlIjo2MDAwMDAwMDAwMDAsImRlbGV0ZSI6NjAwMDAwMDAwMDAwfX0="
        }
      ]
    },
    {
      "mode": "managed",
      "type": "openstack_blockstorage_volume_v3",
      "name": "demo-k8sdfworker-sdb",
      "provider": "provider[\"registry.terraform.io/terraform-provider-openstack/openstack\"]",
      "instances": [
        {
          "index_key": 0,
          "schema_version": 0,
          "attributes": {
            "attachment": [],
            "availability_zone": "nova",
            "consistency_group_id": null,
            "description": "",
            "enable_online_resize": null,
            "id": "bf9b3d30-1f56-459b-b717-2eb187c73d87",
            "image_id": null,
            "metadata": {
              "User": "jaideep.joshi"
            },
            "multiattach": null,
            "name": "jai-ecp-demo-k8sdfworker-1-sdb",
            "region": "us-east-1",
            "scheduler_hints": [],
            "size": 51,
            "snapshot_id": "",
            "source_replica": null,
            "source_vol_id": "",
            "timeouts": null,
            "volume_type": "__DEFAULT__"
          },
          "sensitive_attributes": [],
          "private": "eyJlMmJmYjczMC1lY2FhLTExZTYtOGY4OC0zNDM2M2JjN2M0YzAiOnsiY3JlYXRlIjo2MDAwMDAwMDAwMDAsImRlbGV0ZSI6NjAwMDAwMDAwMDAwfX0="
        },
        {
          "index_key": 1,
          "schema_version": 0,
          "attributes": {
            "attachment": [],
            "availability_zone": "nova",
            "consistency_group_id": null,
            "description": "",
            "enable_online_resize": null,
            "id": "ba370755-a63b-4743-a9db-b5f85c16ad0b",
            "image_id": null,
            "metadata": {
              "User": "jaideep.joshi"
            },
            "multiattach": null,
            "name": "jai-ecp-demo-k8sdfworker-2-sdb",
            "region": "us-east-1",
            "scheduler_hints": [],
            "size": 51,
            "snapshot_id": "",
            "source_replica": null,
            "source_vol_id": "",
            "timeouts": null,
            "volume_type": "__DEFAULT__"
          },
          "sensitive_attributes": [],
          "private": "eyJlMmJmYjczMC1lY2FhLTExZTYtOGY4OC0zNDM2M2JjN2M0YzAiOnsiY3JlYXRlIjo2MDAwMDAwMDAwMDAsImRlbGV0ZSI6NjAwMDAwMDAwMDAwfX0="
        },
        {
          "index_key": 2,
          "schema_version": 0,
          "attributes": {
            "attachment": [],
            "availability_zone": "nova",
            "consistency_group_id": null,
            "description": "",
            "enable_online_resize": null,
            "id": "d55b6259-7596-423b-bf68-b88ab86b87ef",
            "image_id": null,
            "metadata": {
              "User": "jaideep.joshi"
            },
            "multiattach": null,
            "name": "jai-ecp-demo-k8sdfworker-3-sdb",
            "region": "us-east-1",
            "scheduler_hints": [],
            "size": 51,
            "snapshot_id": "",
            "source_replica": null,
            "source_vol_id": "",
            "timeouts": null,
            "volume_type": "__DEFAULT__"
          },
          "sensitive_attributes": [],
          "private": "eyJlMmJmYjczMC1lY2FhLTExZTYtOGY4OC0zNDM2M2JjN2M0YzAiOnsiY3JlYXRlIjo2MDAwMDAwMDAwMDAsImRlbGV0ZSI6NjAwMDAwMDAwMDAwfX0="
        },
        {
          "index_key": 3,
          "schema_version": 0,
          "attributes": {
            "attachment": [],
            "availability_zone": "nova",
            "consistency_group_id": null,
            "description": "",
            "enable_online_resize": null,
            "id": "806ed80b-b4dc-4c78-abfb-241e5981c4ef",
            "image_id": null,
            "metadata": {
              "User": "jaideep.joshi"
            },
            "multiattach": null,
            "name": "jai-ecp-demo-k8sdfworker-4-sdb",
            "region": "us-east-1",
            "scheduler_hints": [],
            "size": 51,
            "snapshot_id": "",
            "source_replica": null,
            "source_vol_id": "",
            "timeouts": null,
            "volume_type": "__DEFAULT__"
          },
          "sensitive_attributes": [],
          "private": "eyJlMmJmYjczMC1lY2FhLTExZTYtOGY4OC0zNDM2M2JjN2M0YzAiOnsiY3JlYXRlIjo2MDAwMDAwMDAwMDAsImRlbGV0ZSI6NjAwMDAwMDAwMDAwfX0="
        },
        {
          "index_key": 4,
          "schema_version": 0,
          "attributes": {
            "attachment": [],
            "availability_zone": "nova",
            "consistency_group_id": null,
            "description": "",
            "enable_online_resize": null,
            "id": "a89e8a65-9045-4e39-a0f6-06c59f8390c7",
            "image_id": null,
            "metadata": {
              "User": "jaideep.joshi"
            },
            "multiattach": null,
            "name": "jai-ecp-demo-k8sdfworker-5-sdb",
            "region": "us-east-1",
            "scheduler_hints": [],
            "size": 51,
            "snapshot_id": "",
            "source_replica": null,
            "source_vol_id": "",
            "timeouts": null,
            "volume_type": "__DEFAULT__"
          },
          "sensitive_attributes": [],
          "private": "eyJlMmJmYjczMC1lY2FhLTExZTYtOGY4OC0zNDM2M2JjN2M0YzAiOnsiY3JlYXRlIjo2MDAwMDAwMDAwMDAsImRlbGV0ZSI6NjAwMDAwMDAwMDAwfX0="
        }
      ]
    },
    {
      "mode": "managed",
      "type": "openstack_blockstorage_volume_v3",
      "name": "demo-k8sdfworker-sdc",
      "provider": "provider[\"registry.terraform.io/terraform-provider-openstack/openstack\"]",
      "instances": [
        {
          "index_key": 0,
          "schema_version": 0,
          "attributes": {
            "attachment": [],
            "availability_zone": "nova",
            "consistency_group_id": null,
            "description": "",
            "enable_online_resize": null,
            "id": "123808d9-dbcc-4dbe-a2ba-ceb339893faa",
            "image_id": null,
            "metadata": {
              "User": "jaideep.joshi"
            },
            "multiattach": null,
            "name": "jai-ecp-demo-k8sdfworker-1-sdc",
            "region": "us-east-1",
            "scheduler_hints": [],
            "size": 51,
            "snapshot_id": "",
            "source_replica": null,
            "source_vol_id": "",
            "timeouts": null,
            "volume_type": "__DEFAULT__"
          },
          "sensitive_attributes": [],
          "private": "eyJlMmJmYjczMC1lY2FhLTExZTYtOGY4OC0zNDM2M2JjN2M0YzAiOnsiY3JlYXRlIjo2MDAwMDAwMDAwMDAsImRlbGV0ZSI6NjAwMDAwMDAwMDAwfX0="
        },
        {
          "index_key": 1,
          "schema_version": 0,
          "attributes": {
            "attachment": [],
            "availability_zone": "nova",
            "consistency_group_id": null,
            "description": "",
            "enable_online_resize": null,
            "id": "5ca1bdb6-70d6-4ed3-b845-0df3cf5a8d92",
            "image_id": null,
            "metadata": {
              "User": "jaideep.joshi"
            },
            "multiattach": null,
            "name": "jai-ecp-demo-k8sdfworker-2-sdc",
            "region": "us-east-1",
            "scheduler_hints": [],
            "size": 51,
            "snapshot_id": "",
            "source_replica": null,
            "source_vol_id": "",
            "timeouts": null,
            "volume_type": "__DEFAULT__"
          },
          "sensitive_attributes": [],
          "private": "eyJlMmJmYjczMC1lY2FhLTExZTYtOGY4OC0zNDM2M2JjN2M0YzAiOnsiY3JlYXRlIjo2MDAwMDAwMDAwMDAsImRlbGV0ZSI6NjAwMDAwMDAwMDAwfX0="
        },
        {
          "index_key": 2,
          "schema_version": 0,
          "attributes": {
            "attachment": [],
            "availability_zone": "nova",
            "consistency_group_id": null,
            "description": "",
            "enable_online_resize": null,
            "id": "bf5e5c94-a740-4cfc-ae8b-bcdb94ac3be6",
            "image_id": null,
            "metadata": {
              "User": "jaideep.joshi"
            },
            "multiattach": null,
            "name": "jai-ecp-demo-k8sdfworker-3-sdc",
            "region": "us-east-1",
            "scheduler_hints": [],
            "size": 51,
            "snapshot_id": "",
            "source_replica": null,
            "source_vol_id": "",
            "timeouts": null,
            "volume_type": "__DEFAULT__"
          },
          "sensitive_attributes": [],
          "private": "eyJlMmJmYjczMC1lY2FhLTExZTYtOGY4OC0zNDM2M2JjN2M0YzAiOnsiY3JlYXRlIjo2MDAwMDAwMDAwMDAsImRlbGV0ZSI6NjAwMDAwMDAwMDAwfX0="
        },
        {
          "index_key": 3,
          "schema_version": 0,
          "attributes": {
            "attachment": [],
            "availability_zone": "nova",
            "consistency_group_id": null,
            "description": "",
            "enable_online_resize": null,
            "id": "9973b069-421e-448d-892d-8dace61fc08a",
            "image_id": null,
            "metadata": {
              "User": "jaideep.joshi"
            },
            "multiattach": null,
            "name": "jai-ecp-demo-k8sdfworker-4-sdc",
            "region": "us-east-1",
            "scheduler_hints": [],
            "size": 51,
            "snapshot_id": "",
            "source_replica": null,
            "source_vol_id": "",
            "timeouts": null,
            "volume_type": "__DEFAULT__"
          },
          "sensitive_attributes": [],
          "private": "eyJlMmJmYjczMC1lY2FhLTExZTYtOGY4OC0zNDM2M2JjN2M0YzAiOnsiY3JlYXRlIjo2MDAwMDAwMDAwMDAsImRlbGV0ZSI6NjAwMDAwMDAwMDAwfX0="
        },
        {
          "index_key": 4,
          "schema_version": 0,
          "attributes": {
            "attachment": [],
            "availability_zone": "nova",
            "consistency_group_id": null,
            "description": "",
            "enable_online_resize": null,
            "id": "f528bbe1-51c1-47a0-be0c-f33af77ea8dd",
            "image_id": null,
            "metadata": {
              "User": "jaideep.joshi"
            },
            "multiattach": null,
            "name": "jai-ecp-demo-k8sdfworker-5-sdc",
            "region": "us-east-1",
            "scheduler_hints": [],
            "size": 51,
            "snapshot_id": "",
            "source_replica": null,
            "source_vol_id": "",
            "timeouts": null,
            "volume_type": "__DEFAULT__"
          },
          "sensitive_attributes": [],
          "private": "eyJlMmJmYjczMC1lY2FhLTExZTYtOGY4OC0zNDM2M2JjN2M0YzAiOnsiY3JlYXRlIjo2MDAwMDAwMDAwMDAsImRlbGV0ZSI6NjAwMDAwMDAwMDAwfX0="
        }
      ]
    },
    {
      "mode": "managed",
      "type": "openstack_blockstorage_volume_v3",
      "name": "demo-k8smlopsworker-sda",
      "provider": "provider[\"registry.terraform.io/terraform-provider-openstack/openstack\"]",
      "instances": [
        {
          "index_key": 0,
          "schema_version": 0,
          "attributes": {
            "attachment": [],
            "availability_zone": "nova",
            "consistency_group_id": null,
            "description": "",
            "enable_online_resize": null,
            "id": "1857a31e-c199-4881-853e-cee063eebff6",
            "image_id": "6b2024f7-29d8-446b-bdad-ca78ca8573a5",
            "metadata": {
              "User": "jaideep.joshi"
            },
            "multiattach": null,
            "name": "jai-ecp-demo-k8smlopsworker-1-sda",
            "region": "us-east-1",
            "scheduler_hints": [],
            "size": 51,
            "snapshot_id": "",
            "source_replica": null,
            "source_vol_id": "",
            "timeouts": null,
            "volume_type": "__DEFAULT__"
          },
          "sensitive_attributes": [],
          "private": "eyJlMmJmYjczMC1lY2FhLTExZTYtOGY4OC0zNDM2M2JjN2M0YzAiOnsiY3JlYXRlIjo2MDAwMDAwMDAwMDAsImRlbGV0ZSI6NjAwMDAwMDAwMDAwfX0="
        },
        {
          "index_key": 1,
          "schema_version": 0,
          "attributes": {
            "attachment": [],
            "availability_zone": "nova",
            "consistency_group_id": null,
            "description": "",
            "enable_online_resize": null,
            "id": "0b3540a1-a12b-4a79-bc02-4f9354c1494c",
            "image_id": "6b2024f7-29d8-446b-bdad-ca78ca8573a5",
            "metadata": {
              "User": "jaideep.joshi"
            },
            "multiattach": null,
            "name": "jai-ecp-demo-k8smlopsworker-2-sda",
            "region": "us-east-1",
            "scheduler_hints": [],
            "size": 51,
            "snapshot_id": "",
            "source_replica": null,
            "source_vol_id": "",
            "timeouts": null,
            "volume_type": "__DEFAULT__"
          },
          "sensitive_attributes": [],
          "private": "eyJlMmJmYjczMC1lY2FhLTExZTYtOGY4OC0zNDM2M2JjN2M0YzAiOnsiY3JlYXRlIjo2MDAwMDAwMDAwMDAsImRlbGV0ZSI6NjAwMDAwMDAwMDAwfX0="
        },
        {
          "index_key": 2,
          "schema_version": 0,
          "attributes": {
            "attachment": [],
            "availability_zone": "nova",
            "consistency_group_id": null,
            "description": "",
            "enable_online_resize": null,
            "id": "56cb1635-edba-4601-b247-85855ae98bf7",
            "image_id": "6b2024f7-29d8-446b-bdad-ca78ca8573a5",
            "metadata": {
              "User": "jaideep.joshi"
            },
            "multiattach": null,
            "name": "jai-ecp-demo-k8smlopsworker-3-sda",
            "region": "us-east-1",
            "scheduler_hints": [],
            "size": 51,
            "snapshot_id": "",
            "source_replica": null,
            "source_vol_id": "",
            "timeouts": null,
            "volume_type": "__DEFAULT__"
          },
          "sensitive_attributes": [],
          "private": "eyJlMmJmYjczMC1lY2FhLTExZTYtOGY4OC0zNDM2M2JjN2M0YzAiOnsiY3JlYXRlIjo2MDAwMDAwMDAwMDAsImRlbGV0ZSI6NjAwMDAwMDAwMDAwfX0="
        }
      ]
    },
    {
      "mode": "managed",
      "type": "openstack_blockstorage_volume_v3",
      "name": "demo-k8smlopsworker-sdb",
      "provider": "provider[\"registry.terraform.io/terraform-provider-openstack/openstack\"]",
      "instances": [
        {
          "index_key": 0,
          "schema_version": 0,
          "attributes": {
            "attachment": [],
            "availability_zone": "nova",
            "consistency_group_id": null,
            "description": "",
            "enable_online_resize": null,
            "id": "3d45d439-7e4c-4c46-9bc9-775fda82c563",
            "image_id": null,
            "metadata": {
              "User": "jaideep.joshi"
            },
            "multiattach": null,
            "name": "jai-ecp-demo-k8smlopsworker-1-sdb",
            "region": "us-east-1",
            "scheduler_hints": [],
            "size": 51,
            "snapshot_id": "",
            "source_replica": null,
            "source_vol_id": "",
            "timeouts": null,
            "volume_type": "__DEFAULT__"
          },
          "sensitive_attributes": [],
          "private": "eyJlMmJmYjczMC1lY2FhLTExZTYtOGY4OC0zNDM2M2JjN2M0YzAiOnsiY3JlYXRlIjo2MDAwMDAwMDAwMDAsImRlbGV0ZSI6NjAwMDAwMDAwMDAwfX0="
        },
        {
          "index_key": 1,
          "schema_version": 0,
          "attributes": {
            "attachment": [],
            "availability_zone": "nova",
            "consistency_group_id": null,
            "description": "",
            "enable_online_resize": null,
            "id": "49ffbe88-4ec3-4479-9ab2-cbdcfe20cd7a",
            "image_id": null,
            "metadata": {
              "User": "jaideep.joshi"
            },
            "multiattach": null,
            "name": "jai-ecp-demo-k8smlopsworker-2-sdb",
            "region": "us-east-1",
            "scheduler_hints": [],
            "size": 51,
            "snapshot_id": "",
            "source_replica": null,
            "source_vol_id": "",
            "timeouts": null,
            "volume_type": "__DEFAULT__"
          },
          "sensitive_attributes": [],
          "private": "eyJlMmJmYjczMC1lY2FhLTExZTYtOGY4OC0zNDM2M2JjN2M0YzAiOnsiY3JlYXRlIjo2MDAwMDAwMDAwMDAsImRlbGV0ZSI6NjAwMDAwMDAwMDAwfX0="
        },
        {
          "index_key": 2,
          "schema_version": 0,
          "attributes": {
            "attachment": [],
            "availability_zone": "nova",
            "consistency_group_id": null,
            "description": "",
            "enable_online_resize": null,
            "id": "6536671c-d949-47ed-a25f-68adb2352844",
            "image_id": null,
            "metadata": {
              "User": "jaideep.joshi"
            },
            "multiattach": null,
            "name": "jai-ecp-demo-k8smlopsworker-3-sdb",
            "region": "us-east-1",
            "scheduler_hints": [],
            "size": 51,
            "snapshot_id": "",
            "source_replica": null,
            "source_vol_id": "",
            "timeouts": null,
            "volume_type": "__DEFAULT__"
          },
          "sensitive_attributes": [],
          "private": "eyJlMmJmYjczMC1lY2FhLTExZTYtOGY4OC0zNDM2M2JjN2M0YzAiOnsiY3JlYXRlIjo2MDAwMDAwMDAwMDAsImRlbGV0ZSI6NjAwMDAwMDAwMDAwfX0="
        }
      ]
    },
    {
      "mode": "managed",
      "type": "openstack_blockstorage_volume_v3",
      "name": "demo-k8smlopsworker-sdc",
      "provider": "provider[\"registry.terraform.io/terraform-provider-openstack/openstack\"]",
      "instances": [
        {
          "index_key": 0,
          "schema_version": 0,
          "attributes": {
            "attachment": [],
            "availability_zone": "nova",
            "consistency_group_id": null,
            "description": "",
            "enable_online_resize": null,
            "id": "31a6d37e-81a8-4f40-a7e7-563d36d14840",
            "image_id": null,
            "metadata": {
              "User": "jaideep.joshi"
            },
            "multiattach": null,
            "name": "jai-ecp-demo-k8smlopsworker-1-sdc",
            "region": "us-east-1",
            "scheduler_hints": [],
            "size": 51,
            "snapshot_id": "",
            "source_replica": null,
            "source_vol_id": "",
            "timeouts": null,
            "volume_type": "__DEFAULT__"
          },
          "sensitive_attributes": [],
          "private": "eyJlMmJmYjczMC1lY2FhLTExZTYtOGY4OC0zNDM2M2JjN2M0YzAiOnsiY3JlYXRlIjo2MDAwMDAwMDAwMDAsImRlbGV0ZSI6NjAwMDAwMDAwMDAwfX0="
        },
        {
          "index_key": 1,
          "schema_version": 0,
          "attributes": {
            "attachment": [],
            "availability_zone": "nova",
            "consistency_group_id": null,
            "description": "",
            "enable_online_resize": null,
            "id": "4a616819-e312-4b38-a288-7ed9fdfd9dd3",
            "image_id": null,
            "metadata": {
              "User": "jaideep.joshi"
            },
            "multiattach": null,
            "name": "jai-ecp-demo-k8smlopsworker-2-sdc",
            "region": "us-east-1",
            "scheduler_hints": [],
            "size": 51,
            "snapshot_id": "",
            "source_replica": null,
            "source_vol_id": "",
            "timeouts": null,
            "volume_type": "__DEFAULT__"
          },
          "sensitive_attributes": [],
          "private": "eyJlMmJmYjczMC1lY2FhLTExZTYtOGY4OC0zNDM2M2JjN2M0YzAiOnsiY3JlYXRlIjo2MDAwMDAwMDAwMDAsImRlbGV0ZSI6NjAwMDAwMDAwMDAwfX0="
        },
        {
          "index_key": 2,
          "schema_version": 0,
          "attributes": {
            "attachment": [],
            "availability_zone": "nova",
            "consistency_group_id": null,
            "description": "",
            "enable_online_resize": null,
            "id": "d0c15381-8acc-4d1b-a4ab-d69f17e6bc69",
            "image_id": null,
            "metadata": {
              "User": "jaideep.joshi"
            },
            "multiattach": null,
            "name": "jai-ecp-demo-k8smlopsworker-3-sdc",
            "region": "us-east-1",
            "scheduler_hints": [],
            "size": 51,
            "snapshot_id": "",
            "source_replica": null,
            "source_vol_id": "",
            "timeouts": null,
            "volume_type": "__DEFAULT__"
          },
          "sensitive_attributes": [],
          "private": "eyJlMmJmYjczMC1lY2FhLTExZTYtOGY4OC0zNDM2M2JjN2M0YzAiOnsiY3JlYXRlIjo2MDAwMDAwMDAwMDAsImRlbGV0ZSI6NjAwMDAwMDAwMDAwfX0="
        }
      ]
    },
    {
      "mode": "managed",
      "type": "openstack_blockstorage_volume_v3",
      "name": "demo-vpnserver-sda",
      "provider": "provider[\"registry.terraform.io/terraform-provider-openstack/openstack\"]",
      "instances": [
        {
          "schema_version": 0,
          "attributes": {
            "attachment": [],
            "availability_zone": "nova",
            "consistency_group_id": null,
            "description": "",
            "enable_online_resize": null,
            "id": "660ce247-9574-4721-a55c-d2ab84a22ad4",
            "image_id": "3f0a2723-a58f-4205-881c-3acbe08a3974",
            "metadata": {
              "User": "jaideep.joshi"
            },
            "multiattach": null,
            "name": "jai-ecp-demo-vpnserver-sda",
            "region": "us-east-1",
            "scheduler_hints": [],
            "size": 51,
            "snapshot_id": "",
            "source_replica": null,
            "source_vol_id": "",
            "timeouts": null,
            "volume_type": "__DEFAULT__"
          },
          "sensitive_attributes": [],
          "private": "eyJlMmJmYjczMC1lY2FhLTExZTYtOGY4OC0zNDM2M2JjN2M0YzAiOnsiY3JlYXRlIjo2MDAwMDAwMDAwMDAsImRlbGV0ZSI6NjAwMDAwMDAwMDAwfX0="
        }
      ]
    },
    {
      "mode": "managed",
      "type": "openstack_compute_floatingip_associate_v2",
      "name": "demo-vpn_ip-attach",
      "provider": "provider[\"registry.terraform.io/terraform-provider-openstack/openstack\"]",
      "instances": [
        {
          "schema_version": 0,
          "attributes": {
            "fixed_ip": "",
            "floating_ip": "74.201.182.223",
            "id": "74.201.182.223/ff1503ef-bd20-433a-8560-e24e9c325e89/",
            "instance_id": "ff1503ef-bd20-433a-8560-e24e9c325e89",
            "region": "us-east-1",
            "timeouts": null,
            "wait_until_associated": null
          },
          "sensitive_attributes": [],
          "private": "eyJlMmJmYjczMC1lY2FhLTExZTYtOGY4OC0zNDM2M2JjN2M0YzAiOnsiY3JlYXRlIjo2MDAwMDAwMDAwMDB9fQ==",
          "dependencies": [
            "openstack_blockstorage_volume_v3.demo-vpnserver-sda",
            "openstack_compute_instance_v2.demo-vpn",
            "openstack_compute_keypair_v2.demo-keypair",
            "openstack_networking_floatingip_v2.demo-vpn-ip",
            "openstack_networking_network_v2.demo-network",
            "openstack_networking_secgroup_v2.demo-secgroup"
          ]
        }
      ]
    },
    {
      "mode": "managed",
      "type": "openstack_compute_instance_v2",
      "name": "demo-adserver",
      "provider": "provider[\"registry.terraform.io/terraform-provider-openstack/openstack\"]",
      "instances": [
        {
          "index_key": 0,
          "schema_version": 0,
          "attributes": {
            "access_ip_v4": "192.168.206.14",
            "access_ip_v6": "",
            "admin_pass": null,
            "all_metadata": {
              "User": "jaideep.joshi"
            },
            "all_tags": [],
            "availability_zone": "nova",
            "availability_zone_hints": null,
            "block_device": [
              {
                "boot_index": 0,
                "delete_on_termination": true,
                "destination_type": "volume",
                "device_type": "",
                "disk_bus": "",
                "guest_format": "",
                "source_type": "volume",
                "uuid": "78503cc2-7602-4646-a468-787140016c58",
                "volume_size": 0,
                "volume_type": ""
              }
            ],
            "config_drive": null,
            "flavor_id": "6c351f96-363f-4588-bf88-7edde0ea938b",
            "flavor_name": "m1.xlarge",
            "floating_ip": null,
            "force_delete": false,
            "id": "273f2b85-7749-46bd-a2d1-b1a2d732f95b",
            "image_id": "Attempt to boot from volume - no image supplied",
            "image_name": null,
            "key_pair": "jai-ecp-demo-keypair",
            "metadata": {
              "User": "jaideep.joshi"
            },
            "name": "jai-ecp-demo-adserver",
            "network": [
              {
                "access_network": false,
                "fixed_ip_v4": "192.168.206.14",
                "fixed_ip_v6": "",
                "floating_ip": "",
                "mac": "fa:16:3e:d6:ad:42",
                "name": "jai-ecp-demo-vpc",
                "port": "",
                "uuid": "11b20357-7a4e-4835-a3ec-073c87220ece"
              }
            ],
            "network_mode": null,
            "personality": [],
            "power_state": "active",
            "region": "us-east-1",
            "scheduler_hints": [],
            "security_groups": [
              "jai-ecp-demo-secgroup"
            ],
            "stop_before_destroy": false,
            "tags": null,
            "timeouts": null,
            "user_data": null,
            "vendor_options": [],
            "volume": []
          },
          "sensitive_attributes": [],
          "private": "eyJlMmJmYjczMC1lY2FhLTExZTYtOGY4OC0zNDM2M2JjN2M0YzAiOnsiY3JlYXRlIjoxODAwMDAwMDAwMDAwLCJkZWxldGUiOjE4MDAwMDAwMDAwMDAsInVwZGF0ZSI6MTgwMDAwMDAwMDAwMH19",
          "dependencies": [
            "openstack_blockstorage_volume_v3.demo-adserver-sda",
            "openstack_compute_keypair_v2.demo-keypair",
            "openstack_networking_network_v2.demo-network",
            "openstack_networking_secgroup_v2.demo-secgroup",
            "openstack_networking_subnet_v2.demo-subnet"
          ]
        }
      ]
    },
    {
      "mode": "managed",
      "type": "openstack_compute_instance_v2",
      "name": "demo-controller",
      "provider": "provider[\"registry.terraform.io/terraform-provider-openstack/openstack\"]",
      "instances": [
        {
          "index_key": 0,
          "schema_version": 0,
          "attributes": {
            "access_ip_v4": "192.168.206.104",
            "access_ip_v6": "",
            "admin_pass": null,
            "all_metadata": {
              "User": "jaideep.joshi"
            },
            "all_tags": [],
            "availability_zone": "nova",
            "availability_zone_hints": null,
            "block_device": [
              {
                "boot_index": 0,
                "delete_on_termination": true,
                "destination_type": "volume",
                "device_type": "",
                "disk_bus": "",
                "guest_format": "",
                "source_type": "volume",
                "uuid": "880177ff-5201-4089-af0c-07c6b2c06b8c",
                "volume_size": 0,
                "volume_type": ""
              },
              {
                "boot_index": 1,
                "delete_on_termination": true,
                "destination_type": "volume",
                "device_type": "",
                "disk_bus": "",
                "guest_format": "",
                "source_type": "volume",
                "uuid": "7e326034-409f-4949-b1d7-f6987c8dd91b",
                "volume_size": 0,
                "volume_type": ""
              },
              {
                "boot_index": 2,
                "delete_on_termination": true,
                "destination_type": "volume",
                "device_type": "",
                "disk_bus": "",
                "guest_format": "",
                "source_type": "volume",
                "uuid": "bb3df0cb-766a-449e-83ad-4712fff5b696",
                "volume_size": 0,
                "volume_type": ""
              }
            ],
            "config_drive": null,
            "flavor_id": "6c351f96-363f-4588-bf88-7edde0ea938b",
            "flavor_name": "m1.xlarge",
            "floating_ip": null,
            "force_delete": false,
            "id": "6011d760-ef17-4f68-9dfe-747d254b1856",
            "image_id": "Attempt to boot from volume - no image supplied",
            "image_name": null,
            "key_pair": "jai-ecp-demo-keypair",
            "metadata": {
              "User": "jaideep.joshi"
            },
            "name": "jai-ecp-demo-controller",
            "network": [
              {
                "access_network": false,
                "fixed_ip_v4": "192.168.206.104",
                "fixed_ip_v6": "",
                "floating_ip": "",
                "mac": "fa:16:3e:62:12:58",
                "name": "jai-ecp-demo-vpc",
                "port": "",
                "uuid": "11b20357-7a4e-4835-a3ec-073c87220ece"
              }
            ],
            "network_mode": null,
            "personality": [],
            "power_state": "active",
            "region": "us-east-1",
            "scheduler_hints": [],
            "security_groups": [
              "jai-ecp-demo-secgroup"
            ],
            "stop_before_destroy": false,
            "tags": null,
            "timeouts": null,
            "user_data": null,
            "vendor_options": [],
            "volume": []
          },
          "sensitive_attributes": [],
          "private": "eyJlMmJmYjczMC1lY2FhLTExZTYtOGY4OC0zNDM2M2JjN2M0YzAiOnsiY3JlYXRlIjoxODAwMDAwMDAwMDAwLCJkZWxldGUiOjE4MDAwMDAwMDAwMDAsInVwZGF0ZSI6MTgwMDAwMDAwMDAwMH19",
          "dependencies": [
            "openstack_blockstorage_volume_v3.demo-controller-sda",
            "openstack_blockstorage_volume_v3.demo-controller-sdb",
            "openstack_blockstorage_volume_v3.demo-controller-sdc",
            "openstack_compute_keypair_v2.demo-keypair",
            "openstack_networking_network_v2.demo-network",
            "openstack_networking_secgroup_v2.demo-secgroup",
            "openstack_networking_subnet_v2.demo-subnet"
          ]
        }
      ]
    },
    {
      "mode": "managed",
      "type": "openstack_compute_instance_v2",
      "name": "demo-gateway",
      "provider": "provider[\"registry.terraform.io/terraform-provider-openstack/openstack\"]",
      "instances": [
        {
          "index_key": 0,
          "schema_version": 0,
          "attributes": {
            "access_ip_v4": "192.168.206.154",
            "access_ip_v6": "",
            "admin_pass": null,
            "all_metadata": {
              "User": "jaideep.joshi"
            },
            "all_tags": [],
            "availability_zone": "nova",
            "availability_zone_hints": null,
            "block_device": [
              {
                "boot_index": 0,
                "delete_on_termination": true,
                "destination_type": "volume",
                "device_type": "",
                "disk_bus": "",
                "guest_format": "",
                "source_type": "volume",
                "uuid": "5240ea3a-5da4-44ad-b08c-6c91536f2f63",
                "volume_size": 0,
                "volume_type": ""
              }
            ],
            "config_drive": null,
            "flavor_id": "6c351f96-363f-4588-bf88-7edde0ea938b",
            "flavor_name": "m1.xlarge",
            "floating_ip": null,
            "force_delete": false,
            "id": "87396108-accd-4016-8aac-674322d8e480",
            "image_id": "Attempt to boot from volume - no image supplied",
            "image_name": null,
            "key_pair": "jai-ecp-demo-keypair",
            "metadata": {
              "User": "jaideep.joshi"
            },
            "name": "jai-ecp-demo-gateway",
            "network": [
              {
                "access_network": false,
                "fixed_ip_v4": "192.168.206.154",
                "fixed_ip_v6": "",
                "floating_ip": "",
                "mac": "fa:16:3e:b9:6a:f2",
                "name": "jai-ecp-demo-vpc",
                "port": "",
                "uuid": "11b20357-7a4e-4835-a3ec-073c87220ece"
              }
            ],
            "network_mode": null,
            "personality": [],
            "power_state": "active",
            "region": "us-east-1",
            "scheduler_hints": [],
            "security_groups": [
              "jai-ecp-demo-secgroup"
            ],
            "stop_before_destroy": false,
            "tags": null,
            "timeouts": null,
            "user_data": null,
            "vendor_options": [],
            "volume": []
          },
          "sensitive_attributes": [],
          "private": "eyJlMmJmYjczMC1lY2FhLTExZTYtOGY4OC0zNDM2M2JjN2M0YzAiOnsiY3JlYXRlIjoxODAwMDAwMDAwMDAwLCJkZWxldGUiOjE4MDAwMDAwMDAwMDAsInVwZGF0ZSI6MTgwMDAwMDAwMDAwMH19",
          "dependencies": [
            "openstack_blockstorage_volume_v3.demo-gateway-sda",
            "openstack_compute_keypair_v2.demo-keypair",
            "openstack_networking_network_v2.demo-network",
            "openstack_networking_secgroup_v2.demo-secgroup",
            "openstack_networking_subnet_v2.demo-subnet"
          ]
        }
      ]
    },
    {
      "mode": "managed",
      "type": "openstack_compute_instance_v2",
      "name": "demo-k8sdfmlopsmaster",
      "provider": "provider[\"registry.terraform.io/terraform-provider-openstack/openstack\"]",
      "instances": [
        {
          "index_key": 0,
          "schema_version": 0,
          "attributes": {
            "access_ip_v4": "192.168.206.58",
            "access_ip_v6": "",
            "admin_pass": null,
            "all_metadata": {
              "User": "jaideep.joshi"
            },
            "all_tags": [],
            "availability_zone": "nova",
            "availability_zone_hints": null,
            "block_device": [
              {
                "boot_index": 0,
                "delete_on_termination": true,
                "destination_type": "volume",
                "device_type": "",
                "disk_bus": "",
                "guest_format": "",
                "source_type": "volume",
                "uuid": "8b8043e9-8912-4031-8d56-556fbf454738",
                "volume_size": 50,
                "volume_type": ""
              },
              {
                "boot_index": 1,
                "delete_on_termination": true,
                "destination_type": "volume",
                "device_type": "",
                "disk_bus": "",
                "guest_format": "",
                "source_type": "volume",
                "uuid": "167efcad-3b1f-4131-8218-bcb7957635b5",
                "volume_size": 0,
                "volume_type": ""
              },
              {
                "boot_index": 2,
                "delete_on_termination": true,
                "destination_type": "volume",
                "device_type": "",
                "disk_bus": "",
                "guest_format": "",
                "source_type": "volume",
                "uuid": "11f398e1-bb35-4abb-96c1-28adf60e9126",
                "volume_size": 0,
                "volume_type": ""
              }
            ],
            "config_drive": null,
            "flavor_id": "74cbdb44-432d-476a-9e31-10ce9a16e8f6",
            "flavor_name": "t1.xlarge",
            "floating_ip": null,
            "force_delete": false,
            "id": "e3484a78-c659-4d1c-a016-3c10d5ffb197",
            "image_id": "Attempt to boot from volume - no image supplied",
            "image_name": null,
            "key_pair": "jai-ecp-demo-keypair",
            "metadata": {
              "User": "jaideep.joshi"
            },
            "name": "jai-ecp-demo-k8sdfmlopsmaster-1",
            "network": [
              {
                "access_network": false,
                "fixed_ip_v4": "192.168.206.58",
                "fixed_ip_v6": "",
                "floating_ip": "",
                "mac": "fa:16:3e:0a:0a:f6",
                "name": "jai-ecp-demo-vpc",
                "port": "",
                "uuid": "11b20357-7a4e-4835-a3ec-073c87220ece"
              }
            ],
            "network_mode": null,
            "personality": [],
            "power_state": "active",
            "region": "us-east-1",
            "scheduler_hints": [],
            "security_groups": [
              "jai-ecp-demo-secgroup"
            ],
            "stop_before_destroy": false,
            "tags": null,
            "timeouts": null,
            "user_data": "35089e412cafba3588bb0b3de73ee08d4f6177d6",
            "vendor_options": [],
            "volume": []
          },
          "sensitive_attributes": [],
          "private": "eyJlMmJmYjczMC1lY2FhLTExZTYtOGY4OC0zNDM2M2JjN2M0YzAiOnsiY3JlYXRlIjoxODAwMDAwMDAwMDAwLCJkZWxldGUiOjE4MDAwMDAwMDAwMDAsInVwZGF0ZSI6MTgwMDAwMDAwMDAwMH19",
          "dependencies": [
            "data.template_file.cloud-config-master",
            "openstack_blockstorage_volume_v3.demo-k8sdfmlopsmaster-sda",
            "openstack_blockstorage_volume_v3.demo-k8sdfmlopsmaster-sdb",
            "openstack_blockstorage_volume_v3.demo-k8sdfmlopsmaster-sdc",
            "openstack_compute_keypair_v2.demo-keypair",
            "openstack_networking_network_v2.demo-network",
            "openstack_networking_secgroup_v2.demo-secgroup",
            "openstack_networking_subnet_v2.demo-subnet"
          ]
        },
        {
          "index_key": 1,
          "schema_version": 0,
          "attributes": {
            "access_ip_v4": "192.168.206.28",
            "access_ip_v6": "",
            "admin_pass": null,
            "all_metadata": {
              "User": "jaideep.joshi"
            },
            "all_tags": [],
            "availability_zone": "nova",
            "availability_zone_hints": null,
            "block_device": [
              {
                "boot_index": 0,
                "delete_on_termination": true,
                "destination_type": "volume",
                "device_type": "",
                "disk_bus": "",
                "guest_format": "",
                "source_type": "volume",
                "uuid": "eed265e4-65be-49a3-8911-9d121a59b24b",
                "volume_size": 50,
                "volume_type": ""
              },
              {
                "boot_index": 1,
                "delete_on_termination": true,
                "destination_type": "volume",
                "device_type": "",
                "disk_bus": "",
                "guest_format": "",
                "source_type": "volume",
                "uuid": "46326099-7bdd-4bc3-b6f9-b741e7348e75",
                "volume_size": 0,
                "volume_type": ""
              },
              {
                "boot_index": 2,
                "delete_on_termination": true,
                "destination_type": "volume",
                "device_type": "",
                "disk_bus": "",
                "guest_format": "",
                "source_type": "volume",
                "uuid": "5b3b7c74-7f40-4a15-a1dc-58d4d5087a9e",
                "volume_size": 0,
                "volume_type": ""
              }
            ],
            "config_drive": null,
            "flavor_id": "74cbdb44-432d-476a-9e31-10ce9a16e8f6",
            "flavor_name": "t1.xlarge",
            "floating_ip": null,
            "force_delete": false,
            "id": "f71aa6d1-d595-4d4b-ab00-ec61e0fe365a",
            "image_id": "Attempt to boot from volume - no image supplied",
            "image_name": null,
            "key_pair": "jai-ecp-demo-keypair",
            "metadata": {
              "User": "jaideep.joshi"
            },
            "name": "jai-ecp-demo-k8sdfmlopsmaster-2",
            "network": [
              {
                "access_network": false,
                "fixed_ip_v4": "192.168.206.28",
                "fixed_ip_v6": "",
                "floating_ip": "",
                "mac": "fa:16:3e:6a:fd:c6",
                "name": "jai-ecp-demo-vpc",
                "port": "",
                "uuid": "11b20357-7a4e-4835-a3ec-073c87220ece"
              }
            ],
            "network_mode": null,
            "personality": [],
            "power_state": "active",
            "region": "us-east-1",
            "scheduler_hints": [],
            "security_groups": [
              "jai-ecp-demo-secgroup"
            ],
            "stop_before_destroy": false,
            "tags": null,
            "timeouts": null,
            "user_data": "35089e412cafba3588bb0b3de73ee08d4f6177d6",
            "vendor_options": [],
            "volume": []
          },
          "sensitive_attributes": [],
          "private": "eyJlMmJmYjczMC1lY2FhLTExZTYtOGY4OC0zNDM2M2JjN2M0YzAiOnsiY3JlYXRlIjoxODAwMDAwMDAwMDAwLCJkZWxldGUiOjE4MDAwMDAwMDAwMDAsInVwZGF0ZSI6MTgwMDAwMDAwMDAwMH19",
          "dependencies": [
            "data.template_file.cloud-config-master",
            "openstack_blockstorage_volume_v3.demo-k8sdfmlopsmaster-sda",
            "openstack_blockstorage_volume_v3.demo-k8sdfmlopsmaster-sdb",
            "openstack_blockstorage_volume_v3.demo-k8sdfmlopsmaster-sdc",
            "openstack_compute_keypair_v2.demo-keypair",
            "openstack_networking_network_v2.demo-network",
            "openstack_networking_secgroup_v2.demo-secgroup",
            "openstack_networking_subnet_v2.demo-subnet"
          ]
        },
        {
          "index_key": 2,
          "schema_version": 0,
          "attributes": {
            "access_ip_v4": "192.168.206.12",
            "access_ip_v6": "",
            "admin_pass": null,
            "all_metadata": {
              "User": "jaideep.joshi"
            },
            "all_tags": [],
            "availability_zone": "nova",
            "availability_zone_hints": null,
            "block_device": [
              {
                "boot_index": 0,
                "delete_on_termination": true,
                "destination_type": "volume",
                "device_type": "",
                "disk_bus": "",
                "guest_format": "",
                "source_type": "volume",
                "uuid": "c22aea02-8827-4a48-baa9-9c22d9f84d3a",
                "volume_size": 50,
                "volume_type": ""
              },
              {
                "boot_index": 1,
                "delete_on_termination": true,
                "destination_type": "volume",
                "device_type": "",
                "disk_bus": "",
                "guest_format": "",
                "source_type": "volume",
                "uuid": "ed3bf2ef-6a74-4528-aad5-2517d6e923b0",
                "volume_size": 0,
                "volume_type": ""
              },
              {
                "boot_index": 2,
                "delete_on_termination": true,
                "destination_type": "volume",
                "device_type": "",
                "disk_bus": "",
                "guest_format": "",
                "source_type": "volume",
                "uuid": "57185e6c-6053-4945-8079-178910b2c2e2",
                "volume_size": 0,
                "volume_type": ""
              }
            ],
            "config_drive": null,
            "flavor_id": "74cbdb44-432d-476a-9e31-10ce9a16e8f6",
            "flavor_name": "t1.xlarge",
            "floating_ip": null,
            "force_delete": false,
            "id": "7775860d-4d55-488a-82cb-e7ce5ce0fdea",
            "image_id": "Attempt to boot from volume - no image supplied",
            "image_name": null,
            "key_pair": "jai-ecp-demo-keypair",
            "metadata": {
              "User": "jaideep.joshi"
            },
            "name": "jai-ecp-demo-k8sdfmlopsmaster-3",
            "network": [
              {
                "access_network": false,
                "fixed_ip_v4": "192.168.206.12",
                "fixed_ip_v6": "",
                "floating_ip": "",
                "mac": "fa:16:3e:3d:ed:86",
                "name": "jai-ecp-demo-vpc",
                "port": "",
                "uuid": "11b20357-7a4e-4835-a3ec-073c87220ece"
              }
            ],
            "network_mode": null,
            "personality": [],
            "power_state": "active",
            "region": "us-east-1",
            "scheduler_hints": [],
            "security_groups": [
              "jai-ecp-demo-secgroup"
            ],
            "stop_before_destroy": false,
            "tags": null,
            "timeouts": null,
            "user_data": "35089e412cafba3588bb0b3de73ee08d4f6177d6",
            "vendor_options": [],
            "volume": []
          },
          "sensitive_attributes": [],
          "private": "eyJlMmJmYjczMC1lY2FhLTExZTYtOGY4OC0zNDM2M2JjN2M0YzAiOnsiY3JlYXRlIjoxODAwMDAwMDAwMDAwLCJkZWxldGUiOjE4MDAwMDAwMDAwMDAsInVwZGF0ZSI6MTgwMDAwMDAwMDAwMH19",
          "dependencies": [
            "data.template_file.cloud-config-master",
            "openstack_blockstorage_volume_v3.demo-k8sdfmlopsmaster-sda",
            "openstack_blockstorage_volume_v3.demo-k8sdfmlopsmaster-sdb",
            "openstack_blockstorage_volume_v3.demo-k8sdfmlopsmaster-sdc",
            "openstack_compute_keypair_v2.demo-keypair",
            "openstack_networking_network_v2.demo-network",
            "openstack_networking_secgroup_v2.demo-secgroup",
            "openstack_networking_subnet_v2.demo-subnet"
          ]
        }
      ]
    },
    {
      "mode": "managed",
      "type": "openstack_compute_instance_v2",
      "name": "demo-k8sdfworker",
      "provider": "provider[\"registry.terraform.io/terraform-provider-openstack/openstack\"]",
      "instances": [
        {
          "index_key": 0,
          "schema_version": 0,
          "attributes": {
            "access_ip_v4": "192.168.206.80",
            "access_ip_v6": "",
            "admin_pass": null,
            "all_metadata": {
              "User": "jaideep.joshi"
            },
            "all_tags": [],
            "availability_zone": "nova",
            "availability_zone_hints": null,
            "block_device": [
              {
                "boot_index": 0,
                "delete_on_termination": true,
                "destination_type": "volume",
                "device_type": "",
                "disk_bus": "",
                "guest_format": "",
                "source_type": "volume",
                "uuid": "d36bad64-a075-4158-81b2-e41c7276f02e",
                "volume_size": 50,
                "volume_type": ""
              },
              {
                "boot_index": 1,
                "delete_on_termination": true,
                "destination_type": "volume",
                "device_type": "",
                "disk_bus": "",
                "guest_format": "",
                "source_type": "volume",
                "uuid": "bf9b3d30-1f56-459b-b717-2eb187c73d87",
                "volume_size": 0,
                "volume_type": ""
              },
              {
                "boot_index": 2,
                "delete_on_termination": true,
                "destination_type": "volume",
                "device_type": "",
                "disk_bus": "",
                "guest_format": "",
                "source_type": "volume",
                "uuid": "123808d9-dbcc-4dbe-a2ba-ceb339893faa",
                "volume_size": 0,
                "volume_type": ""
              }
            ],
            "config_drive": null,
            "flavor_id": "74cbdb44-432d-476a-9e31-10ce9a16e8f6",
            "flavor_name": "t1.xlarge",
            "floating_ip": null,
            "force_delete": false,
            "id": "685d003c-675d-40fe-a286-6a5c45b1d466",
            "image_id": "Attempt to boot from volume - no image supplied",
            "image_name": null,
            "key_pair": "jai-ecp-demo-keypair",
            "metadata": {
              "User": "jaideep.joshi"
            },
            "name": "jai-ecp-demo-k8sdfworker-1",
            "network": [
              {
                "access_network": false,
                "fixed_ip_v4": "192.168.206.80",
                "fixed_ip_v6": "",
                "floating_ip": "",
                "mac": "fa:16:3e:a5:ec:df",
                "name": "jai-ecp-demo-vpc",
                "port": "",
                "uuid": "11b20357-7a4e-4835-a3ec-073c87220ece"
              }
            ],
            "network_mode": null,
            "personality": [],
            "power_state": "active",
            "region": "us-east-1",
            "scheduler_hints": [],
            "security_groups": [
              "jai-ecp-demo-secgroup"
            ],
            "stop_before_destroy": false,
            "tags": null,
            "timeouts": null,
            "user_data": "35089e412cafba3588bb0b3de73ee08d4f6177d6",
            "vendor_options": [],
            "volume": []
          },
          "sensitive_attributes": [],
          "private": "eyJlMmJmYjczMC1lY2FhLTExZTYtOGY4OC0zNDM2M2JjN2M0YzAiOnsiY3JlYXRlIjoxODAwMDAwMDAwMDAwLCJkZWxldGUiOjE4MDAwMDAwMDAwMDAsInVwZGF0ZSI6MTgwMDAwMDAwMDAwMH19",
          "dependencies": [
            "data.template_file.cloud-config-master",
            "openstack_blockstorage_volume_v3.demo-k8sdfworker-sda",
            "openstack_blockstorage_volume_v3.demo-k8sdfworker-sdb",
            "openstack_blockstorage_volume_v3.demo-k8sdfworker-sdc",
            "openstack_compute_keypair_v2.demo-keypair",
            "openstack_networking_network_v2.demo-network",
            "openstack_networking_secgroup_v2.demo-secgroup",
            "openstack_networking_subnet_v2.demo-subnet"
          ]
        },
        {
          "index_key": 1,
          "schema_version": 0,
          "attributes": {
            "access_ip_v4": "192.168.206.178",
            "access_ip_v6": "",
            "admin_pass": null,
            "all_metadata": {
              "User": "jaideep.joshi"
            },
            "all_tags": [],
            "availability_zone": "nova",
            "availability_zone_hints": null,
            "block_device": [
              {
                "boot_index": 0,
                "delete_on_termination": true,
                "destination_type": "volume",
                "device_type": "",
                "disk_bus": "",
                "guest_format": "",
                "source_type": "volume",
                "uuid": "6bf99799-2624-4d61-861a-7a4733001fd8",
                "volume_size": 50,
                "volume_type": ""
              },
              {
                "boot_index": 1,
                "delete_on_termination": true,
                "destination_type": "volume",
                "device_type": "",
                "disk_bus": "",
                "guest_format": "",
                "source_type": "volume",
                "uuid": "ba370755-a63b-4743-a9db-b5f85c16ad0b",
                "volume_size": 0,
                "volume_type": ""
              },
              {
                "boot_index": 2,
                "delete_on_termination": true,
                "destination_type": "volume",
                "device_type": "",
                "disk_bus": "",
                "guest_format": "",
                "source_type": "volume",
                "uuid": "5ca1bdb6-70d6-4ed3-b845-0df3cf5a8d92",
                "volume_size": 0,
                "volume_type": ""
              }
            ],
            "config_drive": null,
            "flavor_id": "74cbdb44-432d-476a-9e31-10ce9a16e8f6",
            "flavor_name": "t1.xlarge",
            "floating_ip": null,
            "force_delete": false,
            "id": "d2d765bf-09b2-4a73-beea-ccaf7fbbc1bf",
            "image_id": "Attempt to boot from volume - no image supplied",
            "image_name": null,
            "key_pair": "jai-ecp-demo-keypair",
            "metadata": {
              "User": "jaideep.joshi"
            },
            "name": "jai-ecp-demo-k8sdfworker-2",
            "network": [
              {
                "access_network": false,
                "fixed_ip_v4": "192.168.206.178",
                "fixed_ip_v6": "",
                "floating_ip": "",
                "mac": "fa:16:3e:08:15:25",
                "name": "jai-ecp-demo-vpc",
                "port": "",
                "uuid": "11b20357-7a4e-4835-a3ec-073c87220ece"
              }
            ],
            "network_mode": null,
            "personality": [],
            "power_state": "active",
            "region": "us-east-1",
            "scheduler_hints": [],
            "security_groups": [
              "jai-ecp-demo-secgroup"
            ],
            "stop_before_destroy": false,
            "tags": null,
            "timeouts": null,
            "user_data": "35089e412cafba3588bb0b3de73ee08d4f6177d6",
            "vendor_options": [],
            "volume": []
          },
          "sensitive_attributes": [],
          "private": "eyJlMmJmYjczMC1lY2FhLTExZTYtOGY4OC0zNDM2M2JjN2M0YzAiOnsiY3JlYXRlIjoxODAwMDAwMDAwMDAwLCJkZWxldGUiOjE4MDAwMDAwMDAwMDAsInVwZGF0ZSI6MTgwMDAwMDAwMDAwMH19",
          "dependencies": [
            "data.template_file.cloud-config-master",
            "openstack_blockstorage_volume_v3.demo-k8sdfworker-sda",
            "openstack_blockstorage_volume_v3.demo-k8sdfworker-sdb",
            "openstack_blockstorage_volume_v3.demo-k8sdfworker-sdc",
            "openstack_compute_keypair_v2.demo-keypair",
            "openstack_networking_network_v2.demo-network",
            "openstack_networking_secgroup_v2.demo-secgroup",
            "openstack_networking_subnet_v2.demo-subnet"
          ]
        },
        {
          "index_key": 2,
          "schema_version": 0,
          "attributes": {
            "access_ip_v4": "192.168.206.91",
            "access_ip_v6": "",
            "admin_pass": null,
            "all_metadata": {
              "User": "jaideep.joshi"
            },
            "all_tags": [],
            "availability_zone": "nova",
            "availability_zone_hints": null,
            "block_device": [
              {
                "boot_index": 0,
                "delete_on_termination": true,
                "destination_type": "volume",
                "device_type": "",
                "disk_bus": "",
                "guest_format": "",
                "source_type": "volume",
                "uuid": "5e7973e1-e318-4c00-adb5-710e2972f671",
                "volume_size": 50,
                "volume_type": ""
              },
              {
                "boot_index": 1,
                "delete_on_termination": true,
                "destination_type": "volume",
                "device_type": "",
                "disk_bus": "",
                "guest_format": "",
                "source_type": "volume",
                "uuid": "d55b6259-7596-423b-bf68-b88ab86b87ef",
                "volume_size": 0,
                "volume_type": ""
              },
              {
                "boot_index": 2,
                "delete_on_termination": true,
                "destination_type": "volume",
                "device_type": "",
                "disk_bus": "",
                "guest_format": "",
                "source_type": "volume",
                "uuid": "bf5e5c94-a740-4cfc-ae8b-bcdb94ac3be6",
                "volume_size": 0,
                "volume_type": ""
              }
            ],
            "config_drive": null,
            "flavor_id": "74cbdb44-432d-476a-9e31-10ce9a16e8f6",
            "flavor_name": "t1.xlarge",
            "floating_ip": null,
            "force_delete": false,
            "id": "1e2bd8a4-8a33-4c19-9911-90b7e1853844",
            "image_id": "Attempt to boot from volume - no image supplied",
            "image_name": null,
            "key_pair": "jai-ecp-demo-keypair",
            "metadata": {
              "User": "jaideep.joshi"
            },
            "name": "jai-ecp-demo-k8sdfworker-3",
            "network": [
              {
                "access_network": false,
                "fixed_ip_v4": "192.168.206.91",
                "fixed_ip_v6": "",
                "floating_ip": "",
                "mac": "fa:16:3e:2d:c3:38",
                "name": "jai-ecp-demo-vpc",
                "port": "",
                "uuid": "11b20357-7a4e-4835-a3ec-073c87220ece"
              }
            ],
            "network_mode": null,
            "personality": [],
            "power_state": "active",
            "region": "us-east-1",
            "scheduler_hints": [],
            "security_groups": [
              "jai-ecp-demo-secgroup"
            ],
            "stop_before_destroy": false,
            "tags": null,
            "timeouts": null,
            "user_data": "35089e412cafba3588bb0b3de73ee08d4f6177d6",
            "vendor_options": [],
            "volume": []
          },
          "sensitive_attributes": [],
          "private": "eyJlMmJmYjczMC1lY2FhLTExZTYtOGY4OC0zNDM2M2JjN2M0YzAiOnsiY3JlYXRlIjoxODAwMDAwMDAwMDAwLCJkZWxldGUiOjE4MDAwMDAwMDAwMDAsInVwZGF0ZSI6MTgwMDAwMDAwMDAwMH19",
          "dependencies": [
            "data.template_file.cloud-config-master",
            "openstack_blockstorage_volume_v3.demo-k8sdfworker-sda",
            "openstack_blockstorage_volume_v3.demo-k8sdfworker-sdb",
            "openstack_blockstorage_volume_v3.demo-k8sdfworker-sdc",
            "openstack_compute_keypair_v2.demo-keypair",
            "openstack_networking_network_v2.demo-network",
            "openstack_networking_secgroup_v2.demo-secgroup",
            "openstack_networking_subnet_v2.demo-subnet"
          ]
        },
        {
          "index_key": 3,
          "schema_version": 0,
          "attributes": {
            "access_ip_v4": "192.168.206.137",
            "access_ip_v6": "",
            "admin_pass": null,
            "all_metadata": {
              "User": "jaideep.joshi"
            },
            "all_tags": [],
            "availability_zone": "nova",
            "availability_zone_hints": null,
            "block_device": [
              {
                "boot_index": 0,
                "delete_on_termination": true,
                "destination_type": "volume",
                "device_type": "",
                "disk_bus": "",
                "guest_format": "",
                "source_type": "volume",
                "uuid": "3a0e7a8b-7afa-4566-a545-cc6c6c23dd94",
                "volume_size": 50,
                "volume_type": ""
              },
              {
                "boot_index": 1,
                "delete_on_termination": true,
                "destination_type": "volume",
                "device_type": "",
                "disk_bus": "",
                "guest_format": "",
                "source_type": "volume",
                "uuid": "806ed80b-b4dc-4c78-abfb-241e5981c4ef",
                "volume_size": 0,
                "volume_type": ""
              },
              {
                "boot_index": 2,
                "delete_on_termination": true,
                "destination_type": "volume",
                "device_type": "",
                "disk_bus": "",
                "guest_format": "",
                "source_type": "volume",
                "uuid": "9973b069-421e-448d-892d-8dace61fc08a",
                "volume_size": 0,
                "volume_type": ""
              }
            ],
            "config_drive": null,
            "flavor_id": "74cbdb44-432d-476a-9e31-10ce9a16e8f6",
            "flavor_name": "t1.xlarge",
            "floating_ip": null,
            "force_delete": false,
            "id": "66d7d271-68fe-4c58-b9c2-bbc50fdf05fe",
            "image_id": "Attempt to boot from volume - no image supplied",
            "image_name": null,
            "key_pair": "jai-ecp-demo-keypair",
            "metadata": {
              "User": "jaideep.joshi"
            },
            "name": "jai-ecp-demo-k8sdfworker-4",
            "network": [
              {
                "access_network": false,
                "fixed_ip_v4": "192.168.206.137",
                "fixed_ip_v6": "",
                "floating_ip": "",
                "mac": "fa:16:3e:26:35:1e",
                "name": "jai-ecp-demo-vpc",
                "port": "",
                "uuid": "11b20357-7a4e-4835-a3ec-073c87220ece"
              }
            ],
            "network_mode": null,
            "personality": [],
            "power_state": "active",
            "region": "us-east-1",
            "scheduler_hints": [],
            "security_groups": [
              "jai-ecp-demo-secgroup"
            ],
            "stop_before_destroy": false,
            "tags": null,
            "timeouts": null,
            "user_data": "35089e412cafba3588bb0b3de73ee08d4f6177d6",
            "vendor_options": [],
            "volume": []
          },
          "sensitive_attributes": [],
          "private": "eyJlMmJmYjczMC1lY2FhLTExZTYtOGY4OC0zNDM2M2JjN2M0YzAiOnsiY3JlYXRlIjoxODAwMDAwMDAwMDAwLCJkZWxldGUiOjE4MDAwMDAwMDAwMDAsInVwZGF0ZSI6MTgwMDAwMDAwMDAwMH19",
          "dependencies": [
            "data.template_file.cloud-config-master",
            "openstack_blockstorage_volume_v3.demo-k8sdfworker-sda",
            "openstack_blockstorage_volume_v3.demo-k8sdfworker-sdb",
            "openstack_blockstorage_volume_v3.demo-k8sdfworker-sdc",
            "openstack_compute_keypair_v2.demo-keypair",
            "openstack_networking_network_v2.demo-network",
            "openstack_networking_secgroup_v2.demo-secgroup",
            "openstack_networking_subnet_v2.demo-subnet"
          ]
        },
        {
          "index_key": 4,
          "schema_version": 0,
          "attributes": {
            "access_ip_v4": "192.168.206.179",
            "access_ip_v6": "",
            "admin_pass": null,
            "all_metadata": {
              "User": "jaideep.joshi"
            },
            "all_tags": [],
            "availability_zone": "nova",
            "availability_zone_hints": null,
            "block_device": [
              {
                "boot_index": 0,
                "delete_on_termination": true,
                "destination_type": "volume",
                "device_type": "",
                "disk_bus": "",
                "guest_format": "",
                "source_type": "volume",
                "uuid": "2e0609ca-546e-43ba-b584-51ddf85162c8",
                "volume_size": 50,
                "volume_type": ""
              },
              {
                "boot_index": 1,
                "delete_on_termination": true,
                "destination_type": "volume",
                "device_type": "",
                "disk_bus": "",
                "guest_format": "",
                "source_type": "volume",
                "uuid": "a89e8a65-9045-4e39-a0f6-06c59f8390c7",
                "volume_size": 0,
                "volume_type": ""
              },
              {
                "boot_index": 2,
                "delete_on_termination": true,
                "destination_type": "volume",
                "device_type": "",
                "disk_bus": "",
                "guest_format": "",
                "source_type": "volume",
                "uuid": "f528bbe1-51c1-47a0-be0c-f33af77ea8dd",
                "volume_size": 0,
                "volume_type": ""
              }
            ],
            "config_drive": null,
            "flavor_id": "74cbdb44-432d-476a-9e31-10ce9a16e8f6",
            "flavor_name": "t1.xlarge",
            "floating_ip": null,
            "force_delete": false,
            "id": "e3580448-3f3a-4940-b1f5-959d4eab0545",
            "image_id": "Attempt to boot from volume - no image supplied",
            "image_name": null,
            "key_pair": "jai-ecp-demo-keypair",
            "metadata": {
              "User": "jaideep.joshi"
            },
            "name": "jai-ecp-demo-k8sdfworker-5",
            "network": [
              {
                "access_network": false,
                "fixed_ip_v4": "192.168.206.179",
                "fixed_ip_v6": "",
                "floating_ip": "",
                "mac": "fa:16:3e:85:33:8b",
                "name": "jai-ecp-demo-vpc",
                "port": "",
                "uuid": "11b20357-7a4e-4835-a3ec-073c87220ece"
              }
            ],
            "network_mode": null,
            "personality": [],
            "power_state": "active",
            "region": "us-east-1",
            "scheduler_hints": [],
            "security_groups": [
              "jai-ecp-demo-secgroup"
            ],
            "stop_before_destroy": false,
            "tags": null,
            "timeouts": null,
            "user_data": "35089e412cafba3588bb0b3de73ee08d4f6177d6",
            "vendor_options": [],
            "volume": []
          },
          "sensitive_attributes": [],
          "private": "eyJlMmJmYjczMC1lY2FhLTExZTYtOGY4OC0zNDM2M2JjN2M0YzAiOnsiY3JlYXRlIjoxODAwMDAwMDAwMDAwLCJkZWxldGUiOjE4MDAwMDAwMDAwMDAsInVwZGF0ZSI6MTgwMDAwMDAwMDAwMH19",
          "dependencies": [
            "data.template_file.cloud-config-master",
            "openstack_blockstorage_volume_v3.demo-k8sdfworker-sda",
            "openstack_blockstorage_volume_v3.demo-k8sdfworker-sdb",
            "openstack_blockstorage_volume_v3.demo-k8sdfworker-sdc",
            "openstack_compute_keypair_v2.demo-keypair",
            "openstack_networking_network_v2.demo-network",
            "openstack_networking_secgroup_v2.demo-secgroup",
            "openstack_networking_subnet_v2.demo-subnet"
          ]
        }
      ]
    },
    {
      "mode": "managed",
      "type": "openstack_compute_instance_v2",
      "name": "demo-k8smlopsworker",
      "provider": "provider[\"registry.terraform.io/terraform-provider-openstack/openstack\"]",
      "instances": [
        {
          "index_key": 0,
          "schema_version": 0,
          "attributes": {
            "access_ip_v4": "192.168.206.127",
            "access_ip_v6": "",
            "admin_pass": null,
            "all_metadata": {
              "User": "jaideep.joshi"
            },
            "all_tags": [],
            "availability_zone": "nova",
            "availability_zone_hints": null,
            "block_device": [
              {
                "boot_index": 0,
                "delete_on_termination": true,
                "destination_type": "volume",
                "device_type": "",
                "disk_bus": "",
                "guest_format": "",
                "source_type": "volume",
                "uuid": "1857a31e-c199-4881-853e-cee063eebff6",
                "volume_size": 50,
                "volume_type": ""
              },
              {
                "boot_index": 1,
                "delete_on_termination": true,
                "destination_type": "volume",
                "device_type": "",
                "disk_bus": "",
                "guest_format": "",
                "source_type": "volume",
                "uuid": "3d45d439-7e4c-4c46-9bc9-775fda82c563",
                "volume_size": 0,
                "volume_type": ""
              },
              {
                "boot_index": 2,
                "delete_on_termination": true,
                "destination_type": "volume",
                "device_type": "",
                "disk_bus": "",
                "guest_format": "",
                "source_type": "volume",
                "uuid": "31a6d37e-81a8-4f40-a7e7-563d36d14840",
                "volume_size": 0,
                "volume_type": ""
              }
            ],
            "config_drive": null,
            "flavor_id": "74cbdb44-432d-476a-9e31-10ce9a16e8f6",
            "flavor_name": "t1.xlarge",
            "floating_ip": null,
            "force_delete": false,
            "id": "43bc3e25-4799-409e-bb1b-e15a39c20210",
            "image_id": "Attempt to boot from volume - no image supplied",
            "image_name": null,
            "key_pair": "jai-ecp-demo-keypair",
            "metadata": {
              "User": "jaideep.joshi"
            },
            "name": "jai-ecp-demo-k8smlopsworker-1",
            "network": [
              {
                "access_network": false,
                "fixed_ip_v4": "192.168.206.127",
                "fixed_ip_v6": "",
                "floating_ip": "",
                "mac": "fa:16:3e:dd:5c:0d",
                "name": "jai-ecp-demo-vpc",
                "port": "",
                "uuid": "11b20357-7a4e-4835-a3ec-073c87220ece"
              }
            ],
            "network_mode": null,
            "personality": [],
            "power_state": "active",
            "region": "us-east-1",
            "scheduler_hints": [],
            "security_groups": [
              "jai-ecp-demo-secgroup"
            ],
            "stop_before_destroy": false,
            "tags": null,
            "timeouts": null,
            "user_data": "35089e412cafba3588bb0b3de73ee08d4f6177d6",
            "vendor_options": [],
            "volume": []
          },
          "sensitive_attributes": [],
          "private": "eyJlMmJmYjczMC1lY2FhLTExZTYtOGY4OC0zNDM2M2JjN2M0YzAiOnsiY3JlYXRlIjoxODAwMDAwMDAwMDAwLCJkZWxldGUiOjE4MDAwMDAwMDAwMDAsInVwZGF0ZSI6MTgwMDAwMDAwMDAwMH19",
          "dependencies": [
            "data.template_file.cloud-config-master",
            "openstack_blockstorage_volume_v3.demo-k8smlopsworker-sda",
            "openstack_blockstorage_volume_v3.demo-k8smlopsworker-sdb",
            "openstack_blockstorage_volume_v3.demo-k8smlopsworker-sdc",
            "openstack_compute_keypair_v2.demo-keypair",
            "openstack_networking_network_v2.demo-network",
            "openstack_networking_secgroup_v2.demo-secgroup",
            "openstack_networking_subnet_v2.demo-subnet"
          ]
        },
        {
          "index_key": 1,
          "schema_version": 0,
          "attributes": {
            "access_ip_v4": "192.168.206.146",
            "access_ip_v6": "",
            "admin_pass": null,
            "all_metadata": {
              "User": "jaideep.joshi"
            },
            "all_tags": [],
            "availability_zone": "nova",
            "availability_zone_hints": null,
            "block_device": [
              {
                "boot_index": 0,
                "delete_on_termination": true,
                "destination_type": "volume",
                "device_type": "",
                "disk_bus": "",
                "guest_format": "",
                "source_type": "volume",
                "uuid": "0b3540a1-a12b-4a79-bc02-4f9354c1494c",
                "volume_size": 50,
                "volume_type": ""
              },
              {
                "boot_index": 1,
                "delete_on_termination": true,
                "destination_type": "volume",
                "device_type": "",
                "disk_bus": "",
                "guest_format": "",
                "source_type": "volume",
                "uuid": "49ffbe88-4ec3-4479-9ab2-cbdcfe20cd7a",
                "volume_size": 0,
                "volume_type": ""
              },
              {
                "boot_index": 2,
                "delete_on_termination": true,
                "destination_type": "volume",
                "device_type": "",
                "disk_bus": "",
                "guest_format": "",
                "source_type": "volume",
                "uuid": "4a616819-e312-4b38-a288-7ed9fdfd9dd3",
                "volume_size": 0,
                "volume_type": ""
              }
            ],
            "config_drive": null,
            "flavor_id": "74cbdb44-432d-476a-9e31-10ce9a16e8f6",
            "flavor_name": "t1.xlarge",
            "floating_ip": null,
            "force_delete": false,
            "id": "57a685d6-abef-4aca-ab89-1e0dd1275099",
            "image_id": "Attempt to boot from volume - no image supplied",
            "image_name": null,
            "key_pair": "jai-ecp-demo-keypair",
            "metadata": {
              "User": "jaideep.joshi"
            },
            "name": "jai-ecp-demo-k8smlopsworker-2",
            "network": [
              {
                "access_network": false,
                "fixed_ip_v4": "192.168.206.146",
                "fixed_ip_v6": "",
                "floating_ip": "",
                "mac": "fa:16:3e:d2:41:eb",
                "name": "jai-ecp-demo-vpc",
                "port": "",
                "uuid": "11b20357-7a4e-4835-a3ec-073c87220ece"
              }
            ],
            "network_mode": null,
            "personality": [],
            "power_state": "active",
            "region": "us-east-1",
            "scheduler_hints": [],
            "security_groups": [
              "jai-ecp-demo-secgroup"
            ],
            "stop_before_destroy": false,
            "tags": null,
            "timeouts": null,
            "user_data": "35089e412cafba3588bb0b3de73ee08d4f6177d6",
            "vendor_options": [],
            "volume": []
          },
          "sensitive_attributes": [],
          "private": "eyJlMmJmYjczMC1lY2FhLTExZTYtOGY4OC0zNDM2M2JjN2M0YzAiOnsiY3JlYXRlIjoxODAwMDAwMDAwMDAwLCJkZWxldGUiOjE4MDAwMDAwMDAwMDAsInVwZGF0ZSI6MTgwMDAwMDAwMDAwMH19",
          "dependencies": [
            "data.template_file.cloud-config-master",
            "openstack_blockstorage_volume_v3.demo-k8smlopsworker-sda",
            "openstack_blockstorage_volume_v3.demo-k8smlopsworker-sdb",
            "openstack_blockstorage_volume_v3.demo-k8smlopsworker-sdc",
            "openstack_compute_keypair_v2.demo-keypair",
            "openstack_networking_network_v2.demo-network",
            "openstack_networking_secgroup_v2.demo-secgroup",
            "openstack_networking_subnet_v2.demo-subnet"
          ]
        },
        {
          "index_key": 2,
          "schema_version": 0,
          "attributes": {
            "access_ip_v4": "192.168.206.252",
            "access_ip_v6": "",
            "admin_pass": null,
            "all_metadata": {
              "User": "jaideep.joshi"
            },
            "all_tags": [],
            "availability_zone": "nova",
            "availability_zone_hints": null,
            "block_device": [
              {
                "boot_index": 0,
                "delete_on_termination": true,
                "destination_type": "volume",
                "device_type": "",
                "disk_bus": "",
                "guest_format": "",
                "source_type": "volume",
                "uuid": "56cb1635-edba-4601-b247-85855ae98bf7",
                "volume_size": 50,
                "volume_type": ""
              },
              {
                "boot_index": 1,
                "delete_on_termination": true,
                "destination_type": "volume",
                "device_type": "",
                "disk_bus": "",
                "guest_format": "",
                "source_type": "volume",
                "uuid": "6536671c-d949-47ed-a25f-68adb2352844",
                "volume_size": 0,
                "volume_type": ""
              },
              {
                "boot_index": 2,
                "delete_on_termination": true,
                "destination_type": "volume",
                "device_type": "",
                "disk_bus": "",
                "guest_format": "",
                "source_type": "volume",
                "uuid": "d0c15381-8acc-4d1b-a4ab-d69f17e6bc69",
                "volume_size": 0,
                "volume_type": ""
              }
            ],
            "config_drive": null,
            "flavor_id": "74cbdb44-432d-476a-9e31-10ce9a16e8f6",
            "flavor_name": "t1.xlarge",
            "floating_ip": null,
            "force_delete": false,
            "id": "17fc33b2-3cf9-4053-b033-1929e403af0a",
            "image_id": "Attempt to boot from volume - no image supplied",
            "image_name": null,
            "key_pair": "jai-ecp-demo-keypair",
            "metadata": {
              "User": "jaideep.joshi"
            },
            "name": "jai-ecp-demo-k8smlopsworker-3",
            "network": [
              {
                "access_network": false,
                "fixed_ip_v4": "192.168.206.252",
                "fixed_ip_v6": "",
                "floating_ip": "",
                "mac": "fa:16:3e:0d:87:55",
                "name": "jai-ecp-demo-vpc",
                "port": "",
                "uuid": "11b20357-7a4e-4835-a3ec-073c87220ece"
              }
            ],
            "network_mode": null,
            "personality": [],
            "power_state": "active",
            "region": "us-east-1",
            "scheduler_hints": [],
            "security_groups": [
              "jai-ecp-demo-secgroup"
            ],
            "stop_before_destroy": false,
            "tags": null,
            "timeouts": null,
            "user_data": "35089e412cafba3588bb0b3de73ee08d4f6177d6",
            "vendor_options": [],
            "volume": []
          },
          "sensitive_attributes": [],
          "private": "eyJlMmJmYjczMC1lY2FhLTExZTYtOGY4OC0zNDM2M2JjN2M0YzAiOnsiY3JlYXRlIjoxODAwMDAwMDAwMDAwLCJkZWxldGUiOjE4MDAwMDAwMDAwMDAsInVwZGF0ZSI6MTgwMDAwMDAwMDAwMH19",
          "dependencies": [
            "data.template_file.cloud-config-master",
            "openstack_blockstorage_volume_v3.demo-k8smlopsworker-sda",
            "openstack_blockstorage_volume_v3.demo-k8smlopsworker-sdb",
            "openstack_blockstorage_volume_v3.demo-k8smlopsworker-sdc",
            "openstack_compute_keypair_v2.demo-keypair",
            "openstack_networking_network_v2.demo-network",
            "openstack_networking_secgroup_v2.demo-secgroup",
            "openstack_networking_subnet_v2.demo-subnet"
          ]
        }
      ]
    },
    {
      "mode": "managed",
      "type": "openstack_compute_instance_v2",
      "name": "demo-vpn",
      "provider": "provider[\"registry.terraform.io/terraform-provider-openstack/openstack\"]",
      "instances": [
        {
          "index_key": 0,
          "schema_version": 0,
          "attributes": {
            "access_ip_v4": "192.168.206.177",
            "access_ip_v6": "",
            "admin_pass": null,
            "all_metadata": {
              "User": "jaideep.joshi"
            },
            "all_tags": [],
            "availability_zone": "nova",
            "availability_zone_hints": null,
            "block_device": [
              {
                "boot_index": 0,
                "delete_on_termination": true,
                "destination_type": "volume",
                "device_type": "",
                "disk_bus": "",
                "guest_format": "",
                "source_type": "volume",
                "uuid": "660ce247-9574-4721-a55c-d2ab84a22ad4",
                "volume_size": 0,
                "volume_type": ""
              }
            ],
            "config_drive": null,
            "flavor_id": "cd079ae6-daef-4ff3-99cb-cafd3ca4226e",
            "flavor_name": "t1.small",
            "floating_ip": null,
            "force_delete": false,
            "id": "ff1503ef-bd20-433a-8560-e24e9c325e89",
            "image_id": "Attempt to boot from volume - no image supplied",
            "image_name": null,
            "key_pair": "jai-ecp-demo-keypair",
            "metadata": {
              "User": "jaideep.joshi"
            },
            "name": "jai-ecp-demo-vpn-server",
            "network": [
              {
                "access_network": false,
                "fixed_ip_v4": "192.168.206.177",
                "fixed_ip_v6": "",
                "floating_ip": "",
                "mac": "fa:16:3e:07:cd:08",
                "name": "jai-ecp-demo-vpc",
                "port": "",
                "uuid": "11b20357-7a4e-4835-a3ec-073c87220ece"
              }
            ],
            "network_mode": null,
            "personality": [],
            "power_state": "active",
            "region": "us-east-1",
            "scheduler_hints": [],
            "security_groups": [
              "jai-ecp-demo-secgroup"
            ],
            "stop_before_destroy": false,
            "tags": null,
            "timeouts": null,
            "user_data": null,
            "vendor_options": [],
            "volume": []
          },
          "sensitive_attributes": [],
          "private": "eyJlMmJmYjczMC1lY2FhLTExZTYtOGY4OC0zNDM2M2JjN2M0YzAiOnsiY3JlYXRlIjoxODAwMDAwMDAwMDAwLCJkZWxldGUiOjE4MDAwMDAwMDAwMDAsInVwZGF0ZSI6MTgwMDAwMDAwMDAwMH19",
          "dependencies": [
            "openstack_blockstorage_volume_v3.demo-vpnserver-sda",
            "openstack_compute_keypair_v2.demo-keypair",
            "openstack_networking_network_v2.demo-network",
            "openstack_networking_secgroup_v2.demo-secgroup"
          ]
        }
      ]
    },
    {
      "mode": "managed",
      "type": "openstack_compute_keypair_v2",
      "name": "demo-keypair",
      "provider": "provider[\"registry.terraform.io/terraform-provider-openstack/openstack\"]",
      "instances": [
        {
          "schema_version": 0,
          "attributes": {
            "fingerprint": "df:30:87:f7:c0:72:16:57:ec:f1:3a:12:00:63:37:70",
            "id": "jai-ecp-demo-keypair",
            "name": "jai-ecp-demo-keypair",
            "private_key": "",
            "public_key": "ssh-rsa AAAAB3NzaC1yc2EAAAADAQABAAABgQCwOD6+RexTXQjetByKEmiasu7BdN2VdZWgWiTsendQpHrkqVJnx2P9HpPrCW4fxx5pNdHsi1Cl1cbRhY1nDkdcO6SbQeVTpKabosiZjt1n89vAGXT7tkdG/HLAAfwexIM46ljjfNpKEDZy/Lcwr93DdNFVa5EoiAA728nND8zrpyMEwTPJOZ368jAoCvcsucWkc2cp+cUntovKIn+1RIAN19xQDN6PXV25MDq/bl0rwYd7h9YdzMu3b8oY/s6iAbpgQHjRnl7BB6qPe18Y2GRclj7EqOUS/nD5dgxa4XH1m1Na+P+OBGVu5DYzB0irOflAh0btZMhvjxqPgap0ZKBbk2r9VOzxFSTMVplhIqFdQKAU8xYaW5CY05DpywnXFMHdP/eFC7o9JHe2pjIsdYKlbKIp90FyDPR8alxQbsKeXzvnJSI+6HeexTVuZz+rrCrgsYxLAFagkCIRMyFS7b7fYWMEaYEItaC+fXNLsfVcb9MdKKZ9o38HGnE3b7Onl88= jaideepjoshi@Jaideeps-MBP-2.attlocal.net\n",
            "region": "us-east-1",
            "value_specs": null
          },
          "sensitive_attributes": [],
          "private": "bnVsbA=="
        }
      ]
    },
    {
      "mode": "managed",
      "type": "openstack_networking_floatingip_v2",
      "name": "demo-vpn-ip",
      "provider": "provider[\"registry.terraform.io/terraform-provider-openstack/openstack\"]",
      "instances": [
        {
          "schema_version": 0,
          "attributes": {
            "address": "74.201.182.223",
            "all_tags": [],
            "description": "",
            "dns_domain": "",
            "dns_name": "",
            "fixed_ip": "",
            "id": "fbd8419c-5e84-401c-aaf6-b6252a961851",
            "pool": "external-floating-ips",
            "port_id": "",
            "region": "us-east-1",
            "subnet_id": null,
            "tags": null,
            "tenant_id": "733021daee244346a5b662f36b6c90e4",
            "timeouts": null,
            "value_specs": null
          },
          "sensitive_attributes": [],
          "private": "eyJlMmJmYjczMC1lY2FhLTExZTYtOGY4OC0zNDM2M2JjN2M0YzAiOnsiY3JlYXRlIjo2MDAwMDAwMDAwMDAsImRlbGV0ZSI6NjAwMDAwMDAwMDAwfX0="
        }
      ]
    },
    {
      "mode": "managed",
      "type": "openstack_networking_network_v2",
      "name": "demo-network",
      "provider": "provider[\"registry.terraform.io/terraform-provider-openstack/openstack\"]",
      "instances": [
        {
          "schema_version": 0,
          "attributes": {
            "admin_state_up": true,
            "all_tags": [],
            "availability_zone_hints": [],
            "description": "",
            "dns_domain": "",
            "external": false,
            "id": "11b20357-7a4e-4835-a3ec-073c87220ece",
            "mtu": 8950,
            "name": "jai-ecp-demo-vpc",
            "port_security_enabled": true,
            "qos_policy_id": "",
            "region": "us-east-1",
            "segments": [],
            "shared": false,
            "tags": null,
            "tenant_id": "733021daee244346a5b662f36b6c90e4",
            "timeouts": null,
            "transparent_vlan": false,
            "value_specs": null
          },
          "sensitive_attributes": [],
          "private": "eyJlMmJmYjczMC1lY2FhLTExZTYtOGY4OC0zNDM2M2JjN2M0YzAiOnsiY3JlYXRlIjo2MDAwMDAwMDAwMDAsImRlbGV0ZSI6NjAwMDAwMDAwMDAwfX0="
        }
      ]
    },
    {
      "mode": "managed",
      "type": "openstack_networking_router_interface_v2",
      "name": "router_interface_1",
      "provider": "provider[\"registry.terraform.io/terraform-provider-openstack/openstack\"]",
      "instances": [
        {
          "schema_version": 0,
          "attributes": {
            "id": "4050e193-ab6f-4b92-b116-ed2a87b06d7b",
            "port_id": "4050e193-ab6f-4b92-b116-ed2a87b06d7b",
            "region": "us-east-1",
            "router_id": "3cef7609-e78d-4408-bdfe-cf26f8b44e4a",
            "subnet_id": "e7473677-84c3-48bf-a1c9-df4d6b7481cc",
            "timeouts": null
          },
          "sensitive_attributes": [],
          "private": "eyJlMmJmYjczMC1lY2FhLTExZTYtOGY4OC0zNDM2M2JjN2M0YzAiOnsiY3JlYXRlIjo2MDAwMDAwMDAwMDAsImRlbGV0ZSI6NjAwMDAwMDAwMDAwfX0=",
          "dependencies": [
            "data.openstack_networking_network_v2.external_network",
            "openstack_networking_network_v2.demo-network",
            "openstack_networking_router_v2.demo-router",
            "openstack_networking_subnet_v2.demo-subnet"
          ]
        }
      ]
    },
    {
      "mode": "managed",
      "type": "openstack_networking_router_v2",
      "name": "demo-router",
      "provider": "provider[\"registry.terraform.io/terraform-provider-openstack/openstack\"]",
      "instances": [
        {
          "schema_version": 0,
          "attributes": {
            "admin_state_up": true,
            "all_tags": [],
            "availability_zone_hints": [],
            "description": "",
            "distributed": false,
            "enable_snat": true,
            "external_fixed_ip": [
              {
                "ip_address": "74.201.182.249",
                "subnet_id": "ac201266-3f61-40a3-9c0d-d0fbb8fe908c"
              }
            ],
            "external_gateway": "b1d68e5d-1be9-4d04-a5fa-b5c63a1f84a3",
            "external_network_id": "b1d68e5d-1be9-4d04-a5fa-b5c63a1f84a3",
            "id": "3cef7609-e78d-4408-bdfe-cf26f8b44e4a",
            "name": "jai-ecp-demo-router",
            "region": "us-east-1",
            "tags": null,
            "tenant_id": "733021daee244346a5b662f36b6c90e4",
            "timeouts": null,
            "value_specs": null,
            "vendor_options": []
          },
          "sensitive_attributes": [],
          "private": "eyJlMmJmYjczMC1lY2FhLTExZTYtOGY4OC0zNDM2M2JjN2M0YzAiOnsiY3JlYXRlIjo2MDAwMDAwMDAwMDAsImRlbGV0ZSI6NjAwMDAwMDAwMDAwfX0=",
          "dependencies": [
            "data.openstack_networking_network_v2.external_network"
          ]
        }
      ]
    },
    {
      "mode": "managed",
      "type": "openstack_networking_secgroup_rule_v2",
      "name": "http",
      "provider": "provider[\"registry.terraform.io/terraform-provider-openstack/openstack\"]",
      "instances": [
        {
          "schema_version": 0,
          "attributes": {
            "description": "",
            "direction": "ingress",
            "ethertype": "IPv4",
            "id": "0cf598f1-a668-4b70-91a3-87b42bea6039",
            "port_range_max": 80,
            "port_range_min": 80,
            "protocol": "tcp",
            "region": "us-east-1",
            "remote_group_id": "",
            "remote_ip_prefix": "",
            "security_group_id": "cee918ac-7f5e-4933-b15a-d05409dc8db7",
            "tenant_id": "733021daee244346a5b662f36b6c90e4",
            "timeouts": null
          },
          "sensitive_attributes": [],
          "private": "eyJlMmJmYjczMC1lY2FhLTExZTYtOGY4OC0zNDM2M2JjN2M0YzAiOnsiZGVsZXRlIjo2MDAwMDAwMDAwMDB9fQ==",
          "dependencies": [
            "openstack_networking_secgroup_v2.demo-secgroup"
          ]
        }
      ]
    },
    {
      "mode": "managed",
      "type": "openstack_networking_secgroup_rule_v2",
      "name": "https",
      "provider": "provider[\"registry.terraform.io/terraform-provider-openstack/openstack\"]",
      "instances": [
        {
          "schema_version": 0,
          "attributes": {
            "description": "",
            "direction": "ingress",
            "ethertype": "IPv4",
            "id": "a213ee63-3c41-4202-bc0f-de173332111b",
            "port_range_max": 443,
            "port_range_min": 443,
            "protocol": "tcp",
            "region": "us-east-1",
            "remote_group_id": "",
            "remote_ip_prefix": "",
            "security_group_id": "cee918ac-7f5e-4933-b15a-d05409dc8db7",
            "tenant_id": "733021daee244346a5b662f36b6c90e4",
            "timeouts": null
          },
          "sensitive_attributes": [],
          "private": "eyJlMmJmYjczMC1lY2FhLTExZTYtOGY4OC0zNDM2M2JjN2M0YzAiOnsiZGVsZXRlIjo2MDAwMDAwMDAwMDB9fQ==",
          "dependencies": [
            "openstack_networking_secgroup_v2.demo-secgroup"
          ]
        }
      ]
    },
    {
      "mode": "managed",
      "type": "openstack_networking_secgroup_rule_v2",
      "name": "icmp",
      "provider": "provider[\"registry.terraform.io/terraform-provider-openstack/openstack\"]",
      "instances": [
        {
          "schema_version": 0,
          "attributes": {
            "description": "",
            "direction": "ingress",
            "ethertype": "IPv4",
            "id": "41a8a4f1-2a7b-46d7-ad35-30dd0269ba3a",
            "port_range_max": 0,
            "port_range_min": 0,
            "protocol": "icmp",
            "region": "us-east-1",
            "remote_group_id": "",
            "remote_ip_prefix": "",
            "security_group_id": "cee918ac-7f5e-4933-b15a-d05409dc8db7",
            "tenant_id": "733021daee244346a5b662f36b6c90e4",
            "timeouts": null
          },
          "sensitive_attributes": [],
          "private": "eyJlMmJmYjczMC1lY2FhLTExZTYtOGY4OC0zNDM2M2JjN2M0YzAiOnsiZGVsZXRlIjo2MDAwMDAwMDAwMDB9fQ==",
          "dependencies": [
            "openstack_networking_secgroup_v2.demo-secgroup"
          ]
        }
      ]
    },
    {
      "mode": "managed",
      "type": "openstack_networking_secgroup_rule_v2",
      "name": "same_secgroup_ingress_tcp",
      "provider": "provider[\"registry.terraform.io/terraform-provider-openstack/openstack\"]",
      "instances": [
        {
          "schema_version": 0,
          "attributes": {
            "description": "",
            "direction": "ingress",
            "ethertype": "IPv4",
            "id": "b8eeb2b6-da8d-4074-a7fa-b61a2d4d73a8",
            "port_range_max": 0,
            "port_range_min": 0,
            "protocol": "tcp",
            "region": "us-east-1",
            "remote_group_id": "cee918ac-7f5e-4933-b15a-d05409dc8db7",
            "remote_ip_prefix": "",
            "security_group_id": "cee918ac-7f5e-4933-b15a-d05409dc8db7",
            "tenant_id": "733021daee244346a5b662f36b6c90e4",
            "timeouts": null
          },
          "sensitive_attributes": [],
          "private": "eyJlMmJmYjczMC1lY2FhLTExZTYtOGY4OC0zNDM2M2JjN2M0YzAiOnsiZGVsZXRlIjo2MDAwMDAwMDAwMDB9fQ==",
          "dependencies": [
            "openstack_networking_secgroup_v2.demo-secgroup"
          ]
        }
      ]
    },
    {
      "mode": "managed",
      "type": "openstack_networking_secgroup_rule_v2",
      "name": "same_secgroup_ingress_udp",
      "provider": "provider[\"registry.terraform.io/terraform-provider-openstack/openstack\"]",
      "instances": [
        {
          "schema_version": 0,
          "attributes": {
            "description": "",
            "direction": "ingress",
            "ethertype": "IPv4",
            "id": "51def6c2-f9f9-4e10-a0e0-185ae0c6490a",
            "port_range_max": 0,
            "port_range_min": 0,
            "protocol": "udp",
            "region": "us-east-1",
            "remote_group_id": "cee918ac-7f5e-4933-b15a-d05409dc8db7",
            "remote_ip_prefix": "",
            "security_group_id": "cee918ac-7f5e-4933-b15a-d05409dc8db7",
            "tenant_id": "733021daee244346a5b662f36b6c90e4",
            "timeouts": null
          },
          "sensitive_attributes": [],
          "private": "eyJlMmJmYjczMC1lY2FhLTExZTYtOGY4OC0zNDM2M2JjN2M0YzAiOnsiZGVsZXRlIjo2MDAwMDAwMDAwMDB9fQ==",
          "dependencies": [
            "openstack_networking_secgroup_v2.demo-secgroup"
          ]
        }
      ]
    },
    {
      "mode": "managed",
      "type": "openstack_networking_secgroup_rule_v2",
      "name": "ssh",
      "provider": "provider[\"registry.terraform.io/terraform-provider-openstack/openstack\"]",
      "instances": [
        {
          "schema_version": 0,
          "attributes": {
            "description": "",
            "direction": "ingress",
            "ethertype": "IPv4",
            "id": "babb55da-843c-4c76-9597-52256e5fb3c0",
            "port_range_max": 22,
            "port_range_min": 22,
            "protocol": "tcp",
            "region": "us-east-1",
            "remote_group_id": "",
            "remote_ip_prefix": "",
            "security_group_id": "cee918ac-7f5e-4933-b15a-d05409dc8db7",
            "tenant_id": "733021daee244346a5b662f36b6c90e4",
            "timeouts": null
          },
          "sensitive_attributes": [],
          "private": "eyJlMmJmYjczMC1lY2FhLTExZTYtOGY4OC0zNDM2M2JjN2M0YzAiOnsiZGVsZXRlIjo2MDAwMDAwMDAwMDB9fQ==",
          "dependencies": [
            "openstack_networking_secgroup_v2.demo-secgroup"
          ]
        }
      ]
    },
    {
      "mode": "managed",
      "type": "openstack_networking_secgroup_rule_v2",
      "name": "tcp",
      "provider": "provider[\"registry.terraform.io/terraform-provider-openstack/openstack\"]",
      "instances": [
        {
          "schema_version": 0,
          "attributes": {
            "description": "",
            "direction": "ingress",
            "ethertype": "IPv4",
            "id": "869f35da-24bb-4d3e-81a4-95ebd977c7ce",
            "port_range_max": 943,
            "port_range_min": 943,
            "protocol": "tcp",
            "region": "us-east-1",
            "remote_group_id": "",
            "remote_ip_prefix": "",
            "security_group_id": "cee918ac-7f5e-4933-b15a-d05409dc8db7",
            "tenant_id": "733021daee244346a5b662f36b6c90e4",
            "timeouts": null
          },
          "sensitive_attributes": [],
          "private": "eyJlMmJmYjczMC1lY2FhLTExZTYtOGY4OC0zNDM2M2JjN2M0YzAiOnsiZGVsZXRlIjo2MDAwMDAwMDAwMDB9fQ==",
          "dependencies": [
            "openstack_networking_secgroup_v2.demo-secgroup"
          ]
        }
      ]
    },
    {
      "mode": "managed",
      "type": "openstack_networking_secgroup_rule_v2",
      "name": "udp",
      "provider": "provider[\"registry.terraform.io/terraform-provider-openstack/openstack\"]",
      "instances": [
        {
          "schema_version": 0,
          "attributes": {
            "description": "",
            "direction": "ingress",
            "ethertype": "IPv4",
            "id": "061a2ce5-c609-4a4b-92f6-910175f3770e",
            "port_range_max": 1194,
            "port_range_min": 1194,
            "protocol": "udp",
            "region": "us-east-1",
            "remote_group_id": "",
            "remote_ip_prefix": "",
            "security_group_id": "cee918ac-7f5e-4933-b15a-d05409dc8db7",
            "tenant_id": "733021daee244346a5b662f36b6c90e4",
            "timeouts": null
          },
          "sensitive_attributes": [],
          "private": "eyJlMmJmYjczMC1lY2FhLTExZTYtOGY4OC0zNDM2M2JjN2M0YzAiOnsiZGVsZXRlIjo2MDAwMDAwMDAwMDB9fQ==",
          "dependencies": [
            "openstack_networking_secgroup_v2.demo-secgroup"
          ]
        }
      ]
    },
    {
      "mode": "managed",
      "type": "openstack_networking_secgroup_v2",
      "name": "demo-secgroup",
      "provider": "provider[\"registry.terraform.io/terraform-provider-openstack/openstack\"]",
      "instances": [
        {
          "schema_version": 0,
          "attributes": {
            "all_tags": [],
            "delete_default_rules": null,
            "description": "jai-ecp demo security group",
            "id": "cee918ac-7f5e-4933-b15a-d05409dc8db7",
            "name": "jai-ecp-demo-secgroup",
            "region": "us-east-1",
            "tags": null,
            "tenant_id": "733021daee244346a5b662f36b6c90e4",
            "timeouts": null
          },
          "sensitive_attributes": [],
          "private": "eyJlMmJmYjczMC1lY2FhLTExZTYtOGY4OC0zNDM2M2JjN2M0YzAiOnsiZGVsZXRlIjo2MDAwMDAwMDAwMDB9fQ=="
        }
      ]
    },
    {
      "mode": "managed",
      "type": "openstack_networking_subnet_v2",
      "name": "demo-subnet",
      "provider": "provider[\"registry.terraform.io/terraform-provider-openstack/openstack\"]",
      "instances": [
        {
          "schema_version": 0,
          "attributes": {
            "all_tags": [],
            "allocation_pool": [
              {
                "end": "192.168.206.254",
                "start": "192.168.206.2"
              }
            ],
            "allocation_pools": [
              {
                "end": "192.168.206.254",
                "start": "192.168.206.2"
              }
            ],
            "cidr": "192.168.206.0/24",
            "description": "",
            "dns_nameservers": [
              "1.1.1.1",
              "1.0.0.1"
            ],
            "enable_dhcp": true,
            "gateway_ip": "192.168.206.1",
            "host_routes": [],
            "id": "e7473677-84c3-48bf-a1c9-df4d6b7481cc",
            "ip_version": 4,
            "ipv6_address_mode": "",
            "ipv6_ra_mode": "",
            "name": "jai-ecp-demo-subnet",
            "network_id": "11b20357-7a4e-4835-a3ec-073c87220ece",
            "no_gateway": false,
            "prefix_length": null,
            "region": "us-east-1",
            "subnetpool_id": "",
            "tags": null,
            "tenant_id": "733021daee244346a5b662f36b6c90e4",
            "timeouts": null,
            "value_specs": null
          },
          "sensitive_attributes": [],
          "private": "eyJlMmJmYjczMC1lY2FhLTExZTYtOGY4OC0zNDM2M2JjN2M0YzAiOnsiY3JlYXRlIjo2MDAwMDAwMDAwMDAsImRlbGV0ZSI6NjAwMDAwMDAwMDAwfX0=",
          "dependencies": [
            "openstack_networking_network_v2.demo-network"
          ]
        }
      ]
    }
  ]
}
