{
  "version": 4,
  "terraform_version": "0.14.8",
  "serial": 20457,
  "lineage": "a10c6155-6095-f035-28f1-c51aac726633",
  "outputs": {},
  "resources": [
    {
      "mode": "data",
      "type": "openstack_networking_network_v2",
      "name": "external_network",
      "provider": "provider[\"registry.terraform.io/terraform-provider-openstack/openstack\"]",
      "instances": [
        {
          "schema_version": 0,
          "attributes": {
            "admin_state_up": "true",
            "all_tags": [],
            "availability_zone_hints": [],
            "description": "",
            "dns_domain": "",
            "external": true,
            "id": "b1d68e5d-1be9-4d04-a5fa-b5c63a1f84a3",
            "matching_subnet_cidr": null,
            "mtu": 8950,
            "name": "external-floating-ips",
            "network_id": null,
            "region": "us-east-1",
            "shared": "false",
            "status": null,
            "tags": null,
            "tenant_id": "5a0c9aef4b974f8c926979554803c21f",
            "transparent_vlan": false
          },
          "sensitive_attributes": []
        }
      ]
    },
    {
      "mode": "data",
      "type": "template_file",
      "name": "cloud-config-master",
      "provider": "provider[\"registry.terraform.io/hashicorp/template\"]",
      "instances": [
        {
          "schema_version": 0,
          "attributes": {
            "filename": null,
            "id": "4e4f0531d7b323b7d853817cdd81699b82b30018b953ad1446bfcd60f2b82eca",
            "rendered": "#cloud-config\ngroups:\n  - docker\n\nusers:\n- default\n- name: hpe\n  lock_passwd: true\n  shell: /bin/bash\n  ssh-authorized-keys:\n    - ssh-rsa AAAAB3NzaC1yc2EAAAADAQABAAABgQDNprdejJnBUZ1Q0k6S5qXOBiL2mROWJoc8Iz29CD5NMOqxNrfXjFDnqFH9mdGGhlsx/aRSla9yOQp1O33DpdE+YJkfvrNqU+HmFOUwBWyFnzJ8Pyw8VLqDxv7QbRItaLB0rUyYuicTRqa4Xvvs8r6KtaB3N/XJBcYXLrAzl4UeQy799JIlrvS0yAz+zJbZA2TPPsQH6PLydHDBQsNObdHfQvF+b1XVNNETri+xZm7mpqjK64H8mvoNkH7jpjrNCf66TjW9mn+ayqBStcNQ8WLy05sMB7Z3BlM85RrnI648nK7+1mYYQ7/EMYPp7JIJ3KHx6qNUs1fmNH2nJjPKv9D0u7hCsaBhlEutrDkXUzwLmnJnh/L1ISyKnC4vUbOkRXhKi+LM0C3yupKZanSVLTOWACxWZ17jJBQOyuWmvfovNCX06xc1FbyLWlKPOGfL855QKaecJLcaZhzEmmo1Ifh5j+HpJybOvB9A/+UPzZs5sgdqoOLufEDzvOjFteoCb1c= jaideepjoshi@Jaideeps-MacBook-Pro-2.local\n\n  groups: [docker]\n  sudo: [\"ALL=(ALL) NOPASSWD:ALL\"]\n\n\npackages:\n  - apt-transport-https\n  - ca-certificates\n  - curl\n  - gnupg-agent\n  - software-properties-common\n\nruncmd:\n  - curl -fsSL https://download.docker.com/linux/ubuntu/gpg | apt-key add -\n  - add-apt-repository \"deb [arch=amd64] https://download.docker.com/linux/ubuntu $(lsb_release -cs) stable\"\n  - apt-get update -y\n  - apt-get install -y docker-ce docker-ce-cli containerd.io\n  - systemctl enable docker --now\n\n\nfinal_message: \"The system is finally up, after $UPTIME seconds\"",
            "template": "#cloud-config\ngroups:\n  - docker\n\nusers:\n- default\n- name: hpe\n  lock_passwd: true\n  shell: /bin/bash\n  ssh-authorized-keys:\n    - ${ssh_public_key}\n  groups: [docker]\n  sudo: [\"ALL=(ALL) NOPASSWD:ALL\"]\n\n\npackages:\n  - apt-transport-https\n  - ca-certificates\n  - curl\n  - gnupg-agent\n  - software-properties-common\n\nruncmd:\n  - curl -fsSL https://download.docker.com/linux/ubuntu/gpg | apt-key add -\n  - add-apt-repository \"deb [arch=amd64] https://download.docker.com/linux/ubuntu $(lsb_release -cs) stable\"\n  - apt-get update -y\n  - apt-get install -y docker-ce docker-ce-cli containerd.io\n  - systemctl enable docker --now\n\n\nfinal_message: \"The system is finally up, after $UPTIME seconds\"",
            "vars": {
              "ssh_public_key": "ssh-rsa AAAAB3NzaC1yc2EAAAADAQABAAABgQDNprdejJnBUZ1Q0k6S5qXOBiL2mROWJoc8Iz29CD5NMOqxNrfXjFDnqFH9mdGGhlsx/aRSla9yOQp1O33DpdE+YJkfvrNqU+HmFOUwBWyFnzJ8Pyw8VLqDxv7QbRItaLB0rUyYuicTRqa4Xvvs8r6KtaB3N/XJBcYXLrAzl4UeQy799JIlrvS0yAz+zJbZA2TPPsQH6PLydHDBQsNObdHfQvF+b1XVNNETri+xZm7mpqjK64H8mvoNkH7jpjrNCf66TjW9mn+ayqBStcNQ8WLy05sMB7Z3BlM85RrnI648nK7+1mYYQ7/EMYPp7JIJ3KHx6qNUs1fmNH2nJjPKv9D0u7hCsaBhlEutrDkXUzwLmnJnh/L1ISyKnC4vUbOkRXhKi+LM0C3yupKZanSVLTOWACxWZ17jJBQOyuWmvfovNCX06xc1FbyLWlKPOGfL855QKaecJLcaZhzEmmo1Ifh5j+HpJybOvB9A/+UPzZs5sgdqoOLufEDzvOjFteoCb1c= jaideepjoshi@Jaideeps-MacBook-Pro-2.local\n"
            }
          },
          "sensitive_attributes": []
        }
      ]
    },
    {
      "mode": "data",
      "type": "template_file",
      "name": "cloud-config-server",
      "provider": "provider[\"registry.terraform.io/hashicorp/template\"]",
      "instances": [
        {
          "schema_version": 0,
          "attributes": {
            "filename": null,
            "id": "e0f5d7270e19735d53149af76f77d162bdaf9df74a0a2d7180cb548e57134512",
            "rendered": "#cloud-config\ngroups:\n  - docker\n\nusers:\n- default\n- name: hpe\n  lock_passwd: true\n  shell: /bin/bash\n  ssh-authorized-keys:\n    - ssh-rsa AAAAB3NzaC1yc2EAAAADAQABAAABgQDNprdejJnBUZ1Q0k6S5qXOBiL2mROWJoc8Iz29CD5NMOqxNrfXjFDnqFH9mdGGhlsx/aRSla9yOQp1O33DpdE+YJkfvrNqU+HmFOUwBWyFnzJ8Pyw8VLqDxv7QbRItaLB0rUyYuicTRqa4Xvvs8r6KtaB3N/XJBcYXLrAzl4UeQy799JIlrvS0yAz+zJbZA2TPPsQH6PLydHDBQsNObdHfQvF+b1XVNNETri+xZm7mpqjK64H8mvoNkH7jpjrNCf66TjW9mn+ayqBStcNQ8WLy05sMB7Z3BlM85RrnI648nK7+1mYYQ7/EMYPp7JIJ3KHx6qNUs1fmNH2nJjPKv9D0u7hCsaBhlEutrDkXUzwLmnJnh/L1ISyKnC4vUbOkRXhKi+LM0C3yupKZanSVLTOWACxWZ17jJBQOyuWmvfovNCX06xc1FbyLWlKPOGfL855QKaecJLcaZhzEmmo1Ifh5j+HpJybOvB9A/+UPzZs5sgdqoOLufEDzvOjFteoCb1c= jaideepjoshi@Jaideeps-MacBook-Pro-2.local\n\n  groups: [docker]\n  sudo: [\"ALL=(ALL) NOPASSWD:ALL\"]\n\n\npackages:\n  - apt-transport-https\n  - ca-certificates\n  - curl\n  - gnupg-agent\n  - software-properties-common\n\nwrite_files:\n- content: |-\n    [Unit]\n    Description=Ezmeral as a service\n    Requires=docker.service\n    After=docker.service\n\n    [Service]\n    Restart=on-failure\n    RestartSec=10\n    ExecStart=/usr/bin/docker run \n    ExecStop=-/usr/bin/docker stop -t 2 %p\n\n    [Install]\n    WantedBy=multi-user.target\n  owner: root:root\n  path: /etc/systemd/system/ezmeral.service\n  permissions: '0644'\n\n\nruncmd:\n  - curl -fsSL https://download.docker.com/linux/ubuntu/gpg | apt-key add -\n  - add-apt-repository \"deb [arch=amd64] https://download.docker.com/linux/ubuntu $(lsb_release -cs) stable\"\n  - apt-get update -y\n  - apt-get install -y docker-ce docker-ce-cli containerd.io\n  - systemctl daemon-reload\n  - systemctl enable docker --now\n  - systemctl enable ezmeral --now\n  - mkdir /jaideep\n  - sudo yum -y -q install nfs-utils\n  - sudo mkdir /nfsroot\n\nfinal_message: \"The system is finally up, after $UPTIME seconds\"\n",
            "template": "#cloud-config\ngroups:\n  - docker\n\nusers:\n- default\n- name: hpe\n  lock_passwd: true\n  shell: /bin/bash\n  ssh-authorized-keys:\n    - ${ssh_public_key}\n  groups: [docker]\n  sudo: [\"ALL=(ALL) NOPASSWD:ALL\"]\n\n\npackages:\n  - apt-transport-https\n  - ca-certificates\n  - curl\n  - gnupg-agent\n  - software-properties-common\n\nwrite_files:\n- content: |-\n    [Unit]\n    Description=Ezmeral as a service\n    Requires=docker.service\n    After=docker.service\n\n    [Service]\n    Restart=on-failure\n    RestartSec=10\n    ExecStart=/usr/bin/docker run \n    ExecStop=-/usr/bin/docker stop -t 2 %p\n\n    [Install]\n    WantedBy=multi-user.target\n  owner: root:root\n  path: /etc/systemd/system/ezmeral.service\n  permissions: '0644'\n\n\nruncmd:\n  - curl -fsSL https://download.docker.com/linux/ubuntu/gpg | apt-key add -\n  - add-apt-repository \"deb [arch=amd64] https://download.docker.com/linux/ubuntu $(lsb_release -cs) stable\"\n  - apt-get update -y\n  - apt-get install -y docker-ce docker-ce-cli containerd.io\n  - systemctl daemon-reload\n  - systemctl enable docker --now\n  - systemctl enable ezmeral --now\n  - mkdir /jaideep\n  - sudo yum -y -q install nfs-utils\n  - sudo mkdir /nfsroot\n\nfinal_message: \"The system is finally up, after $UPTIME seconds\"\n",
            "vars": {
              "ssh_public_key": "ssh-rsa AAAAB3NzaC1yc2EAAAADAQABAAABgQDNprdejJnBUZ1Q0k6S5qXOBiL2mROWJoc8Iz29CD5NMOqxNrfXjFDnqFH9mdGGhlsx/aRSla9yOQp1O33DpdE+YJkfvrNqU+HmFOUwBWyFnzJ8Pyw8VLqDxv7QbRItaLB0rUyYuicTRqa4Xvvs8r6KtaB3N/XJBcYXLrAzl4UeQy799JIlrvS0yAz+zJbZA2TPPsQH6PLydHDBQsNObdHfQvF+b1XVNNETri+xZm7mpqjK64H8mvoNkH7jpjrNCf66TjW9mn+ayqBStcNQ8WLy05sMB7Z3BlM85RrnI648nK7+1mYYQ7/EMYPp7JIJ3KHx6qNUs1fmNH2nJjPKv9D0u7hCsaBhlEutrDkXUzwLmnJnh/L1ISyKnC4vUbOkRXhKi+LM0C3yupKZanSVLTOWACxWZ17jJBQOyuWmvfovNCX06xc1FbyLWlKPOGfL855QKaecJLcaZhzEmmo1Ifh5j+HpJybOvB9A/+UPzZs5sgdqoOLufEDzvOjFteoCb1c= jaideepjoshi@Jaideeps-MacBook-Pro-2.local\n"
            }
          },
          "sensitive_attributes": []
        }
      ]
    },
    {
      "mode": "data",
      "type": "template_file",
      "name": "cloud-config-worker",
      "provider": "provider[\"registry.terraform.io/hashicorp/template\"]",
      "instances": [
        {
          "schema_version": 0,
          "attributes": {
            "filename": null,
            "id": "4e4f0531d7b323b7d853817cdd81699b82b30018b953ad1446bfcd60f2b82eca",
            "rendered": "#cloud-config\ngroups:\n  - docker\n\nusers:\n- default\n- name: hpe\n  lock_passwd: true\n  shell: /bin/bash\n  ssh-authorized-keys:\n    - ssh-rsa AAAAB3NzaC1yc2EAAAADAQABAAABgQDNprdejJnBUZ1Q0k6S5qXOBiL2mROWJoc8Iz29CD5NMOqxNrfXjFDnqFH9mdGGhlsx/aRSla9yOQp1O33DpdE+YJkfvrNqU+HmFOUwBWyFnzJ8Pyw8VLqDxv7QbRItaLB0rUyYuicTRqa4Xvvs8r6KtaB3N/XJBcYXLrAzl4UeQy799JIlrvS0yAz+zJbZA2TPPsQH6PLydHDBQsNObdHfQvF+b1XVNNETri+xZm7mpqjK64H8mvoNkH7jpjrNCf66TjW9mn+ayqBStcNQ8WLy05sMB7Z3BlM85RrnI648nK7+1mYYQ7/EMYPp7JIJ3KHx6qNUs1fmNH2nJjPKv9D0u7hCsaBhlEutrDkXUzwLmnJnh/L1ISyKnC4vUbOkRXhKi+LM0C3yupKZanSVLTOWACxWZ17jJBQOyuWmvfovNCX06xc1FbyLWlKPOGfL855QKaecJLcaZhzEmmo1Ifh5j+HpJybOvB9A/+UPzZs5sgdqoOLufEDzvOjFteoCb1c= jaideepjoshi@Jaideeps-MacBook-Pro-2.local\n\n  groups: [docker]\n  sudo: [\"ALL=(ALL) NOPASSWD:ALL\"]\n\n\npackages:\n  - apt-transport-https\n  - ca-certificates\n  - curl\n  - gnupg-agent\n  - software-properties-common\n\nruncmd:\n  - curl -fsSL https://download.docker.com/linux/ubuntu/gpg | apt-key add -\n  - add-apt-repository \"deb [arch=amd64] https://download.docker.com/linux/ubuntu $(lsb_release -cs) stable\"\n  - apt-get update -y\n  - apt-get install -y docker-ce docker-ce-cli containerd.io\n  - systemctl enable docker --now\n\n\nfinal_message: \"The system is finally up, after $UPTIME seconds\"",
            "template": "#cloud-config\ngroups:\n  - docker\n\nusers:\n- default\n- name: hpe\n  lock_passwd: true\n  shell: /bin/bash\n  ssh-authorized-keys:\n    - ${ssh_public_key}\n  groups: [docker]\n  sudo: [\"ALL=(ALL) NOPASSWD:ALL\"]\n\n\npackages:\n  - apt-transport-https\n  - ca-certificates\n  - curl\n  - gnupg-agent\n  - software-properties-common\n\nruncmd:\n  - curl -fsSL https://download.docker.com/linux/ubuntu/gpg | apt-key add -\n  - add-apt-repository \"deb [arch=amd64] https://download.docker.com/linux/ubuntu $(lsb_release -cs) stable\"\n  - apt-get update -y\n  - apt-get install -y docker-ce docker-ce-cli containerd.io\n  - systemctl enable docker --now\n\n\nfinal_message: \"The system is finally up, after $UPTIME seconds\"",
            "vars": {
              "ssh_public_key": "ssh-rsa AAAAB3NzaC1yc2EAAAADAQABAAABgQDNprdejJnBUZ1Q0k6S5qXOBiL2mROWJoc8Iz29CD5NMOqxNrfXjFDnqFH9mdGGhlsx/aRSla9yOQp1O33DpdE+YJkfvrNqU+HmFOUwBWyFnzJ8Pyw8VLqDxv7QbRItaLB0rUyYuicTRqa4Xvvs8r6KtaB3N/XJBcYXLrAzl4UeQy799JIlrvS0yAz+zJbZA2TPPsQH6PLydHDBQsNObdHfQvF+b1XVNNETri+xZm7mpqjK64H8mvoNkH7jpjrNCf66TjW9mn+ayqBStcNQ8WLy05sMB7Z3BlM85RrnI648nK7+1mYYQ7/EMYPp7JIJ3KHx6qNUs1fmNH2nJjPKv9D0u7hCsaBhlEutrDkXUzwLmnJnh/L1ISyKnC4vUbOkRXhKi+LM0C3yupKZanSVLTOWACxWZ17jJBQOyuWmvfovNCX06xc1FbyLWlKPOGfL855QKaecJLcaZhzEmmo1Ifh5j+HpJybOvB9A/+UPzZs5sgdqoOLufEDzvOjFteoCb1c= jaideepjoshi@Jaideeps-MacBook-Pro-2.local\n"
            }
          },
          "sensitive_attributes": []
        }
      ]
    },
    {
      "mode": "managed",
      "type": "null_resource",
      "name": "provision_vpnserver",
      "provider": "provider[\"registry.terraform.io/hashicorp/null\"]",
      "instances": [
        {
          "schema_version": 0,
          "attributes": {
            "id": "4121868131180942630",
            "triggers": null
          },
          "sensitive_attributes": [],
          "private": "bnVsbA==",
          "dependencies": [
            "openstack_blockstorage_volume_v3.demo-vpnserver-sda",
            "openstack_compute_floatingip_associate_v2.demo-vpnserver-ip-attach",
            "openstack_compute_instance_v2.demo-vpnserver",
            "openstack_compute_keypair_v2.demo-keypair",
            "openstack_networking_floatingip_v2.demo-vpnserver-ip",
            "openstack_networking_network_v2.demo-network",
            "openstack_networking_secgroup_v2.demo-secgroup"
          ]
        }
      ]
    },
    {
      "mode": "managed",
      "type": "openstack_blockstorage_volume_v3",
      "name": "demo-adserver-sda",
      "provider": "provider[\"registry.terraform.io/terraform-provider-openstack/openstack\"]",
      "instances": [
        {
          "schema_version": 0,
          "attributes": {
            "attachment": [],
            "availability_zone": "nova",
            "consistency_group_id": null,
            "description": "",
            "enable_online_resize": null,
            "id": "7cc8bf23-3377-45dd-9f12-01da8ac4badb",
            "image_id": "6b2024f7-29d8-446b-bdad-ca78ca8573a5",
            "metadata": {
              "User": "jaideep.joshi"
            },
            "multiattach": null,
            "name": "jai-ecp-demo-adserver-sda",
            "region": "us-east-1",
            "scheduler_hints": [],
            "size": 51,
            "snapshot_id": "",
            "source_replica": null,
            "source_vol_id": "",
            "timeouts": null,
            "volume_type": "__DEFAULT__"
          },
          "sensitive_attributes": [],
          "private": "eyJlMmJmYjczMC1lY2FhLTExZTYtOGY4OC0zNDM2M2JjN2M0YzAiOnsiY3JlYXRlIjo2MDAwMDAwMDAwMDAsImRlbGV0ZSI6NjAwMDAwMDAwMDAwfX0="
        }
      ]
    },
    {
      "mode": "managed",
      "type": "openstack_blockstorage_volume_v3",
      "name": "demo-controller-sda",
      "provider": "provider[\"registry.terraform.io/terraform-provider-openstack/openstack\"]",
      "instances": [
        {
          "schema_version": 0,
          "attributes": {
            "attachment": [],
            "availability_zone": "nova",
            "consistency_group_id": null,
            "description": "",
            "enable_online_resize": null,
            "id": "7c398d3d-f7a9-453b-bf4f-3c9b591906c4",
            "image_id": "6b2024f7-29d8-446b-bdad-ca78ca8573a5",
            "metadata": {
              "User": "jaideep.joshi"
            },
            "multiattach": null,
            "name": "jai-ecp-demo-controller-sda",
            "region": "us-east-1",
            "scheduler_hints": [],
            "size": 301,
            "snapshot_id": "",
            "source_replica": null,
            "source_vol_id": "",
            "timeouts": null,
            "volume_type": "__DEFAULT__"
          },
          "sensitive_attributes": [],
          "private": "eyJlMmJmYjczMC1lY2FhLTExZTYtOGY4OC0zNDM2M2JjN2M0YzAiOnsiY3JlYXRlIjo2MDAwMDAwMDAwMDAsImRlbGV0ZSI6NjAwMDAwMDAwMDAwfX0="
        }
      ]
    },
    {
      "mode": "managed",
      "type": "openstack_blockstorage_volume_v3",
      "name": "demo-controller-sdb",
      "provider": "provider[\"registry.terraform.io/terraform-provider-openstack/openstack\"]",
      "instances": [
        {
          "schema_version": 0,
          "attributes": {
            "attachment": [],
            "availability_zone": "nova",
            "consistency_group_id": null,
            "description": "",
            "enable_online_resize": null,
            "id": "c6ad9388-fedd-4629-ba76-97e622e0c8f3",
            "image_id": null,
            "metadata": {
              "User": "jaideep.joshi"
            },
            "multiattach": null,
            "name": "jai-ecp-demo-controller-sdb",
            "region": "us-east-1",
            "scheduler_hints": [],
            "size": 501,
            "snapshot_id": "",
            "source_replica": null,
            "source_vol_id": "",
            "timeouts": null,
            "volume_type": "__DEFAULT__"
          },
          "sensitive_attributes": [],
          "private": "eyJlMmJmYjczMC1lY2FhLTExZTYtOGY4OC0zNDM2M2JjN2M0YzAiOnsiY3JlYXRlIjo2MDAwMDAwMDAwMDAsImRlbGV0ZSI6NjAwMDAwMDAwMDAwfX0="
        }
      ]
    },
    {
      "mode": "managed",
      "type": "openstack_blockstorage_volume_v3",
      "name": "demo-controller-sdc",
      "provider": "provider[\"registry.terraform.io/terraform-provider-openstack/openstack\"]",
      "instances": [
        {
          "schema_version": 0,
          "attributes": {
            "attachment": [],
            "availability_zone": "nova",
            "consistency_group_id": null,
            "description": "",
            "enable_online_resize": null,
            "id": "4fb3efbe-8a10-440c-be92-2d84fd490245",
            "image_id": null,
            "metadata": {
              "User": "jaideep.joshi"
            },
            "multiattach": null,
            "name": "jai-ecp-demo-controller-sdc",
            "region": "us-east-1",
            "scheduler_hints": [],
            "size": 501,
            "snapshot_id": "",
            "source_replica": null,
            "source_vol_id": "",
            "timeouts": null,
            "volume_type": "__DEFAULT__"
          },
          "sensitive_attributes": [],
          "private": "eyJlMmJmYjczMC1lY2FhLTExZTYtOGY4OC0zNDM2M2JjN2M0YzAiOnsiY3JlYXRlIjo2MDAwMDAwMDAwMDAsImRlbGV0ZSI6NjAwMDAwMDAwMDAwfX0="
        }
      ]
    },
    {
      "mode": "managed",
      "type": "openstack_blockstorage_volume_v3",
      "name": "demo-gateway-sda",
      "provider": "provider[\"registry.terraform.io/terraform-provider-openstack/openstack\"]",
      "instances": [
        {
          "schema_version": 0,
          "attributes": {
            "attachment": [],
            "availability_zone": "nova",
            "consistency_group_id": null,
            "description": "",
            "enable_online_resize": null,
            "id": "1e8bffc5-bf34-4e4d-9b20-f8d21b2e101b",
            "image_id": "6b2024f7-29d8-446b-bdad-ca78ca8573a5",
            "metadata": {
              "User": "jaideep.joshi"
            },
            "multiattach": null,
            "name": "jai-ecp-demo-gateway-sda",
            "region": "us-east-1",
            "scheduler_hints": [],
            "size": 501,
            "snapshot_id": "",
            "source_replica": null,
            "source_vol_id": "",
            "timeouts": null,
            "volume_type": "__DEFAULT__"
          },
          "sensitive_attributes": [],
          "private": "eyJlMmJmYjczMC1lY2FhLTExZTYtOGY4OC0zNDM2M2JjN2M0YzAiOnsiY3JlYXRlIjo2MDAwMDAwMDAwMDAsImRlbGV0ZSI6NjAwMDAwMDAwMDAwfX0="
        }
      ]
    },
    {
      "mode": "managed",
      "type": "openstack_blockstorage_volume_v3",
      "name": "demo-k8sdfmlopsmaster-sda",
      "provider": "provider[\"registry.terraform.io/terraform-provider-openstack/openstack\"]",
      "instances": [
        {
          "index_key": 0,
          "schema_version": 0,
          "attributes": {
            "attachment": [],
            "availability_zone": "nova",
            "consistency_group_id": null,
            "description": "",
            "enable_online_resize": null,
            "id": "4b135082-c138-4a8f-9a82-b593d92b8210",
            "image_id": "6b2024f7-29d8-446b-bdad-ca78ca8573a5",
            "metadata": {
              "User": "jaideep.joshi"
            },
            "multiattach": null,
            "name": "jai-ecp-demo-k8sdfmlopsmaster-1-sda",
            "region": "us-east-1",
            "scheduler_hints": [],
            "size": 551,
            "snapshot_id": "",
            "source_replica": null,
            "source_vol_id": "",
            "timeouts": null,
            "volume_type": "__DEFAULT__"
          },
          "sensitive_attributes": [],
          "private": "eyJlMmJmYjczMC1lY2FhLTExZTYtOGY4OC0zNDM2M2JjN2M0YzAiOnsiY3JlYXRlIjo2MDAwMDAwMDAwMDAsImRlbGV0ZSI6NjAwMDAwMDAwMDAwfX0="
        },
        {
          "index_key": 1,
          "schema_version": 0,
          "attributes": {
            "attachment": [],
            "availability_zone": "nova",
            "consistency_group_id": null,
            "description": "",
            "enable_online_resize": null,
            "id": "0367df58-76c6-45da-a82c-4bbd248304fb",
            "image_id": "6b2024f7-29d8-446b-bdad-ca78ca8573a5",
            "metadata": {
              "User": "jaideep.joshi"
            },
            "multiattach": null,
            "name": "jai-ecp-demo-k8sdfmlopsmaster-2-sda",
            "region": "us-east-1",
            "scheduler_hints": [],
            "size": 551,
            "snapshot_id": "",
            "source_replica": null,
            "source_vol_id": "",
            "timeouts": null,
            "volume_type": "__DEFAULT__"
          },
          "sensitive_attributes": [],
          "private": "eyJlMmJmYjczMC1lY2FhLTExZTYtOGY4OC0zNDM2M2JjN2M0YzAiOnsiY3JlYXRlIjo2MDAwMDAwMDAwMDAsImRlbGV0ZSI6NjAwMDAwMDAwMDAwfX0="
        },
        {
          "index_key": 2,
          "schema_version": 0,
          "attributes": {
            "attachment": [],
            "availability_zone": "nova",
            "consistency_group_id": null,
            "description": "",
            "enable_online_resize": null,
            "id": "e26bb186-bd21-4b25-bd56-f878d0262fe5",
            "image_id": "6b2024f7-29d8-446b-bdad-ca78ca8573a5",
            "metadata": {
              "User": "jaideep.joshi"
            },
            "multiattach": null,
            "name": "jai-ecp-demo-k8sdfmlopsmaster-3-sda",
            "region": "us-east-1",
            "scheduler_hints": [],
            "size": 551,
            "snapshot_id": "",
            "source_replica": null,
            "source_vol_id": "",
            "timeouts": null,
            "volume_type": "__DEFAULT__"
          },
          "sensitive_attributes": [],
          "private": "eyJlMmJmYjczMC1lY2FhLTExZTYtOGY4OC0zNDM2M2JjN2M0YzAiOnsiY3JlYXRlIjo2MDAwMDAwMDAwMDAsImRlbGV0ZSI6NjAwMDAwMDAwMDAwfX0="
        }
      ]
    },
    {
      "mode": "managed",
      "type": "openstack_blockstorage_volume_v3",
      "name": "demo-k8sdfmlopsmaster-sdb",
      "provider": "provider[\"registry.terraform.io/terraform-provider-openstack/openstack\"]",
      "instances": [
        {
          "index_key": 0,
          "schema_version": 0,
          "attributes": {
            "attachment": [],
            "availability_zone": "nova",
            "consistency_group_id": null,
            "description": "",
            "enable_online_resize": null,
            "id": "38f55de4-de5b-4d7e-9ea9-25754b205766",
            "image_id": null,
            "metadata": {
              "User": "jaideep.joshi"
            },
            "multiattach": null,
            "name": "jai-ecp-demo-k8sdfmlopsmaster-1-sdb",
            "region": "us-east-1",
            "scheduler_hints": [],
            "size": 551,
            "snapshot_id": "",
            "source_replica": null,
            "source_vol_id": "",
            "timeouts": null,
            "volume_type": "__DEFAULT__"
          },
          "sensitive_attributes": [],
          "private": "eyJlMmJmYjczMC1lY2FhLTExZTYtOGY4OC0zNDM2M2JjN2M0YzAiOnsiY3JlYXRlIjo2MDAwMDAwMDAwMDAsImRlbGV0ZSI6NjAwMDAwMDAwMDAwfX0="
        },
        {
          "index_key": 1,
          "schema_version": 0,
          "attributes": {
            "attachment": [],
            "availability_zone": "nova",
            "consistency_group_id": null,
            "description": "",
            "enable_online_resize": null,
            "id": "5440b244-5ee9-47a2-91dc-1d1cfe78d5ae",
            "image_id": null,
            "metadata": {
              "User": "jaideep.joshi"
            },
            "multiattach": null,
            "name": "jai-ecp-demo-k8sdfmlopsmaster-2-sdb",
            "region": "us-east-1",
            "scheduler_hints": [],
            "size": 551,
            "snapshot_id": "",
            "source_replica": null,
            "source_vol_id": "",
            "timeouts": null,
            "volume_type": "__DEFAULT__"
          },
          "sensitive_attributes": [],
          "private": "eyJlMmJmYjczMC1lY2FhLTExZTYtOGY4OC0zNDM2M2JjN2M0YzAiOnsiY3JlYXRlIjo2MDAwMDAwMDAwMDAsImRlbGV0ZSI6NjAwMDAwMDAwMDAwfX0="
        },
        {
          "index_key": 2,
          "schema_version": 0,
          "attributes": {
            "attachment": [],
            "availability_zone": "nova",
            "consistency_group_id": null,
            "description": "",
            "enable_online_resize": null,
            "id": "26d954e2-7617-440f-b766-df044434f961",
            "image_id": null,
            "metadata": {
              "User": "jaideep.joshi"
            },
            "multiattach": null,
            "name": "jai-ecp-demo-k8sdfmlopsmaster-3-sdb",
            "region": "us-east-1",
            "scheduler_hints": [],
            "size": 551,
            "snapshot_id": "",
            "source_replica": null,
            "source_vol_id": "",
            "timeouts": null,
            "volume_type": "__DEFAULT__"
          },
          "sensitive_attributes": [],
          "private": "eyJlMmJmYjczMC1lY2FhLTExZTYtOGY4OC0zNDM2M2JjN2M0YzAiOnsiY3JlYXRlIjo2MDAwMDAwMDAwMDAsImRlbGV0ZSI6NjAwMDAwMDAwMDAwfX0="
        }
      ]
    },
    {
      "mode": "managed",
      "type": "openstack_blockstorage_volume_v3",
      "name": "demo-k8sdfmlopsmaster-sdc",
      "provider": "provider[\"registry.terraform.io/terraform-provider-openstack/openstack\"]",
      "instances": [
        {
          "index_key": 0,
          "schema_version": 0,
          "attributes": {
            "attachment": [],
            "availability_zone": "nova",
            "consistency_group_id": null,
            "description": "",
            "enable_online_resize": null,
            "id": "09e06567-fbd8-48f5-960a-9fda44d649b5",
            "image_id": null,
            "metadata": {
              "User": "jaideep.joshi"
            },
            "multiattach": null,
            "name": "jai-ecp-demo-k8sdfmlopsmaster-1-sdc",
            "region": "us-east-1",
            "scheduler_hints": [],
            "size": 551,
            "snapshot_id": "",
            "source_replica": null,
            "source_vol_id": "",
            "timeouts": null,
            "volume_type": "__DEFAULT__"
          },
          "sensitive_attributes": [],
          "private": "eyJlMmJmYjczMC1lY2FhLTExZTYtOGY4OC0zNDM2M2JjN2M0YzAiOnsiY3JlYXRlIjo2MDAwMDAwMDAwMDAsImRlbGV0ZSI6NjAwMDAwMDAwMDAwfX0="
        },
        {
          "index_key": 1,
          "schema_version": 0,
          "attributes": {
            "attachment": [],
            "availability_zone": "nova",
            "consistency_group_id": null,
            "description": "",
            "enable_online_resize": null,
            "id": "f5b542f6-15d2-46c3-a035-4f45bdacb36e",
            "image_id": null,
            "metadata": {
              "User": "jaideep.joshi"
            },
            "multiattach": null,
            "name": "jai-ecp-demo-k8sdfmlopsmaster-2-sdc",
            "region": "us-east-1",
            "scheduler_hints": [],
            "size": 551,
            "snapshot_id": "",
            "source_replica": null,
            "source_vol_id": "",
            "timeouts": null,
            "volume_type": "__DEFAULT__"
          },
          "sensitive_attributes": [],
          "private": "eyJlMmJmYjczMC1lY2FhLTExZTYtOGY4OC0zNDM2M2JjN2M0YzAiOnsiY3JlYXRlIjo2MDAwMDAwMDAwMDAsImRlbGV0ZSI6NjAwMDAwMDAwMDAwfX0="
        },
        {
          "index_key": 2,
          "schema_version": 0,
          "attributes": {
            "attachment": [],
            "availability_zone": "nova",
            "consistency_group_id": null,
            "description": "",
            "enable_online_resize": null,
            "id": "fb803cbd-2405-4921-9f00-c969f9e53957",
            "image_id": null,
            "metadata": {
              "User": "jaideep.joshi"
            },
            "multiattach": null,
            "name": "jai-ecp-demo-k8sdfmlopsmaster-3-sdc",
            "region": "us-east-1",
            "scheduler_hints": [],
            "size": 551,
            "snapshot_id": "",
            "source_replica": null,
            "source_vol_id": "",
            "timeouts": null,
            "volume_type": "__DEFAULT__"
          },
          "sensitive_attributes": [],
          "private": "eyJlMmJmYjczMC1lY2FhLTExZTYtOGY4OC0zNDM2M2JjN2M0YzAiOnsiY3JlYXRlIjo2MDAwMDAwMDAwMDAsImRlbGV0ZSI6NjAwMDAwMDAwMDAwfX0="
        }
      ]
    },
    {
      "mode": "managed",
      "type": "openstack_blockstorage_volume_v3",
      "name": "demo-k8sdfworker-sda",
      "provider": "provider[\"registry.terraform.io/terraform-provider-openstack/openstack\"]",
      "instances": [
        {
          "index_key": 0,
          "schema_version": 0,
          "attributes": {
            "attachment": [],
            "availability_zone": "nova",
            "consistency_group_id": null,
            "description": "",
            "enable_online_resize": null,
            "id": "47c3faea-973e-4d61-a347-4b35269b8cb5",
            "image_id": "6b2024f7-29d8-446b-bdad-ca78ca8573a5",
            "metadata": {
              "User": "jaideep.joshi"
            },
            "multiattach": null,
            "name": "jai-ecp-demo-k8sdfworker-1-sda",
            "region": "us-east-1",
            "scheduler_hints": [],
            "size": 551,
            "snapshot_id": "",
            "source_replica": null,
            "source_vol_id": "",
            "timeouts": null,
            "volume_type": "__DEFAULT__"
          },
          "sensitive_attributes": [],
          "private": "eyJlMmJmYjczMC1lY2FhLTExZTYtOGY4OC0zNDM2M2JjN2M0YzAiOnsiY3JlYXRlIjo2MDAwMDAwMDAwMDAsImRlbGV0ZSI6NjAwMDAwMDAwMDAwfX0="
        },
        {
          "index_key": 1,
          "schema_version": 0,
          "attributes": {
            "attachment": [],
            "availability_zone": "nova",
            "consistency_group_id": null,
            "description": "",
            "enable_online_resize": null,
            "id": "e5334cd3-adc2-4698-a540-caf945919f28",
            "image_id": "6b2024f7-29d8-446b-bdad-ca78ca8573a5",
            "metadata": {
              "User": "jaideep.joshi"
            },
            "multiattach": null,
            "name": "jai-ecp-demo-k8sdfworker-2-sda",
            "region": "us-east-1",
            "scheduler_hints": [],
            "size": 551,
            "snapshot_id": "",
            "source_replica": null,
            "source_vol_id": "",
            "timeouts": null,
            "volume_type": "__DEFAULT__"
          },
          "sensitive_attributes": [],
          "private": "eyJlMmJmYjczMC1lY2FhLTExZTYtOGY4OC0zNDM2M2JjN2M0YzAiOnsiY3JlYXRlIjo2MDAwMDAwMDAwMDAsImRlbGV0ZSI6NjAwMDAwMDAwMDAwfX0="
        },
        {
          "index_key": 2,
          "schema_version": 0,
          "attributes": {
            "attachment": [],
            "availability_zone": "nova",
            "consistency_group_id": null,
            "description": "",
            "enable_online_resize": null,
            "id": "5d8477aa-047e-4d8f-aeb0-5a696b79db03",
            "image_id": "6b2024f7-29d8-446b-bdad-ca78ca8573a5",
            "metadata": {
              "User": "jaideep.joshi"
            },
            "multiattach": null,
            "name": "jai-ecp-demo-k8sdfworker-3-sda",
            "region": "us-east-1",
            "scheduler_hints": [],
            "size": 551,
            "snapshot_id": "",
            "source_replica": null,
            "source_vol_id": "",
            "timeouts": null,
            "volume_type": "__DEFAULT__"
          },
          "sensitive_attributes": [],
          "private": "eyJlMmJmYjczMC1lY2FhLTExZTYtOGY4OC0zNDM2M2JjN2M0YzAiOnsiY3JlYXRlIjo2MDAwMDAwMDAwMDAsImRlbGV0ZSI6NjAwMDAwMDAwMDAwfX0="
        },
        {
          "index_key": 3,
          "schema_version": 0,
          "attributes": {
            "attachment": [],
            "availability_zone": "nova",
            "consistency_group_id": null,
            "description": "",
            "enable_online_resize": null,
            "id": "93390d7b-4261-43cc-9527-69f360323934",
            "image_id": "6b2024f7-29d8-446b-bdad-ca78ca8573a5",
            "metadata": {
              "User": "jaideep.joshi"
            },
            "multiattach": null,
            "name": "jai-ecp-demo-k8sdfworker-4-sda",
            "region": "us-east-1",
            "scheduler_hints": [],
            "size": 551,
            "snapshot_id": "",
            "source_replica": null,
            "source_vol_id": "",
            "timeouts": null,
            "volume_type": "__DEFAULT__"
          },
          "sensitive_attributes": [],
          "private": "eyJlMmJmYjczMC1lY2FhLTExZTYtOGY4OC0zNDM2M2JjN2M0YzAiOnsiY3JlYXRlIjo2MDAwMDAwMDAwMDAsImRlbGV0ZSI6NjAwMDAwMDAwMDAwfX0="
        },
        {
          "index_key": 4,
          "schema_version": 0,
          "attributes": {
            "attachment": [],
            "availability_zone": "nova",
            "consistency_group_id": null,
            "description": "",
            "enable_online_resize": null,
            "id": "6bb5cd53-d033-43e0-89c3-52392f625770",
            "image_id": "6b2024f7-29d8-446b-bdad-ca78ca8573a5",
            "metadata": {
              "User": "jaideep.joshi"
            },
            "multiattach": null,
            "name": "jai-ecp-demo-k8sdfworker-5-sda",
            "region": "us-east-1",
            "scheduler_hints": [],
            "size": 551,
            "snapshot_id": "",
            "source_replica": null,
            "source_vol_id": "",
            "timeouts": null,
            "volume_type": "__DEFAULT__"
          },
          "sensitive_attributes": [],
          "private": "eyJlMmJmYjczMC1lY2FhLTExZTYtOGY4OC0zNDM2M2JjN2M0YzAiOnsiY3JlYXRlIjo2MDAwMDAwMDAwMDAsImRlbGV0ZSI6NjAwMDAwMDAwMDAwfX0="
        }
      ]
    },
    {
      "mode": "managed",
      "type": "openstack_blockstorage_volume_v3",
      "name": "demo-k8sdfworker-sdb",
      "provider": "provider[\"registry.terraform.io/terraform-provider-openstack/openstack\"]",
      "instances": [
        {
          "index_key": 0,
          "schema_version": 0,
          "attributes": {
            "attachment": [],
            "availability_zone": "nova",
            "consistency_group_id": null,
            "description": "",
            "enable_online_resize": null,
            "id": "fb10d64a-0d59-420d-a4a1-a3fb01641b56",
            "image_id": null,
            "metadata": {
              "User": "jaideep.joshi"
            },
            "multiattach": null,
            "name": "jai-ecp-demo-k8sdfworker-1-sdb",
            "region": "us-east-1",
            "scheduler_hints": [],
            "size": 551,
            "snapshot_id": "",
            "source_replica": null,
            "source_vol_id": "",
            "timeouts": null,
            "volume_type": "__DEFAULT__"
          },
          "sensitive_attributes": [],
          "private": "eyJlMmJmYjczMC1lY2FhLTExZTYtOGY4OC0zNDM2M2JjN2M0YzAiOnsiY3JlYXRlIjo2MDAwMDAwMDAwMDAsImRlbGV0ZSI6NjAwMDAwMDAwMDAwfX0="
        },
        {
          "index_key": 1,
          "schema_version": 0,
          "attributes": {
            "attachment": [],
            "availability_zone": "nova",
            "consistency_group_id": null,
            "description": "",
            "enable_online_resize": null,
            "id": "a173ad7e-0051-434f-bc3d-45249c760531",
            "image_id": null,
            "metadata": {
              "User": "jaideep.joshi"
            },
            "multiattach": null,
            "name": "jai-ecp-demo-k8sdfworker-2-sdb",
            "region": "us-east-1",
            "scheduler_hints": [],
            "size": 551,
            "snapshot_id": "",
            "source_replica": null,
            "source_vol_id": "",
            "timeouts": null,
            "volume_type": "__DEFAULT__"
          },
          "sensitive_attributes": [],
          "private": "eyJlMmJmYjczMC1lY2FhLTExZTYtOGY4OC0zNDM2M2JjN2M0YzAiOnsiY3JlYXRlIjo2MDAwMDAwMDAwMDAsImRlbGV0ZSI6NjAwMDAwMDAwMDAwfX0="
        },
        {
          "index_key": 2,
          "schema_version": 0,
          "attributes": {
            "attachment": [],
            "availability_zone": "nova",
            "consistency_group_id": null,
            "description": "",
            "enable_online_resize": null,
            "id": "af0c21a4-ebf1-4de9-9f4c-174a19d5fc3b",
            "image_id": null,
            "metadata": {
              "User": "jaideep.joshi"
            },
            "multiattach": null,
            "name": "jai-ecp-demo-k8sdfworker-3-sdb",
            "region": "us-east-1",
            "scheduler_hints": [],
            "size": 551,
            "snapshot_id": "",
            "source_replica": null,
            "source_vol_id": "",
            "timeouts": null,
            "volume_type": "__DEFAULT__"
          },
          "sensitive_attributes": [],
          "private": "eyJlMmJmYjczMC1lY2FhLTExZTYtOGY4OC0zNDM2M2JjN2M0YzAiOnsiY3JlYXRlIjo2MDAwMDAwMDAwMDAsImRlbGV0ZSI6NjAwMDAwMDAwMDAwfX0="
        },
        {
          "index_key": 3,
          "schema_version": 0,
          "attributes": {
            "attachment": [],
            "availability_zone": "nova",
            "consistency_group_id": null,
            "description": "",
            "enable_online_resize": null,
            "id": "a54e9a2e-f5f4-44d1-98ef-a5fc9c9b8091",
            "image_id": null,
            "metadata": {
              "User": "jaideep.joshi"
            },
            "multiattach": null,
            "name": "jai-ecp-demo-k8sdfworker-4-sdb",
            "region": "us-east-1",
            "scheduler_hints": [],
            "size": 551,
            "snapshot_id": "",
            "source_replica": null,
            "source_vol_id": "",
            "timeouts": null,
            "volume_type": "__DEFAULT__"
          },
          "sensitive_attributes": [],
          "private": "eyJlMmJmYjczMC1lY2FhLTExZTYtOGY4OC0zNDM2M2JjN2M0YzAiOnsiY3JlYXRlIjo2MDAwMDAwMDAwMDAsImRlbGV0ZSI6NjAwMDAwMDAwMDAwfX0="
        },
        {
          "index_key": 4,
          "schema_version": 0,
          "attributes": {
            "attachment": [],
            "availability_zone": "nova",
            "consistency_group_id": null,
            "description": "",
            "enable_online_resize": null,
            "id": "11c61872-2448-470c-8ef2-600c8e5b3edd",
            "image_id": null,
            "metadata": {
              "User": "jaideep.joshi"
            },
            "multiattach": null,
            "name": "jai-ecp-demo-k8sdfworker-5-sdb",
            "region": "us-east-1",
            "scheduler_hints": [],
            "size": 551,
            "snapshot_id": "",
            "source_replica": null,
            "source_vol_id": "",
            "timeouts": null,
            "volume_type": "__DEFAULT__"
          },
          "sensitive_attributes": [],
          "private": "eyJlMmJmYjczMC1lY2FhLTExZTYtOGY4OC0zNDM2M2JjN2M0YzAiOnsiY3JlYXRlIjo2MDAwMDAwMDAwMDAsImRlbGV0ZSI6NjAwMDAwMDAwMDAwfX0="
        }
      ]
    },
    {
      "mode": "managed",
      "type": "openstack_blockstorage_volume_v3",
      "name": "demo-k8sdfworker-sdc",
      "provider": "provider[\"registry.terraform.io/terraform-provider-openstack/openstack\"]",
      "instances": [
        {
          "index_key": 0,
          "schema_version": 0,
          "attributes": {
            "attachment": [],
            "availability_zone": "nova",
            "consistency_group_id": null,
            "description": "",
            "enable_online_resize": null,
            "id": "cc0350a0-866b-47d8-8d35-5ca1308deabb",
            "image_id": null,
            "metadata": {
              "User": "jaideep.joshi"
            },
            "multiattach": null,
            "name": "jai-ecp-demo-k8sdfworker-1-sdc",
            "region": "us-east-1",
            "scheduler_hints": [],
            "size": 551,
            "snapshot_id": "",
            "source_replica": null,
            "source_vol_id": "",
            "timeouts": null,
            "volume_type": "__DEFAULT__"
          },
          "sensitive_attributes": [],
          "private": "eyJlMmJmYjczMC1lY2FhLTExZTYtOGY4OC0zNDM2M2JjN2M0YzAiOnsiY3JlYXRlIjo2MDAwMDAwMDAwMDAsImRlbGV0ZSI6NjAwMDAwMDAwMDAwfX0="
        },
        {
          "index_key": 1,
          "schema_version": 0,
          "attributes": {
            "attachment": [],
            "availability_zone": "nova",
            "consistency_group_id": null,
            "description": "",
            "enable_online_resize": null,
            "id": "620b55ed-ab3d-48e5-86fb-b86547a05a7e",
            "image_id": null,
            "metadata": {
              "User": "jaideep.joshi"
            },
            "multiattach": null,
            "name": "jai-ecp-demo-k8sdfworker-2-sdc",
            "region": "us-east-1",
            "scheduler_hints": [],
            "size": 551,
            "snapshot_id": "",
            "source_replica": null,
            "source_vol_id": "",
            "timeouts": null,
            "volume_type": "__DEFAULT__"
          },
          "sensitive_attributes": [],
          "private": "eyJlMmJmYjczMC1lY2FhLTExZTYtOGY4OC0zNDM2M2JjN2M0YzAiOnsiY3JlYXRlIjo2MDAwMDAwMDAwMDAsImRlbGV0ZSI6NjAwMDAwMDAwMDAwfX0="
        },
        {
          "index_key": 2,
          "schema_version": 0,
          "attributes": {
            "attachment": [],
            "availability_zone": "nova",
            "consistency_group_id": null,
            "description": "",
            "enable_online_resize": null,
            "id": "1352ae9a-25ce-4a73-a813-bd2cb85cdb1d",
            "image_id": null,
            "metadata": {
              "User": "jaideep.joshi"
            },
            "multiattach": null,
            "name": "jai-ecp-demo-k8sdfworker-3-sdc",
            "region": "us-east-1",
            "scheduler_hints": [],
            "size": 551,
            "snapshot_id": "",
            "source_replica": null,
            "source_vol_id": "",
            "timeouts": null,
            "volume_type": "__DEFAULT__"
          },
          "sensitive_attributes": [],
          "private": "eyJlMmJmYjczMC1lY2FhLTExZTYtOGY4OC0zNDM2M2JjN2M0YzAiOnsiY3JlYXRlIjo2MDAwMDAwMDAwMDAsImRlbGV0ZSI6NjAwMDAwMDAwMDAwfX0="
        },
        {
          "index_key": 3,
          "schema_version": 0,
          "attributes": {
            "attachment": [],
            "availability_zone": "nova",
            "consistency_group_id": null,
            "description": "",
            "enable_online_resize": null,
            "id": "5dded709-db54-42c7-9d56-dd4e20832516",
            "image_id": null,
            "metadata": {
              "User": "jaideep.joshi"
            },
            "multiattach": null,
            "name": "jai-ecp-demo-k8sdfworker-4-sdc",
            "region": "us-east-1",
            "scheduler_hints": [],
            "size": 551,
            "snapshot_id": "",
            "source_replica": null,
            "source_vol_id": "",
            "timeouts": null,
            "volume_type": "__DEFAULT__"
          },
          "sensitive_attributes": [],
          "private": "eyJlMmJmYjczMC1lY2FhLTExZTYtOGY4OC0zNDM2M2JjN2M0YzAiOnsiY3JlYXRlIjo2MDAwMDAwMDAwMDAsImRlbGV0ZSI6NjAwMDAwMDAwMDAwfX0="
        },
        {
          "index_key": 4,
          "schema_version": 0,
          "attributes": {
            "attachment": [],
            "availability_zone": "nova",
            "consistency_group_id": null,
            "description": "",
            "enable_online_resize": null,
            "id": "bd21fcd7-f22c-4d77-9a3a-ad43ea3053bf",
            "image_id": null,
            "metadata": {
              "User": "jaideep.joshi"
            },
            "multiattach": null,
            "name": "jai-ecp-demo-k8sdfworker-5-sdc",
            "region": "us-east-1",
            "scheduler_hints": [],
            "size": 551,
            "snapshot_id": "",
            "source_replica": null,
            "source_vol_id": "",
            "timeouts": null,
            "volume_type": "__DEFAULT__"
          },
          "sensitive_attributes": [],
          "private": "eyJlMmJmYjczMC1lY2FhLTExZTYtOGY4OC0zNDM2M2JjN2M0YzAiOnsiY3JlYXRlIjo2MDAwMDAwMDAwMDAsImRlbGV0ZSI6NjAwMDAwMDAwMDAwfX0="
        }
      ]
    },
    {
      "mode": "managed",
      "type": "openstack_blockstorage_volume_v3",
      "name": "demo-k8smlopsworker-sda",
      "provider": "provider[\"registry.terraform.io/terraform-provider-openstack/openstack\"]",
      "instances": [
        {
          "index_key": 0,
          "schema_version": 0,
          "attributes": {
            "attachment": [],
            "availability_zone": "nova",
            "consistency_group_id": null,
            "description": "",
            "enable_online_resize": null,
            "id": "7f9d55bb-eb3d-41d4-a897-68f86cb83e01",
            "image_id": "6b2024f7-29d8-446b-bdad-ca78ca8573a5",
            "metadata": {
              "User": "jaideep.joshi"
            },
            "multiattach": null,
            "name": "jai-ecp-demo-k8smlopsworker-1-sda",
            "region": "us-east-1",
            "scheduler_hints": [],
            "size": 91,
            "snapshot_id": "",
            "source_replica": null,
            "source_vol_id": "",
            "timeouts": null,
            "volume_type": "__DEFAULT__"
          },
          "sensitive_attributes": [],
          "private": "eyJlMmJmYjczMC1lY2FhLTExZTYtOGY4OC0zNDM2M2JjN2M0YzAiOnsiY3JlYXRlIjo2MDAwMDAwMDAwMDAsImRlbGV0ZSI6NjAwMDAwMDAwMDAwfX0="
        },
        {
          "index_key": 1,
          "schema_version": 0,
          "attributes": {
            "attachment": [],
            "availability_zone": "nova",
            "consistency_group_id": null,
            "description": "",
            "enable_online_resize": null,
            "id": "116f3684-ff37-4947-89be-81e54ccba454",
            "image_id": "6b2024f7-29d8-446b-bdad-ca78ca8573a5",
            "metadata": {
              "User": "jaideep.joshi"
            },
            "multiattach": null,
            "name": "jai-ecp-demo-k8smlopsworker-2-sda",
            "region": "us-east-1",
            "scheduler_hints": [],
            "size": 91,
            "snapshot_id": "",
            "source_replica": null,
            "source_vol_id": "",
            "timeouts": null,
            "volume_type": "__DEFAULT__"
          },
          "sensitive_attributes": [],
          "private": "eyJlMmJmYjczMC1lY2FhLTExZTYtOGY4OC0zNDM2M2JjN2M0YzAiOnsiY3JlYXRlIjo2MDAwMDAwMDAwMDAsImRlbGV0ZSI6NjAwMDAwMDAwMDAwfX0="
        },
        {
          "index_key": 2,
          "schema_version": 0,
          "attributes": {
            "attachment": [],
            "availability_zone": "nova",
            "consistency_group_id": null,
            "description": "",
            "enable_online_resize": null,
            "id": "903db3da-ee4e-4f39-a904-fbe7f03e3870",
            "image_id": "6b2024f7-29d8-446b-bdad-ca78ca8573a5",
            "metadata": {
              "User": "jaideep.joshi"
            },
            "multiattach": null,
            "name": "jai-ecp-demo-k8smlopsworker-3-sda",
            "region": "us-east-1",
            "scheduler_hints": [],
            "size": 91,
            "snapshot_id": "",
            "source_replica": null,
            "source_vol_id": "",
            "timeouts": null,
            "volume_type": "__DEFAULT__"
          },
          "sensitive_attributes": [],
          "private": "eyJlMmJmYjczMC1lY2FhLTExZTYtOGY4OC0zNDM2M2JjN2M0YzAiOnsiY3JlYXRlIjo2MDAwMDAwMDAwMDAsImRlbGV0ZSI6NjAwMDAwMDAwMDAwfX0="
        }
      ]
    },
    {
      "mode": "managed",
      "type": "openstack_blockstorage_volume_v3",
      "name": "demo-k8smlopsworker-sdb",
      "provider": "provider[\"registry.terraform.io/terraform-provider-openstack/openstack\"]",
      "instances": [
        {
          "index_key": 0,
          "schema_version": 0,
          "attributes": {
            "attachment": [],
            "availability_zone": "nova",
            "consistency_group_id": null,
            "description": "",
            "enable_online_resize": null,
            "id": "7bd74cb0-5dc3-4ec9-b657-5e56bac1e596",
            "image_id": null,
            "metadata": {
              "User": "jaideep.joshi"
            },
            "multiattach": null,
            "name": "jai-ecp-demo-k8smlopsworker-1-sdb",
            "region": "us-east-1",
            "scheduler_hints": [],
            "size": 91,
            "snapshot_id": "",
            "source_replica": null,
            "source_vol_id": "",
            "timeouts": null,
            "volume_type": "__DEFAULT__"
          },
          "sensitive_attributes": [],
          "private": "eyJlMmJmYjczMC1lY2FhLTExZTYtOGY4OC0zNDM2M2JjN2M0YzAiOnsiY3JlYXRlIjo2MDAwMDAwMDAwMDAsImRlbGV0ZSI6NjAwMDAwMDAwMDAwfX0="
        },
        {
          "index_key": 1,
          "schema_version": 0,
          "attributes": {
            "attachment": [],
            "availability_zone": "nova",
            "consistency_group_id": null,
            "description": "",
            "enable_online_resize": null,
            "id": "f5576cd0-7abc-44cf-8780-09964b6cf176",
            "image_id": null,
            "metadata": {
              "User": "jaideep.joshi"
            },
            "multiattach": null,
            "name": "jai-ecp-demo-k8smlopsworker-2-sdb",
            "region": "us-east-1",
            "scheduler_hints": [],
            "size": 91,
            "snapshot_id": "",
            "source_replica": null,
            "source_vol_id": "",
            "timeouts": null,
            "volume_type": "__DEFAULT__"
          },
          "sensitive_attributes": [],
          "private": "eyJlMmJmYjczMC1lY2FhLTExZTYtOGY4OC0zNDM2M2JjN2M0YzAiOnsiY3JlYXRlIjo2MDAwMDAwMDAwMDAsImRlbGV0ZSI6NjAwMDAwMDAwMDAwfX0="
        },
        {
          "index_key": 2,
          "schema_version": 0,
          "attributes": {
            "attachment": [],
            "availability_zone": "nova",
            "consistency_group_id": null,
            "description": "",
            "enable_online_resize": null,
            "id": "a7ac49ed-a802-46f8-9be4-3c9a33511c98",
            "image_id": null,
            "metadata": {
              "User": "jaideep.joshi"
            },
            "multiattach": null,
            "name": "jai-ecp-demo-k8smlopsworker-3-sdb",
            "region": "us-east-1",
            "scheduler_hints": [],
            "size": 91,
            "snapshot_id": "",
            "source_replica": null,
            "source_vol_id": "",
            "timeouts": null,
            "volume_type": "__DEFAULT__"
          },
          "sensitive_attributes": [],
          "private": "eyJlMmJmYjczMC1lY2FhLTExZTYtOGY4OC0zNDM2M2JjN2M0YzAiOnsiY3JlYXRlIjo2MDAwMDAwMDAwMDAsImRlbGV0ZSI6NjAwMDAwMDAwMDAwfX0="
        }
      ]
    },
    {
      "mode": "managed",
      "type": "openstack_blockstorage_volume_v3",
      "name": "demo-k8smlopsworker-sdc",
      "provider": "provider[\"registry.terraform.io/terraform-provider-openstack/openstack\"]",
      "instances": [
        {
          "index_key": 0,
          "schema_version": 0,
          "attributes": {
            "attachment": [],
            "availability_zone": "nova",
            "consistency_group_id": null,
            "description": "",
            "enable_online_resize": null,
            "id": "edb4511e-667c-4bd3-84b0-9d8828fe0853",
            "image_id": null,
            "metadata": {
              "User": "jaideep.joshi"
            },
            "multiattach": null,
            "name": "jai-ecp-demo-k8smlopsworker-1-sdc",
            "region": "us-east-1",
            "scheduler_hints": [],
            "size": 91,
            "snapshot_id": "",
            "source_replica": null,
            "source_vol_id": "",
            "timeouts": null,
            "volume_type": "__DEFAULT__"
          },
          "sensitive_attributes": [],
          "private": "eyJlMmJmYjczMC1lY2FhLTExZTYtOGY4OC0zNDM2M2JjN2M0YzAiOnsiY3JlYXRlIjo2MDAwMDAwMDAwMDAsImRlbGV0ZSI6NjAwMDAwMDAwMDAwfX0="
        },
        {
          "index_key": 1,
          "schema_version": 0,
          "attributes": {
            "attachment": [],
            "availability_zone": "nova",
            "consistency_group_id": null,
            "description": "",
            "enable_online_resize": null,
            "id": "a9a07742-83c8-4ed4-8b33-fe5f78c754f1",
            "image_id": null,
            "metadata": {
              "User": "jaideep.joshi"
            },
            "multiattach": null,
            "name": "jai-ecp-demo-k8smlopsworker-2-sdc",
            "region": "us-east-1",
            "scheduler_hints": [],
            "size": 91,
            "snapshot_id": "",
            "source_replica": null,
            "source_vol_id": "",
            "timeouts": null,
            "volume_type": "__DEFAULT__"
          },
          "sensitive_attributes": [],
          "private": "eyJlMmJmYjczMC1lY2FhLTExZTYtOGY4OC0zNDM2M2JjN2M0YzAiOnsiY3JlYXRlIjo2MDAwMDAwMDAwMDAsImRlbGV0ZSI6NjAwMDAwMDAwMDAwfX0="
        },
        {
          "index_key": 2,
          "schema_version": 0,
          "attributes": {
            "attachment": [],
            "availability_zone": "nova",
            "consistency_group_id": null,
            "description": "",
            "enable_online_resize": null,
            "id": "1843259d-5b21-487f-b23b-5446a5921270",
            "image_id": null,
            "metadata": {
              "User": "jaideep.joshi"
            },
            "multiattach": null,
            "name": "jai-ecp-demo-k8smlopsworker-3-sdc",
            "region": "us-east-1",
            "scheduler_hints": [],
            "size": 91,
            "snapshot_id": "",
            "source_replica": null,
            "source_vol_id": "",
            "timeouts": null,
            "volume_type": "__DEFAULT__"
          },
          "sensitive_attributes": [],
          "private": "eyJlMmJmYjczMC1lY2FhLTExZTYtOGY4OC0zNDM2M2JjN2M0YzAiOnsiY3JlYXRlIjo2MDAwMDAwMDAwMDAsImRlbGV0ZSI6NjAwMDAwMDAwMDAwfX0="
        }
      ]
    },
    {
      "mode": "managed",
      "type": "openstack_blockstorage_volume_v3",
      "name": "demo-vpnserver-sda",
      "provider": "provider[\"registry.terraform.io/terraform-provider-openstack/openstack\"]",
      "instances": [
        {
          "schema_version": 0,
          "attributes": {
            "attachment": [],
            "availability_zone": "nova",
            "consistency_group_id": null,
            "description": "",
            "enable_online_resize": null,
            "id": "9efc4b3b-2a1a-44be-9d37-8537f5062e3f",
            "image_id": "3f0a2723-a58f-4205-881c-3acbe08a3974",
            "metadata": {
              "User": "jaideep.joshi"
            },
            "multiattach": null,
            "name": "jai-ecp-demo-vpnserver-sda",
            "region": "us-east-1",
            "scheduler_hints": [],
            "size": 51,
            "snapshot_id": "",
            "source_replica": null,
            "source_vol_id": "",
            "timeouts": null,
            "volume_type": "__DEFAULT__"
          },
          "sensitive_attributes": [],
          "private": "eyJlMmJmYjczMC1lY2FhLTExZTYtOGY4OC0zNDM2M2JjN2M0YzAiOnsiY3JlYXRlIjo2MDAwMDAwMDAwMDAsImRlbGV0ZSI6NjAwMDAwMDAwMDAwfX0="
        }
      ]
    },
    {
      "mode": "managed",
      "type": "openstack_compute_floatingip_associate_v2",
      "name": "demo-vpnserver-ip-attach",
      "provider": "provider[\"registry.terraform.io/terraform-provider-openstack/openstack\"]",
      "instances": [
        {
          "schema_version": 0,
          "attributes": {
            "fixed_ip": "",
            "floating_ip": "74.201.182.206",
            "id": "74.201.182.206/976ae205-78dc-4fe1-8f6b-a2e1b22e8aff/",
            "instance_id": "976ae205-78dc-4fe1-8f6b-a2e1b22e8aff",
            "region": "us-east-1",
            "timeouts": null,
            "wait_until_associated": null
          },
          "sensitive_attributes": [],
          "private": "eyJlMmJmYjczMC1lY2FhLTExZTYtOGY4OC0zNDM2M2JjN2M0YzAiOnsiY3JlYXRlIjo2MDAwMDAwMDAwMDB9fQ==",
          "dependencies": [
            "openstack_blockstorage_volume_v3.demo-vpnserver-sda",
            "openstack_compute_instance_v2.demo-vpnserver",
            "openstack_compute_keypair_v2.demo-keypair",
            "openstack_networking_floatingip_v2.demo-vpnserver-ip",
            "openstack_networking_network_v2.demo-network",
            "openstack_networking_secgroup_v2.demo-secgroup"
          ]
        }
      ]
    },
    {
      "mode": "managed",
      "type": "openstack_compute_instance_v2",
      "name": "demo-adserver",
      "provider": "provider[\"registry.terraform.io/terraform-provider-openstack/openstack\"]",
      "instances": [
        {
          "index_key": 0,
          "schema_version": 0,
          "attributes": {
            "access_ip_v4": "192.168.206.233",
            "access_ip_v6": "",
            "admin_pass": null,
            "all_metadata": {
              "User": "jaideep.joshi"
            },
            "all_tags": [],
            "availability_zone": "nova",
            "availability_zone_hints": null,
            "block_device": [
              {
                "boot_index": 0,
                "delete_on_termination": true,
                "destination_type": "volume",
                "device_type": "",
                "disk_bus": "",
                "guest_format": "",
                "source_type": "volume",
                "uuid": "7cc8bf23-3377-45dd-9f12-01da8ac4badb",
                "volume_size": 0,
                "volume_type": ""
              }
            ],
            "config_drive": null,
            "flavor_id": "6c351f96-363f-4588-bf88-7edde0ea938b",
            "flavor_name": "m1.xlarge",
            "floating_ip": null,
            "force_delete": false,
            "id": "d46f82f2-d359-420b-a44e-8a50afec7820",
            "image_id": "Attempt to boot from volume - no image supplied",
            "image_name": null,
            "key_pair": "jai-ecp-demo-keypair",
            "metadata": {
              "User": "jaideep.joshi"
            },
            "name": "jai-ecp-demo-adserver",
            "network": [
              {
                "access_network": false,
                "fixed_ip_v4": "192.168.206.233",
                "fixed_ip_v6": "",
                "floating_ip": "",
                "mac": "fa:16:3e:cc:1c:d9",
                "name": "jai-ecp-demo-vpc",
                "port": "",
                "uuid": "9db3d4b8-2b4a-423e-8a35-d0365164d5c1"
              }
            ],
            "network_mode": null,
            "personality": [],
            "power_state": "active",
            "region": "us-east-1",
            "scheduler_hints": [],
            "security_groups": [
              "jai-ecp-demo-secgroup"
            ],
            "stop_before_destroy": false,
            "tags": null,
            "timeouts": null,
            "user_data": null,
            "vendor_options": [],
            "volume": []
          },
          "sensitive_attributes": [],
          "private": "eyJlMmJmYjczMC1lY2FhLTExZTYtOGY4OC0zNDM2M2JjN2M0YzAiOnsiY3JlYXRlIjoxODAwMDAwMDAwMDAwLCJkZWxldGUiOjE4MDAwMDAwMDAwMDAsInVwZGF0ZSI6MTgwMDAwMDAwMDAwMH19",
          "dependencies": [
            "openstack_blockstorage_volume_v3.demo-adserver-sda",
            "openstack_compute_keypair_v2.demo-keypair",
            "openstack_networking_network_v2.demo-network",
            "openstack_networking_secgroup_v2.demo-secgroup",
            "openstack_networking_subnet_v2.demo-subnet"
          ]
        }
      ]
    },
    {
      "mode": "managed",
      "type": "openstack_compute_instance_v2",
      "name": "demo-controller",
      "provider": "provider[\"registry.terraform.io/terraform-provider-openstack/openstack\"]",
      "instances": [
        {
          "index_key": 0,
          "schema_version": 0,
          "attributes": {
            "access_ip_v4": "192.168.206.236",
            "access_ip_v6": "",
            "admin_pass": null,
            "all_metadata": {
              "User": "jaideep.joshi"
            },
            "all_tags": [],
            "availability_zone": "nova",
            "availability_zone_hints": null,
            "block_device": [
              {
                "boot_index": 0,
                "delete_on_termination": true,
                "destination_type": "volume",
                "device_type": "",
                "disk_bus": "",
                "guest_format": "",
                "source_type": "volume",
                "uuid": "7c398d3d-f7a9-453b-bf4f-3c9b591906c4",
                "volume_size": 0,
                "volume_type": ""
              },
              {
                "boot_index": 1,
                "delete_on_termination": true,
                "destination_type": "volume",
                "device_type": "",
                "disk_bus": "",
                "guest_format": "",
                "source_type": "volume",
                "uuid": "c6ad9388-fedd-4629-ba76-97e622e0c8f3",
                "volume_size": 0,
                "volume_type": ""
              },
              {
                "boot_index": 2,
                "delete_on_termination": true,
                "destination_type": "volume",
                "device_type": "",
                "disk_bus": "",
                "guest_format": "",
                "source_type": "volume",
                "uuid": "4fb3efbe-8a10-440c-be92-2d84fd490245",
                "volume_size": 0,
                "volume_type": ""
              }
            ],
            "config_drive": null,
            "flavor_id": "6c351f96-363f-4588-bf88-7edde0ea938b",
            "flavor_name": "m1.xlarge",
            "floating_ip": null,
            "force_delete": false,
            "id": "857ad81b-0025-493f-bf1a-1ee0d6cef0ad",
            "image_id": "Attempt to boot from volume - no image supplied",
            "image_name": null,
            "key_pair": "jai-ecp-demo-keypair",
            "metadata": {
              "User": "jaideep.joshi"
            },
            "name": "jai-ecp-demo-controller",
            "network": [
              {
                "access_network": false,
                "fixed_ip_v4": "192.168.206.236",
                "fixed_ip_v6": "",
                "floating_ip": "",
                "mac": "fa:16:3e:28:9b:93",
                "name": "jai-ecp-demo-vpc",
                "port": "",
                "uuid": "9db3d4b8-2b4a-423e-8a35-d0365164d5c1"
              }
            ],
            "network_mode": null,
            "personality": [],
            "power_state": "active",
            "region": "us-east-1",
            "scheduler_hints": [],
            "security_groups": [
              "jai-ecp-demo-secgroup"
            ],
            "stop_before_destroy": false,
            "tags": null,
            "timeouts": null,
            "user_data": null,
            "vendor_options": [],
            "volume": []
          },
          "sensitive_attributes": [],
          "private": "eyJlMmJmYjczMC1lY2FhLTExZTYtOGY4OC0zNDM2M2JjN2M0YzAiOnsiY3JlYXRlIjoxODAwMDAwMDAwMDAwLCJkZWxldGUiOjE4MDAwMDAwMDAwMDAsInVwZGF0ZSI6MTgwMDAwMDAwMDAwMH19",
          "dependencies": [
            "openstack_blockstorage_volume_v3.demo-controller-sda",
            "openstack_blockstorage_volume_v3.demo-controller-sdb",
            "openstack_blockstorage_volume_v3.demo-controller-sdc",
            "openstack_compute_keypair_v2.demo-keypair",
            "openstack_networking_network_v2.demo-network",
            "openstack_networking_secgroup_v2.demo-secgroup",
            "openstack_networking_subnet_v2.demo-subnet"
          ]
        }
      ]
    },
    {
      "mode": "managed",
      "type": "openstack_compute_instance_v2",
      "name": "demo-gateway",
      "provider": "provider[\"registry.terraform.io/terraform-provider-openstack/openstack\"]",
      "instances": [
        {
          "index_key": 0,
          "schema_version": 0,
          "attributes": {
            "access_ip_v4": "192.168.206.186",
            "access_ip_v6": "",
            "admin_pass": null,
            "all_metadata": {
              "User": "jaideep.joshi"
            },
            "all_tags": [],
            "availability_zone": "nova",
            "availability_zone_hints": null,
            "block_device": [
              {
                "boot_index": 0,
                "delete_on_termination": true,
                "destination_type": "volume",
                "device_type": "",
                "disk_bus": "",
                "guest_format": "",
                "source_type": "volume",
                "uuid": "1e8bffc5-bf34-4e4d-9b20-f8d21b2e101b",
                "volume_size": 0,
                "volume_type": ""
              }
            ],
            "config_drive": null,
            "flavor_id": "6c351f96-363f-4588-bf88-7edde0ea938b",
            "flavor_name": "m1.xlarge",
            "floating_ip": null,
            "force_delete": false,
            "id": "d24ca0c4-73c4-44cd-8be2-7946f5e61258",
            "image_id": "Attempt to boot from volume - no image supplied",
            "image_name": null,
            "key_pair": "jai-ecp-demo-keypair",
            "metadata": {
              "User": "jaideep.joshi"
            },
            "name": "jai-ecp-demo-gateway",
            "network": [
              {
                "access_network": false,
                "fixed_ip_v4": "192.168.206.186",
                "fixed_ip_v6": "",
                "floating_ip": "",
                "mac": "fa:16:3e:75:0e:a7",
                "name": "jai-ecp-demo-vpc",
                "port": "",
                "uuid": "9db3d4b8-2b4a-423e-8a35-d0365164d5c1"
              }
            ],
            "network_mode": null,
            "personality": [],
            "power_state": "active",
            "region": "us-east-1",
            "scheduler_hints": [],
            "security_groups": [
              "jai-ecp-demo-secgroup"
            ],
            "stop_before_destroy": false,
            "tags": null,
            "timeouts": null,
            "user_data": null,
            "vendor_options": [],
            "volume": []
          },
          "sensitive_attributes": [],
          "private": "eyJlMmJmYjczMC1lY2FhLTExZTYtOGY4OC0zNDM2M2JjN2M0YzAiOnsiY3JlYXRlIjoxODAwMDAwMDAwMDAwLCJkZWxldGUiOjE4MDAwMDAwMDAwMDAsInVwZGF0ZSI6MTgwMDAwMDAwMDAwMH19",
          "dependencies": [
            "openstack_blockstorage_volume_v3.demo-gateway-sda",
            "openstack_compute_keypair_v2.demo-keypair",
            "openstack_networking_network_v2.demo-network",
            "openstack_networking_secgroup_v2.demo-secgroup",
            "openstack_networking_subnet_v2.demo-subnet"
          ]
        }
      ]
    },
    {
      "mode": "managed",
      "type": "openstack_compute_instance_v2",
      "name": "demo-k8sdfmlopsmaster",
      "provider": "provider[\"registry.terraform.io/terraform-provider-openstack/openstack\"]",
      "instances": [
        {
          "index_key": 0,
          "schema_version": 0,
          "attributes": {
            "access_ip_v4": "192.168.206.151",
            "access_ip_v6": "",
            "admin_pass": null,
            "all_metadata": {
              "User": "jaideep.joshi"
            },
            "all_tags": [],
            "availability_zone": "nova",
            "availability_zone_hints": null,
            "block_device": [
              {
                "boot_index": 0,
                "delete_on_termination": true,
                "destination_type": "volume",
                "device_type": "",
                "disk_bus": "",
                "guest_format": "",
                "source_type": "volume",
                "uuid": "4b135082-c138-4a8f-9a82-b593d92b8210",
                "volume_size": 0,
                "volume_type": ""
              },
              {
                "boot_index": 1,
                "delete_on_termination": true,
                "destination_type": "volume",
                "device_type": "",
                "disk_bus": "",
                "guest_format": "",
                "source_type": "volume",
                "uuid": "38f55de4-de5b-4d7e-9ea9-25754b205766",
                "volume_size": 0,
                "volume_type": ""
              },
              {
                "boot_index": 2,
                "delete_on_termination": true,
                "destination_type": "volume",
                "device_type": "",
                "disk_bus": "",
                "guest_format": "",
                "source_type": "volume",
                "uuid": "09e06567-fbd8-48f5-960a-9fda44d649b5",
                "volume_size": 0,
                "volume_type": ""
              }
            ],
            "config_drive": null,
            "flavor_id": "6c351f96-363f-4588-bf88-7edde0ea938b",
            "flavor_name": "m1.xlarge",
            "floating_ip": null,
            "force_delete": false,
            "id": "8e03e28a-879a-40b9-81e5-82bdf4f38e35",
            "image_id": "Attempt to boot from volume - no image supplied",
            "image_name": null,
            "key_pair": "jai-ecp-demo-keypair",
            "metadata": {
              "User": "jaideep.joshi"
            },
            "name": "jai-ecp-demo-k8sdfmlopsmaster-1",
            "network": [
              {
                "access_network": false,
                "fixed_ip_v4": "192.168.206.151",
                "fixed_ip_v6": "",
                "floating_ip": "",
                "mac": "fa:16:3e:59:57:69",
                "name": "jai-ecp-demo-vpc",
                "port": "",
                "uuid": "9db3d4b8-2b4a-423e-8a35-d0365164d5c1"
              }
            ],
            "network_mode": null,
            "personality": [],
            "power_state": "active",
            "region": "us-east-1",
            "scheduler_hints": [],
            "security_groups": [
              "jai-ecp-demo-secgroup"
            ],
            "stop_before_destroy": false,
            "tags": null,
            "timeouts": null,
            "user_data": "7ca06bf4c6b579bb8d99c73cfecb148fb2284e5d",
            "vendor_options": [],
            "volume": []
          },
          "sensitive_attributes": [],
          "private": "eyJlMmJmYjczMC1lY2FhLTExZTYtOGY4OC0zNDM2M2JjN2M0YzAiOnsiY3JlYXRlIjoxODAwMDAwMDAwMDAwLCJkZWxldGUiOjE4MDAwMDAwMDAwMDAsInVwZGF0ZSI6MTgwMDAwMDAwMDAwMH19",
          "dependencies": [
            "data.template_file.cloud-config-master",
            "openstack_blockstorage_volume_v3.demo-k8sdfmlopsmaster-sda",
            "openstack_blockstorage_volume_v3.demo-k8sdfmlopsmaster-sdb",
            "openstack_blockstorage_volume_v3.demo-k8sdfmlopsmaster-sdc",
            "openstack_compute_keypair_v2.demo-keypair",
            "openstack_networking_network_v2.demo-network",
            "openstack_networking_secgroup_v2.demo-secgroup",
            "openstack_networking_subnet_v2.demo-subnet"
          ]
        },
        {
          "index_key": 1,
          "schema_version": 0,
          "attributes": {
            "access_ip_v4": "192.168.206.14",
            "access_ip_v6": "",
            "admin_pass": null,
            "all_metadata": {
              "User": "jaideep.joshi"
            },
            "all_tags": [],
            "availability_zone": "nova",
            "availability_zone_hints": null,
            "block_device": [
              {
                "boot_index": 0,
                "delete_on_termination": true,
                "destination_type": "volume",
                "device_type": "",
                "disk_bus": "",
                "guest_format": "",
                "source_type": "volume",
                "uuid": "0367df58-76c6-45da-a82c-4bbd248304fb",
                "volume_size": 0,
                "volume_type": ""
              },
              {
                "boot_index": 1,
                "delete_on_termination": true,
                "destination_type": "volume",
                "device_type": "",
                "disk_bus": "",
                "guest_format": "",
                "source_type": "volume",
                "uuid": "5440b244-5ee9-47a2-91dc-1d1cfe78d5ae",
                "volume_size": 0,
                "volume_type": ""
              },
              {
                "boot_index": 2,
                "delete_on_termination": true,
                "destination_type": "volume",
                "device_type": "",
                "disk_bus": "",
                "guest_format": "",
                "source_type": "volume",
                "uuid": "f5b542f6-15d2-46c3-a035-4f45bdacb36e",
                "volume_size": 0,
                "volume_type": ""
              }
            ],
            "config_drive": null,
            "flavor_id": "6c351f96-363f-4588-bf88-7edde0ea938b",
            "flavor_name": "m1.xlarge",
            "floating_ip": null,
            "force_delete": false,
            "id": "9db95247-64a0-4d0e-9e47-ef4eee720391",
            "image_id": "Attempt to boot from volume - no image supplied",
            "image_name": null,
            "key_pair": "jai-ecp-demo-keypair",
            "metadata": {
              "User": "jaideep.joshi"
            },
            "name": "jai-ecp-demo-k8sdfmlopsmaster-2",
            "network": [
              {
                "access_network": false,
                "fixed_ip_v4": "192.168.206.14",
                "fixed_ip_v6": "",
                "floating_ip": "",
                "mac": "fa:16:3e:29:4f:f2",
                "name": "jai-ecp-demo-vpc",
                "port": "",
                "uuid": "9db3d4b8-2b4a-423e-8a35-d0365164d5c1"
              }
            ],
            "network_mode": null,
            "personality": [],
            "power_state": "active",
            "region": "us-east-1",
            "scheduler_hints": [],
            "security_groups": [
              "jai-ecp-demo-secgroup"
            ],
            "stop_before_destroy": false,
            "tags": null,
            "timeouts": null,
            "user_data": "7ca06bf4c6b579bb8d99c73cfecb148fb2284e5d",
            "vendor_options": [],
            "volume": []
          },
          "sensitive_attributes": [],
          "private": "eyJlMmJmYjczMC1lY2FhLTExZTYtOGY4OC0zNDM2M2JjN2M0YzAiOnsiY3JlYXRlIjoxODAwMDAwMDAwMDAwLCJkZWxldGUiOjE4MDAwMDAwMDAwMDAsInVwZGF0ZSI6MTgwMDAwMDAwMDAwMH19",
          "dependencies": [
            "data.template_file.cloud-config-master",
            "openstack_blockstorage_volume_v3.demo-k8sdfmlopsmaster-sda",
            "openstack_blockstorage_volume_v3.demo-k8sdfmlopsmaster-sdb",
            "openstack_blockstorage_volume_v3.demo-k8sdfmlopsmaster-sdc",
            "openstack_compute_keypair_v2.demo-keypair",
            "openstack_networking_network_v2.demo-network",
            "openstack_networking_secgroup_v2.demo-secgroup",
            "openstack_networking_subnet_v2.demo-subnet"
          ]
        },
        {
          "index_key": 2,
          "schema_version": 0,
          "attributes": {
            "access_ip_v4": "192.168.206.147",
            "access_ip_v6": "",
            "admin_pass": null,
            "all_metadata": {
              "User": "jaideep.joshi"
            },
            "all_tags": [],
            "availability_zone": "nova",
            "availability_zone_hints": null,
            "block_device": [
              {
                "boot_index": 0,
                "delete_on_termination": true,
                "destination_type": "volume",
                "device_type": "",
                "disk_bus": "",
                "guest_format": "",
                "source_type": "volume",
                "uuid": "e26bb186-bd21-4b25-bd56-f878d0262fe5",
                "volume_size": 0,
                "volume_type": ""
              },
              {
                "boot_index": 1,
                "delete_on_termination": true,
                "destination_type": "volume",
                "device_type": "",
                "disk_bus": "",
                "guest_format": "",
                "source_type": "volume",
                "uuid": "26d954e2-7617-440f-b766-df044434f961",
                "volume_size": 0,
                "volume_type": ""
              },
              {
                "boot_index": 2,
                "delete_on_termination": true,
                "destination_type": "volume",
                "device_type": "",
                "disk_bus": "",
                "guest_format": "",
                "source_type": "volume",
                "uuid": "fb803cbd-2405-4921-9f00-c969f9e53957",
                "volume_size": 0,
                "volume_type": ""
              }
            ],
            "config_drive": null,
            "flavor_id": "6c351f96-363f-4588-bf88-7edde0ea938b",
            "flavor_name": "m1.xlarge",
            "floating_ip": null,
            "force_delete": false,
            "id": "ed9b08a1-03b2-407d-96f4-876b5b320daa",
            "image_id": "Attempt to boot from volume - no image supplied",
            "image_name": null,
            "key_pair": "jai-ecp-demo-keypair",
            "metadata": {
              "User": "jaideep.joshi"
            },
            "name": "jai-ecp-demo-k8sdfmlopsmaster-3",
            "network": [
              {
                "access_network": false,
                "fixed_ip_v4": "192.168.206.147",
                "fixed_ip_v6": "",
                "floating_ip": "",
                "mac": "fa:16:3e:c2:96:7e",
                "name": "jai-ecp-demo-vpc",
                "port": "",
                "uuid": "9db3d4b8-2b4a-423e-8a35-d0365164d5c1"
              }
            ],
            "network_mode": null,
            "personality": [],
            "power_state": "active",
            "region": "us-east-1",
            "scheduler_hints": [],
            "security_groups": [
              "jai-ecp-demo-secgroup"
            ],
            "stop_before_destroy": false,
            "tags": null,
            "timeouts": null,
            "user_data": "7ca06bf4c6b579bb8d99c73cfecb148fb2284e5d",
            "vendor_options": [],
            "volume": []
          },
          "sensitive_attributes": [],
          "private": "eyJlMmJmYjczMC1lY2FhLTExZTYtOGY4OC0zNDM2M2JjN2M0YzAiOnsiY3JlYXRlIjoxODAwMDAwMDAwMDAwLCJkZWxldGUiOjE4MDAwMDAwMDAwMDAsInVwZGF0ZSI6MTgwMDAwMDAwMDAwMH19",
          "dependencies": [
            "data.template_file.cloud-config-master",
            "openstack_blockstorage_volume_v3.demo-k8sdfmlopsmaster-sda",
            "openstack_blockstorage_volume_v3.demo-k8sdfmlopsmaster-sdb",
            "openstack_blockstorage_volume_v3.demo-k8sdfmlopsmaster-sdc",
            "openstack_compute_keypair_v2.demo-keypair",
            "openstack_networking_network_v2.demo-network",
            "openstack_networking_secgroup_v2.demo-secgroup",
            "openstack_networking_subnet_v2.demo-subnet"
          ]
        }
      ]
    },
    {
      "mode": "managed",
      "type": "openstack_compute_instance_v2",
      "name": "demo-k8sdfworker",
      "provider": "provider[\"registry.terraform.io/terraform-provider-openstack/openstack\"]",
      "instances": [
        {
          "index_key": 0,
          "schema_version": 0,
          "attributes": {
            "access_ip_v4": "192.168.206.111",
            "access_ip_v6": "",
            "admin_pass": null,
            "all_metadata": {
              "User": "jaideep.joshi"
            },
            "all_tags": [],
            "availability_zone": "nova",
            "availability_zone_hints": null,
            "block_device": [
              {
                "boot_index": 0,
                "delete_on_termination": true,
                "destination_type": "volume",
                "device_type": "",
                "disk_bus": "",
                "guest_format": "",
                "source_type": "volume",
                "uuid": "47c3faea-973e-4d61-a347-4b35269b8cb5",
                "volume_size": 0,
                "volume_type": ""
              },
              {
                "boot_index": 1,
                "delete_on_termination": true,
                "destination_type": "volume",
                "device_type": "",
                "disk_bus": "",
                "guest_format": "",
                "source_type": "volume",
                "uuid": "fb10d64a-0d59-420d-a4a1-a3fb01641b56",
                "volume_size": 0,
                "volume_type": ""
              },
              {
                "boot_index": 2,
                "delete_on_termination": true,
                "destination_type": "volume",
                "device_type": "",
                "disk_bus": "",
                "guest_format": "",
                "source_type": "volume",
                "uuid": "cc0350a0-866b-47d8-8d35-5ca1308deabb",
                "volume_size": 0,
                "volume_type": ""
              }
            ],
            "config_drive": null,
            "flavor_id": "7048aa88-72d7-4fc7-986d-1a436f56a20e",
            "flavor_name": "c1.8xlarge",
            "floating_ip": null,
            "force_delete": false,
            "id": "61ab78b2-5475-44bb-8501-0ae61e698823",
            "image_id": "Attempt to boot from volume - no image supplied",
            "image_name": null,
            "key_pair": "jai-ecp-demo-keypair",
            "metadata": {
              "User": "jaideep.joshi"
            },
            "name": "jai-ecp-demo-k8sdfworker-1",
            "network": [
              {
                "access_network": false,
                "fixed_ip_v4": "192.168.206.111",
                "fixed_ip_v6": "",
                "floating_ip": "",
                "mac": "fa:16:3e:21:13:a2",
                "name": "jai-ecp-demo-vpc",
                "port": "",
                "uuid": "9db3d4b8-2b4a-423e-8a35-d0365164d5c1"
              }
            ],
            "network_mode": null,
            "personality": [],
            "power_state": "active",
            "region": "us-east-1",
            "scheduler_hints": [],
            "security_groups": [
              "jai-ecp-demo-secgroup"
            ],
            "stop_before_destroy": false,
            "tags": null,
            "timeouts": null,
            "user_data": "7ca06bf4c6b579bb8d99c73cfecb148fb2284e5d",
            "vendor_options": [],
            "volume": []
          },
          "sensitive_attributes": [],
          "private": "eyJlMmJmYjczMC1lY2FhLTExZTYtOGY4OC0zNDM2M2JjN2M0YzAiOnsiY3JlYXRlIjoxODAwMDAwMDAwMDAwLCJkZWxldGUiOjE4MDAwMDAwMDAwMDAsInVwZGF0ZSI6MTgwMDAwMDAwMDAwMH19",
          "dependencies": [
            "data.template_file.cloud-config-master",
            "openstack_blockstorage_volume_v3.demo-k8sdfworker-sda",
            "openstack_blockstorage_volume_v3.demo-k8sdfworker-sdb",
            "openstack_blockstorage_volume_v3.demo-k8sdfworker-sdc",
            "openstack_compute_keypair_v2.demo-keypair",
            "openstack_networking_network_v2.demo-network",
            "openstack_networking_secgroup_v2.demo-secgroup",
            "openstack_networking_subnet_v2.demo-subnet"
          ]
        },
        {
          "index_key": 1,
          "schema_version": 0,
          "attributes": {
            "access_ip_v4": "192.168.206.88",
            "access_ip_v6": "",
            "admin_pass": null,
            "all_metadata": {
              "User": "jaideep.joshi"
            },
            "all_tags": [],
            "availability_zone": "nova",
            "availability_zone_hints": null,
            "block_device": [
              {
                "boot_index": 0,
                "delete_on_termination": true,
                "destination_type": "volume",
                "device_type": "",
                "disk_bus": "",
                "guest_format": "",
                "source_type": "volume",
                "uuid": "e5334cd3-adc2-4698-a540-caf945919f28",
                "volume_size": 0,
                "volume_type": ""
              },
              {
                "boot_index": 1,
                "delete_on_termination": true,
                "destination_type": "volume",
                "device_type": "",
                "disk_bus": "",
                "guest_format": "",
                "source_type": "volume",
                "uuid": "a173ad7e-0051-434f-bc3d-45249c760531",
                "volume_size": 0,
                "volume_type": ""
              },
              {
                "boot_index": 2,
                "delete_on_termination": true,
                "destination_type": "volume",
                "device_type": "",
                "disk_bus": "",
                "guest_format": "",
                "source_type": "volume",
                "uuid": "620b55ed-ab3d-48e5-86fb-b86547a05a7e",
                "volume_size": 0,
                "volume_type": ""
              }
            ],
            "config_drive": null,
            "flavor_id": "7048aa88-72d7-4fc7-986d-1a436f56a20e",
            "flavor_name": "c1.8xlarge",
            "floating_ip": null,
            "force_delete": false,
            "id": "1796d638-0f0a-4d0e-a471-3d60f624141a",
            "image_id": "Attempt to boot from volume - no image supplied",
            "image_name": null,
            "key_pair": "jai-ecp-demo-keypair",
            "metadata": {
              "User": "jaideep.joshi"
            },
            "name": "jai-ecp-demo-k8sdfworker-2",
            "network": [
              {
                "access_network": false,
                "fixed_ip_v4": "192.168.206.88",
                "fixed_ip_v6": "",
                "floating_ip": "",
                "mac": "fa:16:3e:f1:1a:05",
                "name": "jai-ecp-demo-vpc",
                "port": "",
                "uuid": "9db3d4b8-2b4a-423e-8a35-d0365164d5c1"
              }
            ],
            "network_mode": null,
            "personality": [],
            "power_state": "active",
            "region": "us-east-1",
            "scheduler_hints": [],
            "security_groups": [
              "jai-ecp-demo-secgroup"
            ],
            "stop_before_destroy": false,
            "tags": null,
            "timeouts": null,
            "user_data": "7ca06bf4c6b579bb8d99c73cfecb148fb2284e5d",
            "vendor_options": [],
            "volume": []
          },
          "sensitive_attributes": [],
          "private": "eyJlMmJmYjczMC1lY2FhLTExZTYtOGY4OC0zNDM2M2JjN2M0YzAiOnsiY3JlYXRlIjoxODAwMDAwMDAwMDAwLCJkZWxldGUiOjE4MDAwMDAwMDAwMDAsInVwZGF0ZSI6MTgwMDAwMDAwMDAwMH19",
          "dependencies": [
            "data.template_file.cloud-config-master",
            "openstack_blockstorage_volume_v3.demo-k8sdfworker-sda",
            "openstack_blockstorage_volume_v3.demo-k8sdfworker-sdb",
            "openstack_blockstorage_volume_v3.demo-k8sdfworker-sdc",
            "openstack_compute_keypair_v2.demo-keypair",
            "openstack_networking_network_v2.demo-network",
            "openstack_networking_secgroup_v2.demo-secgroup",
            "openstack_networking_subnet_v2.demo-subnet"
          ]
        },
        {
          "index_key": 2,
          "schema_version": 0,
          "attributes": {
            "access_ip_v4": "192.168.206.102",
            "access_ip_v6": "",
            "admin_pass": null,
            "all_metadata": {
              "User": "jaideep.joshi"
            },
            "all_tags": [],
            "availability_zone": "nova",
            "availability_zone_hints": null,
            "block_device": [
              {
                "boot_index": 0,
                "delete_on_termination": true,
                "destination_type": "volume",
                "device_type": "",
                "disk_bus": "",
                "guest_format": "",
                "source_type": "volume",
                "uuid": "5d8477aa-047e-4d8f-aeb0-5a696b79db03",
                "volume_size": 0,
                "volume_type": ""
              },
              {
                "boot_index": 1,
                "delete_on_termination": true,
                "destination_type": "volume",
                "device_type": "",
                "disk_bus": "",
                "guest_format": "",
                "source_type": "volume",
                "uuid": "af0c21a4-ebf1-4de9-9f4c-174a19d5fc3b",
                "volume_size": 0,
                "volume_type": ""
              },
              {
                "boot_index": 2,
                "delete_on_termination": true,
                "destination_type": "volume",
                "device_type": "",
                "disk_bus": "",
                "guest_format": "",
                "source_type": "volume",
                "uuid": "1352ae9a-25ce-4a73-a813-bd2cb85cdb1d",
                "volume_size": 0,
                "volume_type": ""
              }
            ],
            "config_drive": null,
            "flavor_id": "7048aa88-72d7-4fc7-986d-1a436f56a20e",
            "flavor_name": "c1.8xlarge",
            "floating_ip": null,
            "force_delete": false,
            "id": "4071692d-debd-4c8c-8636-c833f0c3201b",
            "image_id": "Attempt to boot from volume - no image supplied",
            "image_name": null,
            "key_pair": "jai-ecp-demo-keypair",
            "metadata": {
              "User": "jaideep.joshi"
            },
            "name": "jai-ecp-demo-k8sdfworker-3",
            "network": [
              {
                "access_network": false,
                "fixed_ip_v4": "192.168.206.102",
                "fixed_ip_v6": "",
                "floating_ip": "",
                "mac": "fa:16:3e:ca:6d:01",
                "name": "jai-ecp-demo-vpc",
                "port": "",
                "uuid": "9db3d4b8-2b4a-423e-8a35-d0365164d5c1"
              }
            ],
            "network_mode": null,
            "personality": [],
            "power_state": "active",
            "region": "us-east-1",
            "scheduler_hints": [],
            "security_groups": [
              "jai-ecp-demo-secgroup"
            ],
            "stop_before_destroy": false,
            "tags": null,
            "timeouts": null,
            "user_data": "7ca06bf4c6b579bb8d99c73cfecb148fb2284e5d",
            "vendor_options": [],
            "volume": []
          },
          "sensitive_attributes": [],
          "private": "eyJlMmJmYjczMC1lY2FhLTExZTYtOGY4OC0zNDM2M2JjN2M0YzAiOnsiY3JlYXRlIjoxODAwMDAwMDAwMDAwLCJkZWxldGUiOjE4MDAwMDAwMDAwMDAsInVwZGF0ZSI6MTgwMDAwMDAwMDAwMH19",
          "dependencies": [
            "data.template_file.cloud-config-master",
            "openstack_blockstorage_volume_v3.demo-k8sdfworker-sda",
            "openstack_blockstorage_volume_v3.demo-k8sdfworker-sdb",
            "openstack_blockstorage_volume_v3.demo-k8sdfworker-sdc",
            "openstack_compute_keypair_v2.demo-keypair",
            "openstack_networking_network_v2.demo-network",
            "openstack_networking_secgroup_v2.demo-secgroup",
            "openstack_networking_subnet_v2.demo-subnet"
          ]
        },
        {
          "index_key": 3,
          "schema_version": 0,
          "attributes": {
            "access_ip_v4": "192.168.206.29",
            "access_ip_v6": "",
            "admin_pass": null,
            "all_metadata": {
              "User": "jaideep.joshi"
            },
            "all_tags": [],
            "availability_zone": "nova",
            "availability_zone_hints": null,
            "block_device": [
              {
                "boot_index": 0,
                "delete_on_termination": true,
                "destination_type": "volume",
                "device_type": "",
                "disk_bus": "",
                "guest_format": "",
                "source_type": "volume",
                "uuid": "93390d7b-4261-43cc-9527-69f360323934",
                "volume_size": 0,
                "volume_type": ""
              },
              {
                "boot_index": 1,
                "delete_on_termination": true,
                "destination_type": "volume",
                "device_type": "",
                "disk_bus": "",
                "guest_format": "",
                "source_type": "volume",
                "uuid": "a54e9a2e-f5f4-44d1-98ef-a5fc9c9b8091",
                "volume_size": 0,
                "volume_type": ""
              },
              {
                "boot_index": 2,
                "delete_on_termination": true,
                "destination_type": "volume",
                "device_type": "",
                "disk_bus": "",
                "guest_format": "",
                "source_type": "volume",
                "uuid": "5dded709-db54-42c7-9d56-dd4e20832516",
                "volume_size": 0,
                "volume_type": ""
              }
            ],
            "config_drive": null,
            "flavor_id": "7048aa88-72d7-4fc7-986d-1a436f56a20e",
            "flavor_name": "c1.8xlarge",
            "floating_ip": null,
            "force_delete": false,
            "id": "4f1d2bfa-8350-4db2-a1a0-21758059cf6c",
            "image_id": "Attempt to boot from volume - no image supplied",
            "image_name": null,
            "key_pair": "jai-ecp-demo-keypair",
            "metadata": {
              "User": "jaideep.joshi"
            },
            "name": "jai-ecp-demo-k8sdfworker-4",
            "network": [
              {
                "access_network": false,
                "fixed_ip_v4": "192.168.206.29",
                "fixed_ip_v6": "",
                "floating_ip": "",
                "mac": "fa:16:3e:a6:82:33",
                "name": "jai-ecp-demo-vpc",
                "port": "",
                "uuid": "9db3d4b8-2b4a-423e-8a35-d0365164d5c1"
              }
            ],
            "network_mode": null,
            "personality": [],
            "power_state": "active",
            "region": "us-east-1",
            "scheduler_hints": [],
            "security_groups": [
              "jai-ecp-demo-secgroup"
            ],
            "stop_before_destroy": false,
            "tags": null,
            "timeouts": null,
            "user_data": "7ca06bf4c6b579bb8d99c73cfecb148fb2284e5d",
            "vendor_options": [],
            "volume": []
          },
          "sensitive_attributes": [],
          "private": "eyJlMmJmYjczMC1lY2FhLTExZTYtOGY4OC0zNDM2M2JjN2M0YzAiOnsiY3JlYXRlIjoxODAwMDAwMDAwMDAwLCJkZWxldGUiOjE4MDAwMDAwMDAwMDAsInVwZGF0ZSI6MTgwMDAwMDAwMDAwMH19",
          "dependencies": [
            "data.template_file.cloud-config-master",
            "openstack_blockstorage_volume_v3.demo-k8sdfworker-sda",
            "openstack_blockstorage_volume_v3.demo-k8sdfworker-sdb",
            "openstack_blockstorage_volume_v3.demo-k8sdfworker-sdc",
            "openstack_compute_keypair_v2.demo-keypair",
            "openstack_networking_network_v2.demo-network",
            "openstack_networking_secgroup_v2.demo-secgroup",
            "openstack_networking_subnet_v2.demo-subnet"
          ]
        },
        {
          "index_key": 4,
          "schema_version": 0,
          "attributes": {
            "access_ip_v4": "192.168.206.251",
            "access_ip_v6": "",
            "admin_pass": null,
            "all_metadata": {
              "User": "jaideep.joshi"
            },
            "all_tags": [],
            "availability_zone": "nova",
            "availability_zone_hints": null,
            "block_device": [
              {
                "boot_index": 0,
                "delete_on_termination": true,
                "destination_type": "volume",
                "device_type": "",
                "disk_bus": "",
                "guest_format": "",
                "source_type": "volume",
                "uuid": "6bb5cd53-d033-43e0-89c3-52392f625770",
                "volume_size": 0,
                "volume_type": ""
              },
              {
                "boot_index": 1,
                "delete_on_termination": true,
                "destination_type": "volume",
                "device_type": "",
                "disk_bus": "",
                "guest_format": "",
                "source_type": "volume",
                "uuid": "11c61872-2448-470c-8ef2-600c8e5b3edd",
                "volume_size": 0,
                "volume_type": ""
              },
              {
                "boot_index": 2,
                "delete_on_termination": true,
                "destination_type": "volume",
                "device_type": "",
                "disk_bus": "",
                "guest_format": "",
                "source_type": "volume",
                "uuid": "bd21fcd7-f22c-4d77-9a3a-ad43ea3053bf",
                "volume_size": 0,
                "volume_type": ""
              }
            ],
            "config_drive": null,
            "flavor_id": "7048aa88-72d7-4fc7-986d-1a436f56a20e",
            "flavor_name": "c1.8xlarge",
            "floating_ip": null,
            "force_delete": false,
            "id": "52ed7c24-e422-4960-a7d7-98a754bdacf6",
            "image_id": "Attempt to boot from volume - no image supplied",
            "image_name": null,
            "key_pair": "jai-ecp-demo-keypair",
            "metadata": {
              "User": "jaideep.joshi"
            },
            "name": "jai-ecp-demo-k8sdfworker-5",
            "network": [
              {
                "access_network": false,
                "fixed_ip_v4": "192.168.206.251",
                "fixed_ip_v6": "",
                "floating_ip": "",
                "mac": "fa:16:3e:b9:16:f1",
                "name": "jai-ecp-demo-vpc",
                "port": "",
                "uuid": "9db3d4b8-2b4a-423e-8a35-d0365164d5c1"
              }
            ],
            "network_mode": null,
            "personality": [],
            "power_state": "active",
            "region": "us-east-1",
            "scheduler_hints": [],
            "security_groups": [
              "jai-ecp-demo-secgroup"
            ],
            "stop_before_destroy": false,
            "tags": null,
            "timeouts": null,
            "user_data": "7ca06bf4c6b579bb8d99c73cfecb148fb2284e5d",
            "vendor_options": [],
            "volume": []
          },
          "sensitive_attributes": [],
          "private": "eyJlMmJmYjczMC1lY2FhLTExZTYtOGY4OC0zNDM2M2JjN2M0YzAiOnsiY3JlYXRlIjoxODAwMDAwMDAwMDAwLCJkZWxldGUiOjE4MDAwMDAwMDAwMDAsInVwZGF0ZSI6MTgwMDAwMDAwMDAwMH19",
          "dependencies": [
            "data.template_file.cloud-config-master",
            "openstack_blockstorage_volume_v3.demo-k8sdfworker-sda",
            "openstack_blockstorage_volume_v3.demo-k8sdfworker-sdb",
            "openstack_blockstorage_volume_v3.demo-k8sdfworker-sdc",
            "openstack_compute_keypair_v2.demo-keypair",
            "openstack_networking_network_v2.demo-network",
            "openstack_networking_secgroup_v2.demo-secgroup",
            "openstack_networking_subnet_v2.demo-subnet"
          ]
        }
      ]
    },
    {
      "mode": "managed",
      "type": "openstack_compute_instance_v2",
      "name": "demo-k8smlopsworker",
      "provider": "provider[\"registry.terraform.io/terraform-provider-openstack/openstack\"]",
      "instances": [
        {
          "index_key": 0,
          "schema_version": 0,
          "attributes": {
            "access_ip_v4": "192.168.206.84",
            "access_ip_v6": "",
            "admin_pass": null,
            "all_metadata": {
              "User": "jaideep.joshi"
            },
            "all_tags": [],
            "availability_zone": "nova",
            "availability_zone_hints": null,
            "block_device": [
              {
                "boot_index": 0,
                "delete_on_termination": true,
                "destination_type": "volume",
                "device_type": "",
                "disk_bus": "",
                "guest_format": "",
                "source_type": "volume",
                "uuid": "7f9d55bb-eb3d-41d4-a897-68f86cb83e01",
                "volume_size": 0,
                "volume_type": ""
              },
              {
                "boot_index": 1,
                "delete_on_termination": true,
                "destination_type": "volume",
                "device_type": "",
                "disk_bus": "",
                "guest_format": "",
                "source_type": "volume",
                "uuid": "7bd74cb0-5dc3-4ec9-b657-5e56bac1e596",
                "volume_size": 0,
                "volume_type": ""
              },
              {
                "boot_index": 2,
                "delete_on_termination": true,
                "destination_type": "volume",
                "device_type": "",
                "disk_bus": "",
                "guest_format": "",
                "source_type": "volume",
                "uuid": "edb4511e-667c-4bd3-84b0-9d8828fe0853",
                "volume_size": 0,
                "volume_type": ""
              }
            ],
            "config_drive": null,
            "flavor_id": "74cbdb44-432d-476a-9e31-10ce9a16e8f6",
            "flavor_name": "t1.xlarge",
            "floating_ip": null,
            "force_delete": false,
            "id": "25210b3d-617f-4e54-9e86-2048120b1b2c",
            "image_id": "Attempt to boot from volume - no image supplied",
            "image_name": null,
            "key_pair": "jai-ecp-demo-keypair",
            "metadata": {
              "User": "jaideep.joshi"
            },
            "name": "jai-ecp-demo-k8smlopsworker-1",
            "network": [
              {
                "access_network": false,
                "fixed_ip_v4": "192.168.206.84",
                "fixed_ip_v6": "",
                "floating_ip": "",
                "mac": "fa:16:3e:05:1a:c3",
                "name": "jai-ecp-demo-vpc",
                "port": "",
                "uuid": "9db3d4b8-2b4a-423e-8a35-d0365164d5c1"
              }
            ],
            "network_mode": null,
            "personality": [],
            "power_state": "active",
            "region": "us-east-1",
            "scheduler_hints": [],
            "security_groups": [
              "jai-ecp-demo-secgroup"
            ],
            "stop_before_destroy": false,
            "tags": null,
            "timeouts": null,
            "user_data": "7ca06bf4c6b579bb8d99c73cfecb148fb2284e5d",
            "vendor_options": [],
            "volume": []
          },
          "sensitive_attributes": [],
          "private": "eyJlMmJmYjczMC1lY2FhLTExZTYtOGY4OC0zNDM2M2JjN2M0YzAiOnsiY3JlYXRlIjoxODAwMDAwMDAwMDAwLCJkZWxldGUiOjE4MDAwMDAwMDAwMDAsInVwZGF0ZSI6MTgwMDAwMDAwMDAwMH19",
          "dependencies": [
            "data.template_file.cloud-config-master",
            "openstack_blockstorage_volume_v3.demo-k8smlopsworker-sda",
            "openstack_blockstorage_volume_v3.demo-k8smlopsworker-sdb",
            "openstack_blockstorage_volume_v3.demo-k8smlopsworker-sdc",
            "openstack_compute_keypair_v2.demo-keypair",
            "openstack_networking_network_v2.demo-network",
            "openstack_networking_secgroup_v2.demo-secgroup",
            "openstack_networking_subnet_v2.demo-subnet"
          ]
        },
        {
          "index_key": 1,
          "schema_version": 0,
          "attributes": {
            "access_ip_v4": "192.168.206.34",
            "access_ip_v6": "",
            "admin_pass": null,
            "all_metadata": {
              "User": "jaideep.joshi"
            },
            "all_tags": [],
            "availability_zone": "nova",
            "availability_zone_hints": null,
            "block_device": [
              {
                "boot_index": 0,
                "delete_on_termination": true,
                "destination_type": "volume",
                "device_type": "",
                "disk_bus": "",
                "guest_format": "",
                "source_type": "volume",
                "uuid": "116f3684-ff37-4947-89be-81e54ccba454",
                "volume_size": 0,
                "volume_type": ""
              },
              {
                "boot_index": 1,
                "delete_on_termination": true,
                "destination_type": "volume",
                "device_type": "",
                "disk_bus": "",
                "guest_format": "",
                "source_type": "volume",
                "uuid": "f5576cd0-7abc-44cf-8780-09964b6cf176",
                "volume_size": 0,
                "volume_type": ""
              },
              {
                "boot_index": 2,
                "delete_on_termination": true,
                "destination_type": "volume",
                "device_type": "",
                "disk_bus": "",
                "guest_format": "",
                "source_type": "volume",
                "uuid": "a9a07742-83c8-4ed4-8b33-fe5f78c754f1",
                "volume_size": 0,
                "volume_type": ""
              }
            ],
            "config_drive": null,
            "flavor_id": "74cbdb44-432d-476a-9e31-10ce9a16e8f6",
            "flavor_name": "t1.xlarge",
            "floating_ip": null,
            "force_delete": false,
            "id": "0587c2c8-f119-4a20-9daa-afcade760ac2",
            "image_id": "Attempt to boot from volume - no image supplied",
            "image_name": null,
            "key_pair": "jai-ecp-demo-keypair",
            "metadata": {
              "User": "jaideep.joshi"
            },
            "name": "jai-ecp-demo-k8smlopsworker-2",
            "network": [
              {
                "access_network": false,
                "fixed_ip_v4": "192.168.206.34",
                "fixed_ip_v6": "",
                "floating_ip": "",
                "mac": "fa:16:3e:48:30:1d",
                "name": "jai-ecp-demo-vpc",
                "port": "",
                "uuid": "9db3d4b8-2b4a-423e-8a35-d0365164d5c1"
              }
            ],
            "network_mode": null,
            "personality": [],
            "power_state": "active",
            "region": "us-east-1",
            "scheduler_hints": [],
            "security_groups": [
              "jai-ecp-demo-secgroup"
            ],
            "stop_before_destroy": false,
            "tags": null,
            "timeouts": null,
            "user_data": "7ca06bf4c6b579bb8d99c73cfecb148fb2284e5d",
            "vendor_options": [],
            "volume": []
          },
          "sensitive_attributes": [],
          "private": "eyJlMmJmYjczMC1lY2FhLTExZTYtOGY4OC0zNDM2M2JjN2M0YzAiOnsiY3JlYXRlIjoxODAwMDAwMDAwMDAwLCJkZWxldGUiOjE4MDAwMDAwMDAwMDAsInVwZGF0ZSI6MTgwMDAwMDAwMDAwMH19",
          "dependencies": [
            "data.template_file.cloud-config-master",
            "openstack_blockstorage_volume_v3.demo-k8smlopsworker-sda",
            "openstack_blockstorage_volume_v3.demo-k8smlopsworker-sdb",
            "openstack_blockstorage_volume_v3.demo-k8smlopsworker-sdc",
            "openstack_compute_keypair_v2.demo-keypair",
            "openstack_networking_network_v2.demo-network",
            "openstack_networking_secgroup_v2.demo-secgroup",
            "openstack_networking_subnet_v2.demo-subnet"
          ]
        },
        {
          "index_key": 2,
          "schema_version": 0,
          "attributes": {
            "access_ip_v4": "192.168.206.112",
            "access_ip_v6": "",
            "admin_pass": null,
            "all_metadata": {
              "User": "jaideep.joshi"
            },
            "all_tags": [],
            "availability_zone": "nova",
            "availability_zone_hints": null,
            "block_device": [
              {
                "boot_index": 0,
                "delete_on_termination": true,
                "destination_type": "volume",
                "device_type": "",
                "disk_bus": "",
                "guest_format": "",
                "source_type": "volume",
                "uuid": "903db3da-ee4e-4f39-a904-fbe7f03e3870",
                "volume_size": 0,
                "volume_type": ""
              },
              {
                "boot_index": 1,
                "delete_on_termination": true,
                "destination_type": "volume",
                "device_type": "",
                "disk_bus": "",
                "guest_format": "",
                "source_type": "volume",
                "uuid": "a7ac49ed-a802-46f8-9be4-3c9a33511c98",
                "volume_size": 0,
                "volume_type": ""
              },
              {
                "boot_index": 2,
                "delete_on_termination": true,
                "destination_type": "volume",
                "device_type": "",
                "disk_bus": "",
                "guest_format": "",
                "source_type": "volume",
                "uuid": "1843259d-5b21-487f-b23b-5446a5921270",
                "volume_size": 0,
                "volume_type": ""
              }
            ],
            "config_drive": null,
            "flavor_id": "74cbdb44-432d-476a-9e31-10ce9a16e8f6",
            "flavor_name": "t1.xlarge",
            "floating_ip": null,
            "force_delete": false,
            "id": "90cc925c-f979-4a7c-b9b2-939412abc22d",
            "image_id": "Attempt to boot from volume - no image supplied",
            "image_name": null,
            "key_pair": "jai-ecp-demo-keypair",
            "metadata": {
              "User": "jaideep.joshi"
            },
            "name": "jai-ecp-demo-k8smlopsworker-3",
            "network": [
              {
                "access_network": false,
                "fixed_ip_v4": "192.168.206.112",
                "fixed_ip_v6": "",
                "floating_ip": "",
                "mac": "fa:16:3e:7a:c3:4a",
                "name": "jai-ecp-demo-vpc",
                "port": "",
                "uuid": "9db3d4b8-2b4a-423e-8a35-d0365164d5c1"
              }
            ],
            "network_mode": null,
            "personality": [],
            "power_state": "active",
            "region": "us-east-1",
            "scheduler_hints": [],
            "security_groups": [
              "jai-ecp-demo-secgroup"
            ],
            "stop_before_destroy": false,
            "tags": null,
            "timeouts": null,
            "user_data": "7ca06bf4c6b579bb8d99c73cfecb148fb2284e5d",
            "vendor_options": [],
            "volume": []
          },
          "sensitive_attributes": [],
          "private": "eyJlMmJmYjczMC1lY2FhLTExZTYtOGY4OC0zNDM2M2JjN2M0YzAiOnsiY3JlYXRlIjoxODAwMDAwMDAwMDAwLCJkZWxldGUiOjE4MDAwMDAwMDAwMDAsInVwZGF0ZSI6MTgwMDAwMDAwMDAwMH19",
          "dependencies": [
            "data.template_file.cloud-config-master",
            "openstack_blockstorage_volume_v3.demo-k8smlopsworker-sda",
            "openstack_blockstorage_volume_v3.demo-k8smlopsworker-sdb",
            "openstack_blockstorage_volume_v3.demo-k8smlopsworker-sdc",
            "openstack_compute_keypair_v2.demo-keypair",
            "openstack_networking_network_v2.demo-network",
            "openstack_networking_secgroup_v2.demo-secgroup",
            "openstack_networking_subnet_v2.demo-subnet"
          ]
        }
      ]
    },
    {
      "mode": "managed",
      "type": "openstack_compute_instance_v2",
      "name": "demo-vpnserver",
      "provider": "provider[\"registry.terraform.io/terraform-provider-openstack/openstack\"]",
      "instances": [
        {
          "index_key": 0,
          "schema_version": 0,
          "attributes": {
            "access_ip_v4": "192.168.206.55",
            "access_ip_v6": "",
            "admin_pass": null,
            "all_metadata": {
              "User": "jaideep.joshi"
            },
            "all_tags": [],
            "availability_zone": "nova",
            "availability_zone_hints": null,
            "block_device": [
              {
                "boot_index": 0,
                "delete_on_termination": true,
                "destination_type": "volume",
                "device_type": "",
                "disk_bus": "",
                "guest_format": "",
                "source_type": "volume",
                "uuid": "9efc4b3b-2a1a-44be-9d37-8537f5062e3f",
                "volume_size": 0,
                "volume_type": ""
              }
            ],
            "config_drive": null,
            "flavor_id": "cd079ae6-daef-4ff3-99cb-cafd3ca4226e",
            "flavor_name": "t1.small",
            "floating_ip": null,
            "force_delete": false,
            "id": "976ae205-78dc-4fe1-8f6b-a2e1b22e8aff",
            "image_id": "Attempt to boot from volume - no image supplied",
            "image_name": null,
            "key_pair": "jai-ecp-demo-keypair",
            "metadata": {
              "User": "jaideep.joshi"
            },
            "name": "jai-ecp-demo-vpnserver",
            "network": [
              {
                "access_network": false,
                "fixed_ip_v4": "192.168.206.55",
                "fixed_ip_v6": "",
                "floating_ip": "",
                "mac": "fa:16:3e:7c:f4:a4",
                "name": "jai-ecp-demo-vpc",
                "port": "",
                "uuid": "9db3d4b8-2b4a-423e-8a35-d0365164d5c1"
              }
            ],
            "network_mode": null,
            "personality": [],
            "power_state": "active",
            "region": "us-east-1",
            "scheduler_hints": [],
            "security_groups": [
              "jai-ecp-demo-secgroup"
            ],
            "stop_before_destroy": false,
            "tags": null,
            "timeouts": null,
            "user_data": null,
            "vendor_options": [],
            "volume": []
          },
          "sensitive_attributes": [],
          "private": "eyJlMmJmYjczMC1lY2FhLTExZTYtOGY4OC0zNDM2M2JjN2M0YzAiOnsiY3JlYXRlIjoxODAwMDAwMDAwMDAwLCJkZWxldGUiOjE4MDAwMDAwMDAwMDAsInVwZGF0ZSI6MTgwMDAwMDAwMDAwMH19",
          "dependencies": [
            "openstack_blockstorage_volume_v3.demo-vpnserver-sda",
            "openstack_compute_keypair_v2.demo-keypair",
            "openstack_networking_network_v2.demo-network",
            "openstack_networking_secgroup_v2.demo-secgroup"
          ]
        }
      ]
    },
    {
      "mode": "managed",
      "type": "openstack_compute_keypair_v2",
      "name": "demo-keypair",
      "provider": "provider[\"registry.terraform.io/terraform-provider-openstack/openstack\"]",
      "instances": [
        {
          "schema_version": 0,
          "attributes": {
            "fingerprint": "f2:e4:30:51:e2:dc:46:71:88:3b:ba:4f:db:48:d8:2a",
            "id": "jai-ecp-demo-keypair",
            "name": "jai-ecp-demo-keypair",
            "private_key": "",
            "public_key": "ssh-rsa AAAAB3NzaC1yc2EAAAADAQABAAABgQDNprdejJnBUZ1Q0k6S5qXOBiL2mROWJoc8Iz29CD5NMOqxNrfXjFDnqFH9mdGGhlsx/aRSla9yOQp1O33DpdE+YJkfvrNqU+HmFOUwBWyFnzJ8Pyw8VLqDxv7QbRItaLB0rUyYuicTRqa4Xvvs8r6KtaB3N/XJBcYXLrAzl4UeQy799JIlrvS0yAz+zJbZA2TPPsQH6PLydHDBQsNObdHfQvF+b1XVNNETri+xZm7mpqjK64H8mvoNkH7jpjrNCf66TjW9mn+ayqBStcNQ8WLy05sMB7Z3BlM85RrnI648nK7+1mYYQ7/EMYPp7JIJ3KHx6qNUs1fmNH2nJjPKv9D0u7hCsaBhlEutrDkXUzwLmnJnh/L1ISyKnC4vUbOkRXhKi+LM0C3yupKZanSVLTOWACxWZ17jJBQOyuWmvfovNCX06xc1FbyLWlKPOGfL855QKaecJLcaZhzEmmo1Ifh5j+HpJybOvB9A/+UPzZs5sgdqoOLufEDzvOjFteoCb1c= jaideepjoshi@Jaideeps-MacBook-Pro-2.local\n",
            "region": "us-east-1",
            "value_specs": null
          },
          "sensitive_attributes": [],
          "private": "bnVsbA=="
        }
      ]
    },
    {
      "mode": "managed",
      "type": "openstack_networking_floatingip_v2",
      "name": "demo-vpnserver-ip",
      "provider": "provider[\"registry.terraform.io/terraform-provider-openstack/openstack\"]",
      "instances": [
        {
          "schema_version": 0,
          "attributes": {
            "address": "74.201.182.206",
            "all_tags": [],
            "description": "",
            "dns_domain": "",
            "dns_name": "",
            "fixed_ip": "",
            "id": "ef2e9b29-c5fa-4ea7-8c93-ce645a36bc55",
            "pool": "external-floating-ips",
            "port_id": "",
            "region": "us-east-1",
            "subnet_id": null,
            "tags": null,
            "tenant_id": "733021daee244346a5b662f36b6c90e4",
            "timeouts": null,
            "value_specs": null
          },
          "sensitive_attributes": [],
          "private": "eyJlMmJmYjczMC1lY2FhLTExZTYtOGY4OC0zNDM2M2JjN2M0YzAiOnsiY3JlYXRlIjo2MDAwMDAwMDAwMDAsImRlbGV0ZSI6NjAwMDAwMDAwMDAwfX0="
        }
      ]
    },
    {
      "mode": "managed",
      "type": "openstack_networking_network_v2",
      "name": "demo-network",
      "provider": "provider[\"registry.terraform.io/terraform-provider-openstack/openstack\"]",
      "instances": [
        {
          "schema_version": 0,
          "attributes": {
            "admin_state_up": true,
            "all_tags": [],
            "availability_zone_hints": [],
            "description": "",
            "dns_domain": "",
            "external": false,
            "id": "9db3d4b8-2b4a-423e-8a35-d0365164d5c1",
            "mtu": 8950,
            "name": "jai-ecp-demo-vpc",
            "port_security_enabled": true,
            "qos_policy_id": "",
            "region": "us-east-1",
            "segments": [],
            "shared": false,
            "tags": null,
            "tenant_id": "733021daee244346a5b662f36b6c90e4",
            "timeouts": null,
            "transparent_vlan": false,
            "value_specs": null
          },
          "sensitive_attributes": [],
          "private": "eyJlMmJmYjczMC1lY2FhLTExZTYtOGY4OC0zNDM2M2JjN2M0YzAiOnsiY3JlYXRlIjo2MDAwMDAwMDAwMDAsImRlbGV0ZSI6NjAwMDAwMDAwMDAwfX0="
        }
      ]
    },
    {
      "mode": "managed",
      "type": "openstack_networking_router_interface_v2",
      "name": "router_interface_1",
      "provider": "provider[\"registry.terraform.io/terraform-provider-openstack/openstack\"]",
      "instances": [
        {
          "schema_version": 0,
          "attributes": {
            "id": "20bc543c-a221-4351-943b-3f23278f52c4",
            "port_id": "20bc543c-a221-4351-943b-3f23278f52c4",
            "region": "us-east-1",
            "router_id": "9c39cc56-5196-4730-aae8-b32244f6b693",
            "subnet_id": "fabf9d95-060c-4ad3-9591-5f620c24972a",
            "timeouts": null
          },
          "sensitive_attributes": [],
          "private": "eyJlMmJmYjczMC1lY2FhLTExZTYtOGY4OC0zNDM2M2JjN2M0YzAiOnsiY3JlYXRlIjo2MDAwMDAwMDAwMDAsImRlbGV0ZSI6NjAwMDAwMDAwMDAwfX0=",
          "dependencies": [
            "data.openstack_networking_network_v2.external_network",
            "openstack_networking_network_v2.demo-network",
            "openstack_networking_router_v2.demo-router",
            "openstack_networking_subnet_v2.demo-subnet"
          ]
        }
      ]
    },
    {
      "mode": "managed",
      "type": "openstack_networking_router_v2",
      "name": "demo-router",
      "provider": "provider[\"registry.terraform.io/terraform-provider-openstack/openstack\"]",
      "instances": [
        {
          "schema_version": 0,
          "attributes": {
            "admin_state_up": true,
            "all_tags": [],
            "availability_zone_hints": [],
            "description": "",
            "distributed": false,
            "enable_snat": true,
            "external_fixed_ip": [
              {
                "ip_address": "74.201.182.233",
                "subnet_id": "ac201266-3f61-40a3-9c0d-d0fbb8fe908c"
              }
            ],
            "external_gateway": "b1d68e5d-1be9-4d04-a5fa-b5c63a1f84a3",
            "external_network_id": "b1d68e5d-1be9-4d04-a5fa-b5c63a1f84a3",
            "id": "9c39cc56-5196-4730-aae8-b32244f6b693",
            "name": "jai-ecp-demo-router",
            "region": "us-east-1",
            "tags": null,
            "tenant_id": "733021daee244346a5b662f36b6c90e4",
            "timeouts": null,
            "value_specs": null,
            "vendor_options": []
          },
          "sensitive_attributes": [],
          "private": "eyJlMmJmYjczMC1lY2FhLTExZTYtOGY4OC0zNDM2M2JjN2M0YzAiOnsiY3JlYXRlIjo2MDAwMDAwMDAwMDAsImRlbGV0ZSI6NjAwMDAwMDAwMDAwfX0=",
          "dependencies": [
            "data.openstack_networking_network_v2.external_network"
          ]
        }
      ]
    },
    {
      "mode": "managed",
      "type": "openstack_networking_secgroup_rule_v2",
      "name": "http",
      "provider": "provider[\"registry.terraform.io/terraform-provider-openstack/openstack\"]",
      "instances": [
        {
          "schema_version": 0,
          "attributes": {
            "description": "",
            "direction": "ingress",
            "ethertype": "IPv4",
            "id": "66cd9751-75ad-475f-a1d8-9089e96ea939",
            "port_range_max": 80,
            "port_range_min": 80,
            "protocol": "tcp",
            "region": "us-east-1",
            "remote_group_id": "",
            "remote_ip_prefix": "",
            "security_group_id": "b23b1d6c-e0ed-4d1e-bba3-096618d4dd06",
            "tenant_id": "733021daee244346a5b662f36b6c90e4",
            "timeouts": null
          },
          "sensitive_attributes": [],
          "private": "eyJlMmJmYjczMC1lY2FhLTExZTYtOGY4OC0zNDM2M2JjN2M0YzAiOnsiZGVsZXRlIjo2MDAwMDAwMDAwMDB9fQ==",
          "dependencies": [
            "openstack_networking_secgroup_v2.demo-secgroup"
          ]
        }
      ]
    },
    {
      "mode": "managed",
      "type": "openstack_networking_secgroup_rule_v2",
      "name": "https",
      "provider": "provider[\"registry.terraform.io/terraform-provider-openstack/openstack\"]",
      "instances": [
        {
          "schema_version": 0,
          "attributes": {
            "description": "",
            "direction": "ingress",
            "ethertype": "IPv4",
            "id": "463964c5-6fa2-4b4d-8bfd-8cfeb19dcf94",
            "port_range_max": 443,
            "port_range_min": 443,
            "protocol": "tcp",
            "region": "us-east-1",
            "remote_group_id": "",
            "remote_ip_prefix": "",
            "security_group_id": "b23b1d6c-e0ed-4d1e-bba3-096618d4dd06",
            "tenant_id": "733021daee244346a5b662f36b6c90e4",
            "timeouts": null
          },
          "sensitive_attributes": [],
          "private": "eyJlMmJmYjczMC1lY2FhLTExZTYtOGY4OC0zNDM2M2JjN2M0YzAiOnsiZGVsZXRlIjo2MDAwMDAwMDAwMDB9fQ==",
          "dependencies": [
            "openstack_networking_secgroup_v2.demo-secgroup"
          ]
        }
      ]
    },
    {
      "mode": "managed",
      "type": "openstack_networking_secgroup_rule_v2",
      "name": "icmp",
      "provider": "provider[\"registry.terraform.io/terraform-provider-openstack/openstack\"]",
      "instances": [
        {
          "schema_version": 0,
          "attributes": {
            "description": "",
            "direction": "ingress",
            "ethertype": "IPv4",
            "id": "779e0904-173f-492b-9192-6ea910afc949",
            "port_range_max": 0,
            "port_range_min": 0,
            "protocol": "icmp",
            "region": "us-east-1",
            "remote_group_id": "",
            "remote_ip_prefix": "",
            "security_group_id": "b23b1d6c-e0ed-4d1e-bba3-096618d4dd06",
            "tenant_id": "733021daee244346a5b662f36b6c90e4",
            "timeouts": null
          },
          "sensitive_attributes": [],
          "private": "eyJlMmJmYjczMC1lY2FhLTExZTYtOGY4OC0zNDM2M2JjN2M0YzAiOnsiZGVsZXRlIjo2MDAwMDAwMDAwMDB9fQ==",
          "dependencies": [
            "openstack_networking_secgroup_v2.demo-secgroup"
          ]
        }
      ]
    },
    {
      "mode": "managed",
      "type": "openstack_networking_secgroup_rule_v2",
      "name": "same_secgroup_ingress_tcp",
      "provider": "provider[\"registry.terraform.io/terraform-provider-openstack/openstack\"]",
      "instances": [
        {
          "schema_version": 0,
          "attributes": {
            "description": "",
            "direction": "ingress",
            "ethertype": "IPv4",
            "id": "13783411-2def-48d9-9135-ceee143cc2b3",
            "port_range_max": 0,
            "port_range_min": 0,
            "protocol": "tcp",
            "region": "us-east-1",
            "remote_group_id": "b23b1d6c-e0ed-4d1e-bba3-096618d4dd06",
            "remote_ip_prefix": "",
            "security_group_id": "b23b1d6c-e0ed-4d1e-bba3-096618d4dd06",
            "tenant_id": "733021daee244346a5b662f36b6c90e4",
            "timeouts": null
          },
          "sensitive_attributes": [],
          "private": "eyJlMmJmYjczMC1lY2FhLTExZTYtOGY4OC0zNDM2M2JjN2M0YzAiOnsiZGVsZXRlIjo2MDAwMDAwMDAwMDB9fQ==",
          "dependencies": [
            "openstack_networking_secgroup_v2.demo-secgroup"
          ]
        }
      ]
    },
    {
      "mode": "managed",
      "type": "openstack_networking_secgroup_rule_v2",
      "name": "same_secgroup_ingress_udp",
      "provider": "provider[\"registry.terraform.io/terraform-provider-openstack/openstack\"]",
      "instances": [
        {
          "schema_version": 0,
          "attributes": {
            "description": "",
            "direction": "ingress",
            "ethertype": "IPv4",
            "id": "25157a67-5e79-447c-8754-32072e154736",
            "port_range_max": 0,
            "port_range_min": 0,
            "protocol": "udp",
            "region": "us-east-1",
            "remote_group_id": "b23b1d6c-e0ed-4d1e-bba3-096618d4dd06",
            "remote_ip_prefix": "",
            "security_group_id": "b23b1d6c-e0ed-4d1e-bba3-096618d4dd06",
            "tenant_id": "733021daee244346a5b662f36b6c90e4",
            "timeouts": null
          },
          "sensitive_attributes": [],
          "private": "eyJlMmJmYjczMC1lY2FhLTExZTYtOGY4OC0zNDM2M2JjN2M0YzAiOnsiZGVsZXRlIjo2MDAwMDAwMDAwMDB9fQ==",
          "dependencies": [
            "openstack_networking_secgroup_v2.demo-secgroup"
          ]
        }
      ]
    },
    {
      "mode": "managed",
      "type": "openstack_networking_secgroup_rule_v2",
      "name": "ssh",
      "provider": "provider[\"registry.terraform.io/terraform-provider-openstack/openstack\"]",
      "instances": [
        {
          "schema_version": 0,
          "attributes": {
            "description": "",
            "direction": "ingress",
            "ethertype": "IPv4",
            "id": "09e6001b-7e83-4629-ad40-40bd539673b7",
            "port_range_max": 22,
            "port_range_min": 22,
            "protocol": "tcp",
            "region": "us-east-1",
            "remote_group_id": "",
            "remote_ip_prefix": "",
            "security_group_id": "b23b1d6c-e0ed-4d1e-bba3-096618d4dd06",
            "tenant_id": "733021daee244346a5b662f36b6c90e4",
            "timeouts": null
          },
          "sensitive_attributes": [],
          "private": "eyJlMmJmYjczMC1lY2FhLTExZTYtOGY4OC0zNDM2M2JjN2M0YzAiOnsiZGVsZXRlIjo2MDAwMDAwMDAwMDB9fQ==",
          "dependencies": [
            "openstack_networking_secgroup_v2.demo-secgroup"
          ]
        }
      ]
    },
    {
      "mode": "managed",
      "type": "openstack_networking_secgroup_rule_v2",
      "name": "tcp",
      "provider": "provider[\"registry.terraform.io/terraform-provider-openstack/openstack\"]",
      "instances": [
        {
          "schema_version": 0,
          "attributes": {
            "description": "",
            "direction": "ingress",
            "ethertype": "IPv4",
            "id": "889ca66a-1149-4daa-bafa-9ac9a320905e",
            "port_range_max": 943,
            "port_range_min": 943,
            "protocol": "tcp",
            "region": "us-east-1",
            "remote_group_id": "",
            "remote_ip_prefix": "",
            "security_group_id": "b23b1d6c-e0ed-4d1e-bba3-096618d4dd06",
            "tenant_id": "733021daee244346a5b662f36b6c90e4",
            "timeouts": null
          },
          "sensitive_attributes": [],
          "private": "eyJlMmJmYjczMC1lY2FhLTExZTYtOGY4OC0zNDM2M2JjN2M0YzAiOnsiZGVsZXRlIjo2MDAwMDAwMDAwMDB9fQ==",
          "dependencies": [
            "openstack_networking_secgroup_v2.demo-secgroup"
          ]
        }
      ]
    },
    {
      "mode": "managed",
      "type": "openstack_networking_secgroup_rule_v2",
      "name": "udp",
      "provider": "provider[\"registry.terraform.io/terraform-provider-openstack/openstack\"]",
      "instances": [
        {
          "schema_version": 0,
          "attributes": {
            "description": "",
            "direction": "ingress",
            "ethertype": "IPv4",
            "id": "215d77af-3612-405f-92aa-8fdbef4175e2",
            "port_range_max": 1194,
            "port_range_min": 1194,
            "protocol": "udp",
            "region": "us-east-1",
            "remote_group_id": "",
            "remote_ip_prefix": "",
            "security_group_id": "b23b1d6c-e0ed-4d1e-bba3-096618d4dd06",
            "tenant_id": "733021daee244346a5b662f36b6c90e4",
            "timeouts": null
          },
          "sensitive_attributes": [],
          "private": "eyJlMmJmYjczMC1lY2FhLTExZTYtOGY4OC0zNDM2M2JjN2M0YzAiOnsiZGVsZXRlIjo2MDAwMDAwMDAwMDB9fQ==",
          "dependencies": [
            "openstack_networking_secgroup_v2.demo-secgroup"
          ]
        }
      ]
    },
    {
      "mode": "managed",
      "type": "openstack_networking_secgroup_v2",
      "name": "demo-secgroup",
      "provider": "provider[\"registry.terraform.io/terraform-provider-openstack/openstack\"]",
      "instances": [
        {
          "schema_version": 0,
          "attributes": {
            "all_tags": [],
            "delete_default_rules": null,
            "description": "jai-ecp demo security group",
            "id": "b23b1d6c-e0ed-4d1e-bba3-096618d4dd06",
            "name": "jai-ecp-demo-secgroup",
            "region": "us-east-1",
            "tags": null,
            "tenant_id": "733021daee244346a5b662f36b6c90e4",
            "timeouts": null
          },
          "sensitive_attributes": [],
          "private": "eyJlMmJmYjczMC1lY2FhLTExZTYtOGY4OC0zNDM2M2JjN2M0YzAiOnsiZGVsZXRlIjo2MDAwMDAwMDAwMDB9fQ=="
        }
      ]
    },
    {
      "mode": "managed",
      "type": "openstack_networking_subnet_v2",
      "name": "demo-subnet",
      "provider": "provider[\"registry.terraform.io/terraform-provider-openstack/openstack\"]",
      "instances": [
        {
          "schema_version": 0,
          "attributes": {
            "all_tags": [],
            "allocation_pool": [
              {
                "end": "192.168.206.254",
                "start": "192.168.206.2"
              }
            ],
            "allocation_pools": [
              {
                "end": "192.168.206.254",
                "start": "192.168.206.2"
              }
            ],
            "cidr": "192.168.206.0/24",
            "description": "",
            "dns_nameservers": [
              "1.1.1.1",
              "1.0.0.1"
            ],
            "enable_dhcp": true,
            "gateway_ip": "192.168.206.1",
            "host_routes": [],
            "id": "fabf9d95-060c-4ad3-9591-5f620c24972a",
            "ip_version": 4,
            "ipv6_address_mode": "",
            "ipv6_ra_mode": "",
            "name": "jai-ecp-demo-subnet",
            "network_id": "9db3d4b8-2b4a-423e-8a35-d0365164d5c1",
            "no_gateway": false,
            "prefix_length": null,
            "region": "us-east-1",
            "subnetpool_id": "",
            "tags": null,
            "tenant_id": "733021daee244346a5b662f36b6c90e4",
            "timeouts": null,
            "value_specs": null
          },
          "sensitive_attributes": [],
          "private": "eyJlMmJmYjczMC1lY2FhLTExZTYtOGY4OC0zNDM2M2JjN2M0YzAiOnsiY3JlYXRlIjo2MDAwMDAwMDAwMDAsImRlbGV0ZSI6NjAwMDAwMDAwMDAwfX0=",
          "dependencies": [
            "openstack_networking_network_v2.demo-network"
          ]
        }
      ]
    }
  ]
}
